// !$*UTF8*$!
{
	archiveVersion = 1;
	classes = {
	};
	objectVersion = 52;
	objects = {

/* Begin PBXBuildFile section */
		6302763C1E787CE000A922B8 /* NotificationCenter.framework in Frameworks */ = {isa = PBXBuildFile; fileRef = 6348B1D31C4BF6AA00199EE5 /* NotificationCenter.framework */; };
		6302763D1E787ED700A922B8 /* NotificationCenter.framework in Frameworks */ = {isa = PBXBuildFile; fileRef = 6348B1D31C4BF6AA00199EE5 /* NotificationCenter.framework */; };
		630541D223536F7F00D673E6 /* Lightbox in Frameworks */ = {isa = PBXBuildFile; productRef = 630541D123536F7F00D673E6 /* Lightbox */; };
		630541D5235378BC00D673E6 /* Charts in Frameworks */ = {isa = PBXBuildFile; productRef = 630541D4235378BC00D673E6 /* Charts */; };
		63293720203F57CD00B83743 /* HistoryViewController.swift in Sources */ = {isa = PBXBuildFile; fileRef = 6329371F203F57CD00B83743 /* HistoryViewController.swift */; };
		63293724203F6D8D00B83743 /* DateFormatter.swift in Sources */ = {isa = PBXBuildFile; fileRef = 63293723203F6D8D00B83743 /* DateFormatter.swift */; };
		632965872040AC4D00F81E83 /* HistoryViewModel.swift in Sources */ = {isa = PBXBuildFile; fileRef = 632965862040AC4D00F81E83 /* HistoryViewModel.swift */; };
		6329658F2041633700F81E83 /* meteoTartuUnitTests.swift in Sources */ = {isa = PBXBuildFile; fileRef = 6329658E2041633700F81E83 /* meteoTartuUnitTests.swift */; };
		63296596204165BB00F81E83 /* HistoryViewModel.swift in Sources */ = {isa = PBXBuildFile; fileRef = 632965862040AC4D00F81E83 /* HistoryViewModel.swift */; };
		63296597204165C000F81E83 /* TartuWeatherViewModel.swift in Sources */ = {isa = PBXBuildFile; fileRef = 6341EAC61EF07B8800C3E8EA /* TartuWeatherViewModel.swift */; };
		632E9F70235648BD00361142 /* TartuWeatherProvider in Frameworks */ = {isa = PBXBuildFile; productRef = 632E9F6F235648BD00361142 /* TartuWeatherProvider */; };
		63330EB51DCF6FC0002194A3 /* meteoTartuUITests.swift in Sources */ = {isa = PBXBuildFile; fileRef = 63330EB41DCF6FC0002194A3 /* meteoTartuUITests.swift */; };
		633367DD1F6E78D8005AE02E /* MainInterface.storyboard in Resources */ = {isa = PBXBuildFile; fileRef = 6348B1D81C4BF6AA00199EE5 /* MainInterface.storyboard */; };
		6341EAC71EF07B8800C3E8EA /* TartuWeatherViewModel.swift in Sources */ = {isa = PBXBuildFile; fileRef = 6341EAC61EF07B8800C3E8EA /* TartuWeatherViewModel.swift */; };
		6341EACA1EF083C100C3E8EA /* TartuWeatherViewModel.swift in Sources */ = {isa = PBXBuildFile; fileRef = 6341EAC61EF07B8800C3E8EA /* TartuWeatherViewModel.swift */; };
		6341EACB1EF083C300C3E8EA /* TartuWeatherViewModel.swift in Sources */ = {isa = PBXBuildFile; fileRef = 6341EAC61EF07B8800C3E8EA /* TartuWeatherViewModel.swift */; };
		634266782356493300700E2C /* TartuWeatherProvider in Frameworks */ = {isa = PBXBuildFile; productRef = 634266772356493300700E2C /* TartuWeatherProvider */; };
		6342667A2356493A00700E2C /* TartuWeatherProvider in Frameworks */ = {isa = PBXBuildFile; productRef = 634266792356493A00700E2C /* TartuWeatherProvider */; };
		6342667C2356494100700E2C /* TartuWeatherProvider in Frameworks */ = {isa = PBXBuildFile; productRef = 6342667B2356494100700E2C /* TartuWeatherProvider */; };
		6342667E2356494900700E2C /* TartuWeatherProvider in Frameworks */ = {isa = PBXBuildFile; productRef = 6342667D2356494900700E2C /* TartuWeatherProvider */; };
		6348B1BC1C4BF55300199EE5 /* AppDelegate.swift in Sources */ = {isa = PBXBuildFile; fileRef = 6348B1BB1C4BF55300199EE5 /* AppDelegate.swift */; };
		6348B1C11C4BF55300199EE5 /* Main.storyboard in Resources */ = {isa = PBXBuildFile; fileRef = 6348B1BF1C4BF55300199EE5 /* Main.storyboard */; };
		6348B1C31C4BF55300199EE5 /* Assets.xcassets in Resources */ = {isa = PBXBuildFile; fileRef = 6348B1C21C4BF55300199EE5 /* Assets.xcassets */; };
		6348B1C61C4BF55300199EE5 /* LaunchScreen.storyboard in Resources */ = {isa = PBXBuildFile; fileRef = 6348B1C41C4BF55300199EE5 /* LaunchScreen.storyboard */; };
		6348B1D71C4BF6AA00199EE5 /* TodayViewController.swift in Sources */ = {isa = PBXBuildFile; fileRef = 6348B1D61C4BF6AA00199EE5 /* TodayViewController.swift */; };
		6348B1DA1C4BF6AA00199EE5 /* MainInterface.storyboard in Resources */ = {isa = PBXBuildFile; fileRef = 6348B1D81C4BF6AA00199EE5 /* MainInterface.storyboard */; };
		6348B1DE1C4BF6AA00199EE5 /* TartuWeatherWidget.appex in Embed App Extensions */ = {isa = PBXBuildFile; fileRef = 6348B1D11C4BF6AA00199EE5 /* TartuWeatherWidget.appex */; settings = {ATTRIBUTES = (RemoveHeadersOnCopy, ); }; };
		635860AE1E4767D5006E394D /* Interface.storyboard in Resources */ = {isa = PBXBuildFile; fileRef = 635860AC1E4767D5006E394D /* Interface.storyboard */; };
		635860B01E4767D5006E394D /* AssetsWatch.xcassets in Resources */ = {isa = PBXBuildFile; fileRef = 635860AF1E4767D5006E394D /* AssetsWatch.xcassets */; };
		635860B71E4767D6006E394D /* WatchApp Extension.appex in Embed App Extensions */ = {isa = PBXBuildFile; fileRef = 635860B61E4767D6006E394D /* WatchApp Extension.appex */; settings = {ATTRIBUTES = (RemoveHeadersOnCopy, ); }; };
		635860C01E4767D6006E394D /* ExtensionDelegate.swift in Sources */ = {isa = PBXBuildFile; fileRef = 635860BF1E4767D6006E394D /* ExtensionDelegate.swift */; };
		635860C41E4767D6006E394D /* Assets.xcassets in Resources */ = {isa = PBXBuildFile; fileRef = 635860C31E4767D6006E394D /* Assets.xcassets */; };
		635860C81E4767D6006E394D /* WatchApp.app in Embed Watch Content */ = {isa = PBXBuildFile; fileRef = 635860AA1E4767D5006E394D /* WatchApp.app */; };
		6358F8162300888300755FDF /* wind@3x.png in Resources */ = {isa = PBXBuildFile; fileRef = 6358F8132300888300755FDF /* wind@3x.png */; };
		6358F8172300888300755FDF /* wind@2x.png in Resources */ = {isa = PBXBuildFile; fileRef = 6358F8142300888300755FDF /* wind@2x.png */; };
		6358F8182300888300755FDF /* wind.png in Resources */ = {isa = PBXBuildFile; fileRef = 6358F8152300888300755FDF /* wind.png */; };
		6359125723005187002A377A /* SnapshotHelper.swift in Sources */ = {isa = PBXBuildFile; fileRef = 6359125623005187002A377A /* SnapshotHelper.swift */; };
		637094F7236D76120056EFAC /* UXTests.xctestplan in Resources */ = {isa = PBXBuildFile; fileRef = 637094F6236D76120056EFAC /* UXTests.xctestplan */; };
		637094F9236D761F0056EFAC /* TartuWeather.xctestplan in Resources */ = {isa = PBXBuildFile; fileRef = 637094F8236D761F0056EFAC /* TartuWeather.xctestplan */; };
		637A05672354E60200BBDEBA /* Kingfisher in Frameworks */ = {isa = PBXBuildFile; productRef = 637A05662354E60200BBDEBA /* Kingfisher */; };
		637A05692354E61500BBDEBA /* Kingfisher in Frameworks */ = {isa = PBXBuildFile; productRef = 637A05682354E61500BBDEBA /* Kingfisher */; };
		638F5EB72042C450005CE4A5 /* BalloonMarker.swift in Sources */ = {isa = PBXBuildFile; fileRef = 638F5EB62042C44F005CE4A5 /* BalloonMarker.swift */; };
		638F5EB92042C6B7005CE4A5 /* Extensions.swift in Sources */ = {isa = PBXBuildFile; fileRef = 638F5EB82042C6B7005CE4A5 /* Extensions.swift */; };
		638FFD3D234114D10079AA4B /* Constants.swift in Sources */ = {isa = PBXBuildFile; fileRef = 638FFD3C234114D10079AA4B /* Constants.swift */; };
		63A8D3C91F6ED7B4007480CC /* InterfaceController.swift in Sources */ = {isa = PBXBuildFile; fileRef = 635860BD1E4767D6006E394D /* InterfaceController.swift */; };
		63A8D3F91F6EF37D007480CC /* ShareViewController.swift in Sources */ = {isa = PBXBuildFile; fileRef = 63A8D3F81F6EF37D007480CC /* ShareViewController.swift */; };
		63A8D4001F6EF37D007480CC /* TartuWeatherShareExtension.appex in Embed App Extensions */ = {isa = PBXBuildFile; fileRef = 63A8D3F61F6EF37D007480CC /* TartuWeatherShareExtension.appex */; settings = {ATTRIBUTES = (RemoveHeadersOnCopy, ); }; };
		63AC5BAE1F6EF7E700701514 /* MainInterface.storyboard in Resources */ = {isa = PBXBuildFile; fileRef = 63AC5BAD1F6EF7DD00701514 /* MainInterface.storyboard */; };
		63CD39422040A3D2000A7334 /* thermometer@3x.png in Resources */ = {isa = PBXBuildFile; fileRef = 63CD393F2040A3D2000A7334 /* thermometer@3x.png */; };
		63CD39432040A3D2000A7334 /* thermometer.png in Resources */ = {isa = PBXBuildFile; fileRef = 63CD39402040A3D2000A7334 /* thermometer.png */; };
		63CD39442040A3D2000A7334 /* thermometer@2x.png in Resources */ = {isa = PBXBuildFile; fileRef = 63CD39412040A3D2000A7334 /* thermometer@2x.png */; };
		63F0BA75236CC6DC00ED7911 /* TartuWeatherProvider in Frameworks */ = {isa = PBXBuildFile; productRef = 63F0BA74236CC6DC00ED7911 /* TartuWeatherProvider */; };
		63F0BA77236CC74500ED7911 /* UIKit.framework in Frameworks */ = {isa = PBXBuildFile; fileRef = 63F0BA76236CC74500ED7911 /* UIKit.framework */; };
		63F54EAA21BD52D700A44EF5 /* SiriIntents.intentdefinition in Sources */ = {isa = PBXBuildFile; fileRef = 63F54EA921BD52D700A44EF5 /* SiriIntents.intentdefinition */; };
		63F54EB221BD62DA00A44EF5 /* IntentHandler.swift in Sources */ = {isa = PBXBuildFile; fileRef = 63F54EB121BD62DA00A44EF5 /* IntentHandler.swift */; };
		63F54EB621BD62DA00A44EF5 /* TemperatureIntents.appex in Embed App Extensions */ = {isa = PBXBuildFile; fileRef = 63F54EAF21BD62DA00A44EF5 /* TemperatureIntents.appex */; settings = {ATTRIBUTES = (RemoveHeadersOnCopy, ); }; };
		63F54EBA21BD62FC00A44EF5 /* SiriIntents.intentdefinition in Sources */ = {isa = PBXBuildFile; fileRef = 63F54EA921BD52D700A44EF5 /* SiriIntents.intentdefinition */; settings = {ATTRIBUTES = (codegen, ); }; };
		63F54EBD21BD74FD00A44EF5 /* NowViewController.swift in Sources */ = {isa = PBXBuildFile; fileRef = 63F54EBC21BD74FD00A44EF5 /* NowViewController.swift */; };
/* End PBXBuildFile section */

/* Begin PBXContainerItemProxy section */
		632965912041633700F81E83 /* PBXContainerItemProxy */ = {
			isa = PBXContainerItemProxy;
			containerPortal = 6348B1B01C4BF55300199EE5 /* Project object */;
			proxyType = 1;
			remoteGlobalIDString = 6348B1B71C4BF55300199EE5;
			remoteInfo = TartuWeather;
		};
		63330EB71DCF6FC0002194A3 /* PBXContainerItemProxy */ = {
			isa = PBXContainerItemProxy;
			containerPortal = 6348B1B01C4BF55300199EE5 /* Project object */;
			proxyType = 1;
			remoteGlobalIDString = 6348B1B71C4BF55300199EE5;
			remoteInfo = TartuWeather;
		};
		6348B1DC1C4BF6AA00199EE5 /* PBXContainerItemProxy */ = {
			isa = PBXContainerItemProxy;
			containerPortal = 6348B1B01C4BF55300199EE5 /* Project object */;
			proxyType = 1;
			remoteGlobalIDString = 6348B1D01C4BF6AA00199EE5;
			remoteInfo = TartuWeatherWidget;
		};
		635860B81E4767D6006E394D /* PBXContainerItemProxy */ = {
			isa = PBXContainerItemProxy;
			containerPortal = 6348B1B01C4BF55300199EE5 /* Project object */;
			proxyType = 1;
			remoteGlobalIDString = 635860B51E4767D6006E394D;
			remoteInfo = "WatchApp Extension";
		};
		635860C61E4767D6006E394D /* PBXContainerItemProxy */ = {
			isa = PBXContainerItemProxy;
			containerPortal = 6348B1B01C4BF55300199EE5 /* Project object */;
			proxyType = 1;
			remoteGlobalIDString = 635860A91E4767D5006E394D;
			remoteInfo = WatchApp;
		};
		63A8D3FE1F6EF37D007480CC /* PBXContainerItemProxy */ = {
			isa = PBXContainerItemProxy;
			containerPortal = 6348B1B01C4BF55300199EE5 /* Project object */;
			proxyType = 1;
			remoteGlobalIDString = 63A8D3F51F6EF37D007480CC;
			remoteInfo = TartuWeatherShareExtension;
		};
		63F54EB421BD62DA00A44EF5 /* PBXContainerItemProxy */ = {
			isa = PBXContainerItemProxy;
			containerPortal = 6348B1B01C4BF55300199EE5 /* Project object */;
			proxyType = 1;
			remoteGlobalIDString = 63F54EAE21BD62DA00A44EF5;
			remoteInfo = TemperatureIntents;
		};
/* End PBXContainerItemProxy section */

/* Begin PBXCopyFilesBuildPhase section */
		6348B1E21C4BF6AA00199EE5 /* Embed App Extensions */ = {
			isa = PBXCopyFilesBuildPhase;
			buildActionMask = 2147483647;
			dstPath = "";
			dstSubfolderSpec = 13;
			files = (
				63A8D4001F6EF37D007480CC /* TartuWeatherShareExtension.appex in Embed App Extensions */,
				6348B1DE1C4BF6AA00199EE5 /* TartuWeatherWidget.appex in Embed App Extensions */,
				63F54EB621BD62DA00A44EF5 /* TemperatureIntents.appex in Embed App Extensions */,
			);
			name = "Embed App Extensions";
			runOnlyForDeploymentPostprocessing = 0;
		};
		6348B1E61C4BF6C100199EE5 /* Embed Frameworks */ = {
			isa = PBXCopyFilesBuildPhase;
			buildActionMask = 2147483647;
			dstPath = "";
			dstSubfolderSpec = 10;
			files = (
			);
			name = "Embed Frameworks";
			runOnlyForDeploymentPostprocessing = 0;
		};
		635860CE1E4767D6006E394D /* Embed App Extensions */ = {
			isa = PBXCopyFilesBuildPhase;
			buildActionMask = 2147483647;
			dstPath = "";
			dstSubfolderSpec = 13;
			files = (
				635860B71E4767D6006E394D /* WatchApp Extension.appex in Embed App Extensions */,
			);
			name = "Embed App Extensions";
			runOnlyForDeploymentPostprocessing = 0;
		};
		635860D01E4767D6006E394D /* Embed Watch Content */ = {
			isa = PBXCopyFilesBuildPhase;
			buildActionMask = 2147483647;
			dstPath = "$(CONTENTS_FOLDER_PATH)/Watch";
			dstSubfolderSpec = 16;
			files = (
				635860C81E4767D6006E394D /* WatchApp.app in Embed Watch Content */,
			);
			name = "Embed Watch Content";
			runOnlyForDeploymentPostprocessing = 0;
		};
/* End PBXCopyFilesBuildPhase section */

/* Begin PBXFileReference section */
		6329371F203F57CD00B83743 /* HistoryViewController.swift */ = {isa = PBXFileReference; lastKnownFileType = sourcecode.swift; path = HistoryViewController.swift; sourceTree = "<group>"; };
		63293723203F6D8D00B83743 /* DateFormatter.swift */ = {isa = PBXFileReference; lastKnownFileType = sourcecode.swift; path = DateFormatter.swift; sourceTree = "<group>"; };
		632965862040AC4D00F81E83 /* HistoryViewModel.swift */ = {isa = PBXFileReference; lastKnownFileType = sourcecode.swift; path = HistoryViewModel.swift; sourceTree = "<group>"; };
		6329658C2041633700F81E83 /* meteoTartuUnitTests.xctest */ = {isa = PBXFileReference; explicitFileType = wrapper.cfbundle; includeInIndex = 0; path = meteoTartuUnitTests.xctest; sourceTree = BUILT_PRODUCTS_DIR; };
		6329658E2041633700F81E83 /* meteoTartuUnitTests.swift */ = {isa = PBXFileReference; lastKnownFileType = sourcecode.swift; path = meteoTartuUnitTests.swift; sourceTree = "<group>"; };
		632965902041633700F81E83 /* Info.plist */ = {isa = PBXFileReference; lastKnownFileType = text.plist.xml; path = Info.plist; sourceTree = "<group>"; };
		63330EB21DCF6FBF002194A3 /* meteoTartuUITests.xctest */ = {isa = PBXFileReference; explicitFileType = wrapper.cfbundle; includeInIndex = 0; path = meteoTartuUITests.xctest; sourceTree = BUILT_PRODUCTS_DIR; };
		63330EB41DCF6FC0002194A3 /* meteoTartuUITests.swift */ = {isa = PBXFileReference; lastKnownFileType = sourcecode.swift; path = meteoTartuUITests.swift; sourceTree = "<group>"; };
		63330EB61DCF6FC0002194A3 /* Info.plist */ = {isa = PBXFileReference; lastKnownFileType = text.plist.xml; path = Info.plist; sourceTree = "<group>"; };
		6341EAC61EF07B8800C3E8EA /* TartuWeatherViewModel.swift */ = {isa = PBXFileReference; fileEncoding = 4; lastKnownFileType = sourcecode.swift; path = TartuWeatherViewModel.swift; sourceTree = "<group>"; };
		6348B1B81C4BF55300199EE5 /* TartuWeather.app */ = {isa = PBXFileReference; explicitFileType = wrapper.application; includeInIndex = 0; path = TartuWeather.app; sourceTree = BUILT_PRODUCTS_DIR; };
		6348B1BB1C4BF55300199EE5 /* AppDelegate.swift */ = {isa = PBXFileReference; lastKnownFileType = sourcecode.swift; path = AppDelegate.swift; sourceTree = "<group>"; };
		6348B1C01C4BF55300199EE5 /* Base */ = {isa = PBXFileReference; lastKnownFileType = file.storyboard; name = Base; path = Base.lproj/Main.storyboard; sourceTree = "<group>"; };
		6348B1C21C4BF55300199EE5 /* Assets.xcassets */ = {isa = PBXFileReference; lastKnownFileType = folder.assetcatalog; path = Assets.xcassets; sourceTree = "<group>"; };
		6348B1C51C4BF55300199EE5 /* Base */ = {isa = PBXFileReference; lastKnownFileType = file.storyboard; name = Base; path = Base.lproj/LaunchScreen.storyboard; sourceTree = "<group>"; };
		6348B1C71C4BF55300199EE5 /* Info.plist */ = {isa = PBXFileReference; lastKnownFileType = text.plist.xml; path = Info.plist; sourceTree = "<group>"; };
		6348B1D11C4BF6AA00199EE5 /* TartuWeatherWidget.appex */ = {isa = PBXFileReference; explicitFileType = "wrapper.app-extension"; includeInIndex = 0; path = TartuWeatherWidget.appex; sourceTree = BUILT_PRODUCTS_DIR; };
		6348B1D31C4BF6AA00199EE5 /* NotificationCenter.framework */ = {isa = PBXFileReference; lastKnownFileType = wrapper.framework; name = NotificationCenter.framework; path = System/Library/Frameworks/NotificationCenter.framework; sourceTree = SDKROOT; };
		6348B1D61C4BF6AA00199EE5 /* TodayViewController.swift */ = {isa = PBXFileReference; lastKnownFileType = sourcecode.swift; path = TodayViewController.swift; sourceTree = "<group>"; };
		6348B1D91C4BF6AA00199EE5 /* Base */ = {isa = PBXFileReference; lastKnownFileType = file.storyboard; name = Base; path = Base.lproj/MainInterface.storyboard; sourceTree = "<group>"; };
		6348B1DB1C4BF6AA00199EE5 /* Info.plist */ = {isa = PBXFileReference; lastKnownFileType = text.plist.xml; path = Info.plist; sourceTree = "<group>"; };
		635860AA1E4767D5006E394D /* WatchApp.app */ = {isa = PBXFileReference; explicitFileType = wrapper.application; includeInIndex = 0; path = WatchApp.app; sourceTree = BUILT_PRODUCTS_DIR; };
		635860AD1E4767D5006E394D /* Base */ = {isa = PBXFileReference; lastKnownFileType = file.storyboard; name = Base; path = Base.lproj/Interface.storyboard; sourceTree = "<group>"; };
		635860AF1E4767D5006E394D /* AssetsWatch.xcassets */ = {isa = PBXFileReference; lastKnownFileType = folder.assetcatalog; path = AssetsWatch.xcassets; sourceTree = "<group>"; };
		635860B11E4767D5006E394D /* Info.plist */ = {isa = PBXFileReference; lastKnownFileType = text.plist.xml; path = Info.plist; sourceTree = "<group>"; };
		635860B61E4767D6006E394D /* WatchApp Extension.appex */ = {isa = PBXFileReference; explicitFileType = "wrapper.app-extension"; includeInIndex = 0; path = "WatchApp Extension.appex"; sourceTree = BUILT_PRODUCTS_DIR; };
		635860BC1E4767D6006E394D /* PushNotificationPayload.apns */ = {isa = PBXFileReference; lastKnownFileType = text; path = PushNotificationPayload.apns; sourceTree = "<group>"; };
		635860BD1E4767D6006E394D /* InterfaceController.swift */ = {isa = PBXFileReference; lastKnownFileType = sourcecode.swift; path = InterfaceController.swift; sourceTree = "<group>"; };
		635860BF1E4767D6006E394D /* ExtensionDelegate.swift */ = {isa = PBXFileReference; lastKnownFileType = sourcecode.swift; path = ExtensionDelegate.swift; sourceTree = "<group>"; };
		635860C31E4767D6006E394D /* Assets.xcassets */ = {isa = PBXFileReference; lastKnownFileType = folder.assetcatalog; path = Assets.xcassets; sourceTree = "<group>"; };
		635860C51E4767D6006E394D /* Info.plist */ = {isa = PBXFileReference; lastKnownFileType = text.plist.xml; path = Info.plist; sourceTree = "<group>"; };
		6358F8132300888300755FDF /* wind@3x.png */ = {isa = PBXFileReference; lastKnownFileType = image.png; path = "wind@3x.png"; sourceTree = "<group>"; };
		6358F8142300888300755FDF /* wind@2x.png */ = {isa = PBXFileReference; lastKnownFileType = image.png; path = "wind@2x.png"; sourceTree = "<group>"; };
		6358F8152300888300755FDF /* wind.png */ = {isa = PBXFileReference; lastKnownFileType = image.png; path = wind.png; sourceTree = "<group>"; };
		6359125623005187002A377A /* SnapshotHelper.swift */ = {isa = PBXFileReference; fileEncoding = 4; lastKnownFileType = sourcecode.swift; name = SnapshotHelper.swift; path = fastlane/SnapshotHelper.swift; sourceTree = SOURCE_ROOT; };
		637094F6236D76120056EFAC /* UXTests.xctestplan */ = {isa = PBXFileReference; fileEncoding = 4; lastKnownFileType = text; path = UXTests.xctestplan; sourceTree = "<group>"; };
		637094F8236D761F0056EFAC /* TartuWeather.xctestplan */ = {isa = PBXFileReference; fileEncoding = 4; lastKnownFileType = text; path = TartuWeather.xctestplan; sourceTree = "<group>"; };
		638F5EB62042C44F005CE4A5 /* BalloonMarker.swift */ = {isa = PBXFileReference; fileEncoding = 4; lastKnownFileType = sourcecode.swift; path = BalloonMarker.swift; sourceTree = "<group>"; };
		638F5EB82042C6B7005CE4A5 /* Extensions.swift */ = {isa = PBXFileReference; lastKnownFileType = sourcecode.swift; path = Extensions.swift; sourceTree = "<group>"; };
		638FFD3C234114D10079AA4B /* Constants.swift */ = {isa = PBXFileReference; lastKnownFileType = sourcecode.swift; path = Constants.swift; sourceTree = "<group>"; };
		63A8D3F61F6EF37D007480CC /* TartuWeatherShareExtension.appex */ = {isa = PBXFileReference; explicitFileType = "wrapper.app-extension"; includeInIndex = 0; path = TartuWeatherShareExtension.appex; sourceTree = BUILT_PRODUCTS_DIR; };
		63A8D3F81F6EF37D007480CC /* ShareViewController.swift */ = {isa = PBXFileReference; lastKnownFileType = sourcecode.swift; path = ShareViewController.swift; sourceTree = "<group>"; };
		63A8D3FD1F6EF37D007480CC /* Info.plist */ = {isa = PBXFileReference; lastKnownFileType = text.plist.xml; path = Info.plist; sourceTree = "<group>"; };
		63AC5BAD1F6EF7DD00701514 /* MainInterface.storyboard */ = {isa = PBXFileReference; lastKnownFileType = file.storyboard; path = MainInterface.storyboard; sourceTree = "<group>"; };
		63CD393F2040A3D2000A7334 /* thermometer@3x.png */ = {isa = PBXFileReference; lastKnownFileType = image.png; path = "thermometer@3x.png"; sourceTree = SOURCE_ROOT; };
		63CD39402040A3D2000A7334 /* thermometer.png */ = {isa = PBXFileReference; lastKnownFileType = image.png; path = thermometer.png; sourceTree = SOURCE_ROOT; };
		63CD39412040A3D2000A7334 /* thermometer@2x.png */ = {isa = PBXFileReference; lastKnownFileType = image.png; path = "thermometer@2x.png"; sourceTree = SOURCE_ROOT; };
		63CFD5FF218218780055EBB8 /* ComplicationController.swift */ = {isa = PBXFileReference; lastKnownFileType = sourcecode.swift; path = ComplicationController.swift; sourceTree = "<group>"; };
		63F0BA76236CC74500ED7911 /* UIKit.framework */ = {isa = PBXFileReference; lastKnownFileType = wrapper.framework; name = UIKit.framework; path = System/Library/Frameworks/UIKit.framework; sourceTree = SDKROOT; };
		63F54E9321BD514800A44EF5 /* IntentsUI.framework */ = {isa = PBXFileReference; lastKnownFileType = wrapper.framework; name = IntentsUI.framework; path = System/Library/Frameworks/IntentsUI.framework; sourceTree = SDKROOT; };
		63F54EA821BD527B00A44EF5 /* TartuWeather.entitlements */ = {isa = PBXFileReference; lastKnownFileType = text.plist.entitlements; path = TartuWeather.entitlements; sourceTree = "<group>"; };
		63F54EA921BD52D700A44EF5 /* SiriIntents.intentdefinition */ = {isa = PBXFileReference; lastKnownFileType = file.intentdefinition; path = SiriIntents.intentdefinition; sourceTree = "<group>"; };
		63F54EAF21BD62DA00A44EF5 /* TemperatureIntents.appex */ = {isa = PBXFileReference; explicitFileType = "wrapper.app-extension"; includeInIndex = 0; path = TemperatureIntents.appex; sourceTree = BUILT_PRODUCTS_DIR; };
		63F54EB121BD62DA00A44EF5 /* IntentHandler.swift */ = {isa = PBXFileReference; lastKnownFileType = sourcecode.swift; path = IntentHandler.swift; sourceTree = "<group>"; };
		63F54EB321BD62DA00A44EF5 /* Info.plist */ = {isa = PBXFileReference; lastKnownFileType = text.plist.xml; path = Info.plist; sourceTree = "<group>"; };
		63F54EBB21BD67D700A44EF5 /* TemperatureIntents.entitlements */ = {isa = PBXFileReference; lastKnownFileType = text.plist.entitlements; path = TemperatureIntents.entitlements; sourceTree = "<group>"; };
		63F54EBC21BD74FD00A44EF5 /* NowViewController.swift */ = {isa = PBXFileReference; fileEncoding = 4; lastKnownFileType = sourcecode.swift; path = NowViewController.swift; sourceTree = "<group>"; };
/* End PBXFileReference section */

/* Begin PBXFrameworksBuildPhase section */
		632965892041633700F81E83 /* Frameworks */ = {
			isa = PBXFrameworksBuildPhase;
			buildActionMask = 2147483647;
			files = (
				63F0BA77236CC74500ED7911 /* UIKit.framework in Frameworks */,
				63F0BA75236CC6DC00ED7911 /* TartuWeatherProvider in Frameworks */,
			);
			runOnlyForDeploymentPostprocessing = 0;
		};
		63330EAF1DCF6FBF002194A3 /* Frameworks */ = {
			isa = PBXFrameworksBuildPhase;
			buildActionMask = 2147483647;
			files = (
			);
			runOnlyForDeploymentPostprocessing = 0;
		};
		6348B1B51C4BF55300199EE5 /* Frameworks */ = {
			isa = PBXFrameworksBuildPhase;
			buildActionMask = 2147483647;
			files = (
				6302763C1E787CE000A922B8 /* NotificationCenter.framework in Frameworks */,
				632E9F70235648BD00361142 /* TartuWeatherProvider in Frameworks */,
				630541D223536F7F00D673E6 /* Lightbox in Frameworks */,
				630541D5235378BC00D673E6 /* Charts in Frameworks */,
				637A05672354E60200BBDEBA /* Kingfisher in Frameworks */,
			);
			runOnlyForDeploymentPostprocessing = 0;
		};
		6348B1CE1C4BF6AA00199EE5 /* Frameworks */ = {
			isa = PBXFrameworksBuildPhase;
			buildActionMask = 2147483647;
			files = (
				6302763D1E787ED700A922B8 /* NotificationCenter.framework in Frameworks */,
				6342667C2356494100700E2C /* TartuWeatherProvider in Frameworks */,
			);
			runOnlyForDeploymentPostprocessing = 0;
		};
		635860B31E4767D6006E394D /* Frameworks */ = {
			isa = PBXFrameworksBuildPhase;
			buildActionMask = 2147483647;
			files = (
				637A05692354E61500BBDEBA /* Kingfisher in Frameworks */,
				6342667E2356494900700E2C /* TartuWeatherProvider in Frameworks */,
			);
			runOnlyForDeploymentPostprocessing = 0;
		};
		63A8D3F31F6EF37D007480CC /* Frameworks */ = {
			isa = PBXFrameworksBuildPhase;
			buildActionMask = 2147483647;
			files = (
				6342667A2356493A00700E2C /* TartuWeatherProvider in Frameworks */,
			);
			runOnlyForDeploymentPostprocessing = 0;
		};
		63F54EAC21BD62DA00A44EF5 /* Frameworks */ = {
			isa = PBXFrameworksBuildPhase;
			buildActionMask = 2147483647;
			files = (
				634266782356493300700E2C /* TartuWeatherProvider in Frameworks */,
			);
			runOnlyForDeploymentPostprocessing = 0;
		};
		759BE3B28008D88846C4FAEF /* Frameworks */ = {
			isa = PBXFrameworksBuildPhase;
			buildActionMask = 2147483647;
			files = (
			);
			runOnlyForDeploymentPostprocessing = 0;
		};
/* End PBXFrameworksBuildPhase section */

/* Begin PBXGroup section */
		6329658D2041633700F81E83 /* meteoTartuUnitTests */ = {
			isa = PBXGroup;
			children = (
				637094F8236D761F0056EFAC /* TartuWeather.xctestplan */,
				6329658E2041633700F81E83 /* meteoTartuUnitTests.swift */,
				632965902041633700F81E83 /* Info.plist */,
			);
			path = meteoTartuUnitTests;
			sourceTree = "<group>";
		};
		63330EB31DCF6FC0002194A3 /* meteoTartuUITests */ = {
			isa = PBXGroup;
			children = (
				637094F6236D76120056EFAC /* UXTests.xctestplan */,
				6359125623005187002A377A /* SnapshotHelper.swift */,
				63330EB41DCF6FC0002194A3 /* meteoTartuUITests.swift */,
				63330EB61DCF6FC0002194A3 /* Info.plist */,
			);
			path = meteoTartuUITests;
			sourceTree = "<group>";
		};
		63330ECE1DCFB2C4002194A3 /* Images */ = {
			isa = PBXGroup;
			children = (
				6358F8152300888300755FDF /* wind.png */,
				6358F8142300888300755FDF /* wind@2x.png */,
				6358F8132300888300755FDF /* wind@3x.png */,
				63CD39402040A3D2000A7334 /* thermometer.png */,
				63CD39412040A3D2000A7334 /* thermometer@2x.png */,
				63CD393F2040A3D2000A7334 /* thermometer@3x.png */,
			);
			name = Images;
			sourceTree = "<group>";
		};
		63330ECF1DCFB2D2002194A3 /* Classes */ = {
			isa = PBXGroup;
			children = (
				6348B1BB1C4BF55300199EE5 /* AppDelegate.swift */,
				638F5EB82042C6B7005CE4A5 /* Extensions.swift */,
				638F5EBB2042D0BC005CE4A5 /* Now */,
				638F5EBA2042D0B4005CE4A5 /* History */,
			);
			name = Classes;
			sourceTree = "<group>";
		};
		63330ED01DCFB2DF002194A3 /* Interface */ = {
			isa = PBXGroup;
			children = (
				6348B1BF1C4BF55300199EE5 /* Main.storyboard */,
				6348B1C41C4BF55300199EE5 /* LaunchScreen.storyboard */,
				638FFD3C234114D10079AA4B /* Constants.swift */,
			);
			name = Interface;
			sourceTree = "<group>";
		};
		6348B1AF1C4BF55300199EE5 = {
			isa = PBXGroup;
			children = (
				6348B1BA1C4BF55300199EE5 /* TartuWeather */,
				6348B1D51C4BF6AA00199EE5 /* TartuWeatherWidget */,
				6329658D2041633700F81E83 /* meteoTartuUnitTests */,
				63330EB31DCF6FC0002194A3 /* meteoTartuUITests */,
				635860AB1E4767D5006E394D /* WatchApp */,
				635860BA1E4767D6006E394D /* WatchApp Extension */,
				63A8D3F71F6EF37D007480CC /* TartuWeatherShareExtension */,
				63F54EB021BD62DA00A44EF5 /* TemperatureIntents */,
				6348B1D21C4BF6AA00199EE5 /* Frameworks */,
				6348B1B91C4BF55300199EE5 /* Products */,
				63F54E8121BD4BD600A44EF5 /* Recovered References */,
			);
			sourceTree = "<group>";
		};
		6348B1B91C4BF55300199EE5 /* Products */ = {
			isa = PBXGroup;
			children = (
				6348B1B81C4BF55300199EE5 /* TartuWeather.app */,
				6348B1D11C4BF6AA00199EE5 /* TartuWeatherWidget.appex */,
				63330EB21DCF6FBF002194A3 /* meteoTartuUITests.xctest */,
				635860AA1E4767D5006E394D /* WatchApp.app */,
				635860B61E4767D6006E394D /* WatchApp Extension.appex */,
				63A8D3F61F6EF37D007480CC /* TartuWeatherShareExtension.appex */,
				6329658C2041633700F81E83 /* meteoTartuUnitTests.xctest */,
				63F54EAF21BD62DA00A44EF5 /* TemperatureIntents.appex */,
			);
			name = Products;
			sourceTree = "<group>";
		};
		6348B1BA1C4BF55300199EE5 /* TartuWeather */ = {
			isa = PBXGroup;
			children = (
				63F54EA821BD527B00A44EF5 /* TartuWeather.entitlements */,
				63F54EA921BD52D700A44EF5 /* SiriIntents.intentdefinition */,
				63330ECF1DCFB2D2002194A3 /* Classes */,
				63330ED01DCFB2DF002194A3 /* Interface */,
				6348B1C21C4BF55300199EE5 /* Assets.xcassets */,
				6348B1C71C4BF55300199EE5 /* Info.plist */,
				63330ECE1DCFB2C4002194A3 /* Images */,
			);
			path = TartuWeather;
			sourceTree = "<group>";
		};
		6348B1D21C4BF6AA00199EE5 /* Frameworks */ = {
			isa = PBXGroup;
			children = (
				63F0BA76236CC74500ED7911 /* UIKit.framework */,
				6348B1D31C4BF6AA00199EE5 /* NotificationCenter.framework */,
				63F54E9321BD514800A44EF5 /* IntentsUI.framework */,
			);
			name = Frameworks;
			sourceTree = "<group>";
		};
		6348B1D51C4BF6AA00199EE5 /* TartuWeatherWidget */ = {
			isa = PBXGroup;
			children = (
				6348B1D61C4BF6AA00199EE5 /* TodayViewController.swift */,
				6348B1D81C4BF6AA00199EE5 /* MainInterface.storyboard */,
				6348B1DB1C4BF6AA00199EE5 /* Info.plist */,
			);
			path = TartuWeatherWidget;
			sourceTree = "<group>";
		};
		635860AB1E4767D5006E394D /* WatchApp */ = {
			isa = PBXGroup;
			children = (
				635860AC1E4767D5006E394D /* Interface.storyboard */,
				635860AF1E4767D5006E394D /* AssetsWatch.xcassets */,
				635860B11E4767D5006E394D /* Info.plist */,
			);
			path = WatchApp;
			sourceTree = "<group>";
		};
		635860BA1E4767D6006E394D /* WatchApp Extension */ = {
			isa = PBXGroup;
			children = (
				635860BD1E4767D6006E394D /* InterfaceController.swift */,
				635860BF1E4767D6006E394D /* ExtensionDelegate.swift */,
				635860C31E4767D6006E394D /* Assets.xcassets */,
				635860C51E4767D6006E394D /* Info.plist */,
				635860BB1E4767D6006E394D /* Supporting Files */,
			);
			path = "WatchApp Extension";
			sourceTree = "<group>";
		};
		635860BB1E4767D6006E394D /* Supporting Files */ = {
			isa = PBXGroup;
			children = (
				635860BC1E4767D6006E394D /* PushNotificationPayload.apns */,
			);
			name = "Supporting Files";
			sourceTree = "<group>";
		};
		638F5EBA2042D0B4005CE4A5 /* History */ = {
			isa = PBXGroup;
			children = (
				632965862040AC4D00F81E83 /* HistoryViewModel.swift */,
				6329371F203F57CD00B83743 /* HistoryViewController.swift */,
				63293723203F6D8D00B83743 /* DateFormatter.swift */,
				638F5EB62042C44F005CE4A5 /* BalloonMarker.swift */,
			);
			name = History;
			sourceTree = "<group>";
		};
		638F5EBB2042D0BC005CE4A5 /* Now */ = {
			isa = PBXGroup;
			children = (
				6341EAC61EF07B8800C3E8EA /* TartuWeatherViewModel.swift */,
				63F54EBC21BD74FD00A44EF5 /* NowViewController.swift */,
			);
			name = Now;
			sourceTree = "<group>";
		};
		63A8D3F71F6EF37D007480CC /* TartuWeatherShareExtension */ = {
			isa = PBXGroup;
			children = (
				63A8D3F81F6EF37D007480CC /* ShareViewController.swift */,
				63AC5BAD1F6EF7DD00701514 /* MainInterface.storyboard */,
				63A8D3FD1F6EF37D007480CC /* Info.plist */,
			);
			path = TartuWeatherShareExtension;
			sourceTree = "<group>";
		};
		63F54E8121BD4BD600A44EF5 /* Recovered References */ = {
			isa = PBXGroup;
			children = (
				63CFD5FF218218780055EBB8 /* ComplicationController.swift */,
			);
			name = "Recovered References";
			sourceTree = "<group>";
		};
		63F54EB021BD62DA00A44EF5 /* TemperatureIntents */ = {
			isa = PBXGroup;
			children = (
				63F54EBB21BD67D700A44EF5 /* TemperatureIntents.entitlements */,
				63F54EB121BD62DA00A44EF5 /* IntentHandler.swift */,
				63F54EB321BD62DA00A44EF5 /* Info.plist */,
			);
			path = TemperatureIntents;
			sourceTree = "<group>";
		};
/* End PBXGroup section */

/* Begin PBXNativeTarget section */
		6329658B2041633700F81E83 /* meteoTartuUnitTests */ = {
			isa = PBXNativeTarget;
			buildConfigurationList = 632965952041633700F81E83 /* Build configuration list for PBXNativeTarget "meteoTartuUnitTests" */;
			buildPhases = (
				632965882041633700F81E83 /* Sources */,
				632965892041633700F81E83 /* Frameworks */,
				6329658A2041633700F81E83 /* Resources */,
			);
			buildRules = (
			);
			dependencies = (
				632965922041633700F81E83 /* PBXTargetDependency */,
			);
			name = meteoTartuUnitTests;
			packageProductDependencies = (
				63F0BA74236CC6DC00ED7911 /* TartuWeatherProvider */,
			);
			productName = meteoTartuUnitTests;
			productReference = 6329658C2041633700F81E83 /* meteoTartuUnitTests.xctest */;
			productType = "com.apple.product-type.bundle.unit-test";
		};
		63330EB11DCF6FBF002194A3 /* meteoTartuUITests */ = {
			isa = PBXNativeTarget;
			buildConfigurationList = 63330EBB1DCF6FC0002194A3 /* Build configuration list for PBXNativeTarget "meteoTartuUITests" */;
			buildPhases = (
				63330EAE1DCF6FBF002194A3 /* Sources */,
				63330EAF1DCF6FBF002194A3 /* Frameworks */,
				63330EB01DCF6FBF002194A3 /* Resources */,
			);
			buildRules = (
			);
			dependencies = (
				63330EB81DCF6FC0002194A3 /* PBXTargetDependency */,
			);
			name = meteoTartuUITests;
			productName = meteoTartuUITests;
			productReference = 63330EB21DCF6FBF002194A3 /* meteoTartuUITests.xctest */;
			productType = "com.apple.product-type.bundle.ui-testing";
		};
		6348B1B71C4BF55300199EE5 /* TartuWeather */ = {
			isa = PBXNativeTarget;
			buildConfigurationList = 6348B1CA1C4BF55300199EE5 /* Build configuration list for PBXNativeTarget "TartuWeather" */;
			buildPhases = (
				6348B1B41C4BF55300199EE5 /* Sources */,
				6348B1B51C4BF55300199EE5 /* Frameworks */,
				6348B1B61C4BF55300199EE5 /* Resources */,
				6348B1E21C4BF6AA00199EE5 /* Embed App Extensions */,
				6348B1E61C4BF6C100199EE5 /* Embed Frameworks */,
				635860D01E4767D6006E394D /* Embed Watch Content */,
				63296599204175A500F81E83 /* Swiftlint */,
			);
			buildRules = (
			);
			dependencies = (
				6348B1DD1C4BF6AA00199EE5 /* PBXTargetDependency */,
				635860C71E4767D6006E394D /* PBXTargetDependency */,
				63A8D3FF1F6EF37D007480CC /* PBXTargetDependency */,
				63F54EB521BD62DA00A44EF5 /* PBXTargetDependency */,
			);
			name = TartuWeather;
			packageProductDependencies = (
				630541D123536F7F00D673E6 /* Lightbox */,
				630541D4235378BC00D673E6 /* Charts */,
				637A05662354E60200BBDEBA /* Kingfisher */,
				632E9F6F235648BD00361142 /* TartuWeatherProvider */,
			);
			productName = TartuWeather;
			productReference = 6348B1B81C4BF55300199EE5 /* TartuWeather.app */;
			productType = "com.apple.product-type.application";
		};
		6348B1D01C4BF6AA00199EE5 /* TartuWeatherWidget */ = {
			isa = PBXNativeTarget;
			buildConfigurationList = 6348B1E11C4BF6AA00199EE5 /* Build configuration list for PBXNativeTarget "TartuWeatherWidget" */;
			buildPhases = (
				6348B1CD1C4BF6AA00199EE5 /* Sources */,
				6348B1CE1C4BF6AA00199EE5 /* Frameworks */,
				6348B1CF1C4BF6AA00199EE5 /* Resources */,
			);
			buildRules = (
			);
			dependencies = (
			);
			name = TartuWeatherWidget;
			packageProductDependencies = (
				6342667B2356494100700E2C /* TartuWeatherProvider */,
			);
			productName = TartuWeatherWidget;
			productReference = 6348B1D11C4BF6AA00199EE5 /* TartuWeatherWidget.appex */;
			productType = "com.apple.product-type.app-extension";
		};
		635860A91E4767D5006E394D /* WatchApp */ = {
			isa = PBXNativeTarget;
			buildConfigurationList = 635860CF1E4767D6006E394D /* Build configuration list for PBXNativeTarget "WatchApp" */;
			buildPhases = (
				635860A81E4767D5006E394D /* Resources */,
				635860CE1E4767D6006E394D /* Embed App Extensions */,
				759BE3B28008D88846C4FAEF /* Frameworks */,
			);
			buildRules = (
			);
			dependencies = (
				635860B91E4767D6006E394D /* PBXTargetDependency */,
			);
			name = WatchApp;
			productName = WatchApp;
			productReference = 635860AA1E4767D5006E394D /* WatchApp.app */;
			productType = "com.apple.product-type.application.watchapp2";
		};
		635860B51E4767D6006E394D /* WatchApp Extension */ = {
			isa = PBXNativeTarget;
			buildConfigurationList = 635860CD1E4767D6006E394D /* Build configuration list for PBXNativeTarget "WatchApp Extension" */;
			buildPhases = (
				635860B21E4767D6006E394D /* Sources */,
				635860B31E4767D6006E394D /* Frameworks */,
				635860B41E4767D6006E394D /* Resources */,
			);
			buildRules = (
			);
			dependencies = (
			);
			name = "WatchApp Extension";
			packageProductDependencies = (
				637A05682354E61500BBDEBA /* Kingfisher */,
				6342667D2356494900700E2C /* TartuWeatherProvider */,
			);
			productName = "WatchApp Extension";
			productReference = 635860B61E4767D6006E394D /* WatchApp Extension.appex */;
			productType = "com.apple.product-type.watchkit2-extension";
		};
		63A8D3F51F6EF37D007480CC /* TartuWeatherShareExtension */ = {
			isa = PBXNativeTarget;
			buildConfigurationList = 63A8D4011F6EF37D007480CC /* Build configuration list for PBXNativeTarget "TartuWeatherShareExtension" */;
			buildPhases = (
				63A8D3F21F6EF37D007480CC /* Sources */,
				63A8D3F31F6EF37D007480CC /* Frameworks */,
				63A8D3F41F6EF37D007480CC /* Resources */,
			);
			buildRules = (
			);
			dependencies = (
			);
			name = TartuWeatherShareExtension;
			packageProductDependencies = (
				634266792356493A00700E2C /* TartuWeatherProvider */,
			);
			productName = TartuWeatherShareExtension;
			productReference = 63A8D3F61F6EF37D007480CC /* TartuWeatherShareExtension.appex */;
			productType = "com.apple.product-type.app-extension";
		};
		63F54EAE21BD62DA00A44EF5 /* TemperatureIntents */ = {
			isa = PBXNativeTarget;
			buildConfigurationList = 63F54EB721BD62DA00A44EF5 /* Build configuration list for PBXNativeTarget "TemperatureIntents" */;
			buildPhases = (
				63F54EAB21BD62DA00A44EF5 /* Sources */,
				63F54EAC21BD62DA00A44EF5 /* Frameworks */,
				63F54EAD21BD62DA00A44EF5 /* Resources */,
			);
			buildRules = (
			);
			dependencies = (
			);
			name = TemperatureIntents;
			packageProductDependencies = (
				634266772356493300700E2C /* TartuWeatherProvider */,
			);
			productName = TemperatureIntents;
			productReference = 63F54EAF21BD62DA00A44EF5 /* TemperatureIntents.appex */;
			productType = "com.apple.product-type.app-extension";
		};
/* End PBXNativeTarget section */

/* Begin PBXProject section */
		6348B1B01C4BF55300199EE5 /* Project object */ = {
			isa = PBXProject;
			attributes = {
				LastSwiftUpdateCheck = 1010;
				LastUpgradeCheck = 1030;
				ORGANIZATIONNAME = fassko;
				TargetAttributes = {
					6329658B2041633700F81E83 = {
						CreatedOnToolsVersion = 9.2;
						ProvisioningStyle = Manual;
						TestTargetID = 6348B1B71C4BF55300199EE5;
					};
					63330EB11DCF6FBF002194A3 = {
						CreatedOnToolsVersion = 8.1;
						ProvisioningStyle = Manual;
						TestTargetID = 6348B1B71C4BF55300199EE5;
					};
					6348B1B71C4BF55300199EE5 = {
						CreatedOnToolsVersion = 7.2;
						LastSwiftMigration = 0820;
						ProvisioningStyle = Manual;
						SystemCapabilities = {
							com.apple.ApplicationGroups.iOS = {
								enabled = 1;
							};
							com.apple.Siri = {
								enabled = 1;
							};
						};
					};
					6348B1D01C4BF6AA00199EE5 = {
						CreatedOnToolsVersion = 7.2;
						LastSwiftMigration = 0820;
						ProvisioningStyle = Manual;
					};
					635860A91E4767D5006E394D = {
						CreatedOnToolsVersion = 8.2.1;
						LastSwiftMigration = 0820;
						ProvisioningStyle = Manual;
						SystemCapabilities = {
							com.apple.BackgroundModes.watchos.app = {
								enabled = 1;
							};
						};
					};
					635860B51E4767D6006E394D = {
						CreatedOnToolsVersion = 8.2.1;
						LastSwiftMigration = 0820;
						ProvisioningStyle = Manual;
						SystemCapabilities = {
							com.apple.BackgroundModes.watchos.extension = {
								enabled = 0;
							};
						};
					};
					63A8D3F51F6EF37D007480CC = {
						CreatedOnToolsVersion = 9.0;
						ProvisioningStyle = Manual;
					};
					63F54EAE21BD62DA00A44EF5 = {
						CreatedOnToolsVersion = 10.1;
						ProvisioningStyle = Manual;
						SystemCapabilities = {
							com.apple.ApplicationGroups.iOS = {
								enabled = 1;
							};
						};
					};
				};
			};
			buildConfigurationList = 6348B1B31C4BF55300199EE5 /* Build configuration list for PBXProject "TartuWeather" */;
			compatibilityVersion = "Xcode 8.0";
			developmentRegion = en;
			hasScannedForEncodings = 0;
			knownRegions = (
				en,
				Base,
			);
			mainGroup = 6348B1AF1C4BF55300199EE5;
			packageReferences = (
				630541D023536F7F00D673E6 /* XCRemoteSwiftPackageReference "Lightbox" */,
				630541D3235378BC00D673E6 /* XCRemoteSwiftPackageReference "Charts" */,
				637A05652354E60200BBDEBA /* XCRemoteSwiftPackageReference "Kingfisher" */,
				632E9F6E235648BD00361142 /* XCRemoteSwiftPackageReference "TartuWeatherProvider" */,
			);
			productRefGroup = 6348B1B91C4BF55300199EE5 /* Products */;
			projectDirPath = "";
			projectRoot = "";
			targets = (
				6348B1B71C4BF55300199EE5 /* TartuWeather */,
				635860A91E4767D5006E394D /* WatchApp */,
				635860B51E4767D6006E394D /* WatchApp Extension */,
				6348B1D01C4BF6AA00199EE5 /* TartuWeatherWidget */,
				6329658B2041633700F81E83 /* meteoTartuUnitTests */,
				63330EB11DCF6FBF002194A3 /* meteoTartuUITests */,
				63A8D3F51F6EF37D007480CC /* TartuWeatherShareExtension */,
				63F54EAE21BD62DA00A44EF5 /* TemperatureIntents */,
			);
		};
/* End PBXProject section */

/* Begin PBXResourcesBuildPhase section */
		6329658A2041633700F81E83 /* Resources */ = {
			isa = PBXResourcesBuildPhase;
			buildActionMask = 2147483647;
			files = (
				637094F9236D761F0056EFAC /* TartuWeather.xctestplan in Resources */,
			);
			runOnlyForDeploymentPostprocessing = 0;
		};
		63330EB01DCF6FBF002194A3 /* Resources */ = {
			isa = PBXResourcesBuildPhase;
			buildActionMask = 2147483647;
			files = (
				637094F7236D76120056EFAC /* UXTests.xctestplan in Resources */,
			);
			runOnlyForDeploymentPostprocessing = 0;
		};
		6348B1B61C4BF55300199EE5 /* Resources */ = {
			isa = PBXResourcesBuildPhase;
			buildActionMask = 2147483647;
			files = (
				633367DD1F6E78D8005AE02E /* MainInterface.storyboard in Resources */,
				6358F8182300888300755FDF /* wind.png in Resources */,
				6348B1C61C4BF55300199EE5 /* LaunchScreen.storyboard in Resources */,
				63CD39432040A3D2000A7334 /* thermometer.png in Resources */,
				6358F8162300888300755FDF /* wind@3x.png in Resources */,
				6348B1C31C4BF55300199EE5 /* Assets.xcassets in Resources */,
				63CD39422040A3D2000A7334 /* thermometer@3x.png in Resources */,
				63CD39442040A3D2000A7334 /* thermometer@2x.png in Resources */,
				6358F8172300888300755FDF /* wind@2x.png in Resources */,
				6348B1C11C4BF55300199EE5 /* Main.storyboard in Resources */,
			);
			runOnlyForDeploymentPostprocessing = 0;
		};
		6348B1CF1C4BF6AA00199EE5 /* Resources */ = {
			isa = PBXResourcesBuildPhase;
			buildActionMask = 2147483647;
			files = (
				6348B1DA1C4BF6AA00199EE5 /* MainInterface.storyboard in Resources */,
			);
			runOnlyForDeploymentPostprocessing = 0;
		};
		635860A81E4767D5006E394D /* Resources */ = {
			isa = PBXResourcesBuildPhase;
			buildActionMask = 2147483647;
			files = (
				635860B01E4767D5006E394D /* AssetsWatch.xcassets in Resources */,
				635860AE1E4767D5006E394D /* Interface.storyboard in Resources */,
			);
			runOnlyForDeploymentPostprocessing = 0;
		};
		635860B41E4767D6006E394D /* Resources */ = {
			isa = PBXResourcesBuildPhase;
			buildActionMask = 2147483647;
			files = (
				635860C41E4767D6006E394D /* Assets.xcassets in Resources */,
			);
			runOnlyForDeploymentPostprocessing = 0;
		};
		63A8D3F41F6EF37D007480CC /* Resources */ = {
			isa = PBXResourcesBuildPhase;
			buildActionMask = 2147483647;
			files = (
				63AC5BAE1F6EF7E700701514 /* MainInterface.storyboard in Resources */,
			);
			runOnlyForDeploymentPostprocessing = 0;
		};
		63F54EAD21BD62DA00A44EF5 /* Resources */ = {
			isa = PBXResourcesBuildPhase;
			buildActionMask = 2147483647;
			files = (
			);
			runOnlyForDeploymentPostprocessing = 0;
		};
/* End PBXResourcesBuildPhase section */

/* Begin PBXShellScriptBuildPhase section */
		63296599204175A500F81E83 /* Swiftlint */ = {
			isa = PBXShellScriptBuildPhase;
			buildActionMask = 2147483647;
			files = (
			);
			inputPaths = (
			);
			name = Swiftlint;
			outputPaths = (
			);
			runOnlyForDeploymentPostprocessing = 0;
			shellPath = /bin/sh;
			shellScript = "if which \"swiftlint\" >/dev/null; then\n  \"swiftlint\"\nelse\n  echo \"warning: SwiftLint not installed, download from https://github.com/realm/SwiftLint\"\nfi\n";
		};
/* End PBXShellScriptBuildPhase section */

/* Begin PBXSourcesBuildPhase section */
		632965882041633700F81E83 /* Sources */ = {
			isa = PBXSourcesBuildPhase;
			buildActionMask = 2147483647;
			files = (
				6329658F2041633700F81E83 /* meteoTartuUnitTests.swift in Sources */,
				63296596204165BB00F81E83 /* HistoryViewModel.swift in Sources */,
				63296597204165C000F81E83 /* TartuWeatherViewModel.swift in Sources */,
			);
			runOnlyForDeploymentPostprocessing = 0;
		};
		63330EAE1DCF6FBF002194A3 /* Sources */ = {
			isa = PBXSourcesBuildPhase;
			buildActionMask = 2147483647;
			files = (
				63330EB51DCF6FC0002194A3 /* meteoTartuUITests.swift in Sources */,
				6359125723005187002A377A /* SnapshotHelper.swift in Sources */,
			);
			runOnlyForDeploymentPostprocessing = 0;
		};
		6348B1B41C4BF55300199EE5 /* Sources */ = {
			isa = PBXSourcesBuildPhase;
			buildActionMask = 2147483647;
			files = (
				63F54EBD21BD74FD00A44EF5 /* NowViewController.swift in Sources */,
				632965872040AC4D00F81E83 /* HistoryViewModel.swift in Sources */,
				6348B1BC1C4BF55300199EE5 /* AppDelegate.swift in Sources */,
				638F5EB92042C6B7005CE4A5 /* Extensions.swift in Sources */,
				63F54EAA21BD52D700A44EF5 /* SiriIntents.intentdefinition in Sources */,
				638FFD3D234114D10079AA4B /* Constants.swift in Sources */,
				6341EAC71EF07B8800C3E8EA /* TartuWeatherViewModel.swift in Sources */,
				63293720203F57CD00B83743 /* HistoryViewController.swift in Sources */,
				63293724203F6D8D00B83743 /* DateFormatter.swift in Sources */,
				638F5EB72042C450005CE4A5 /* BalloonMarker.swift in Sources */,
			);
			runOnlyForDeploymentPostprocessing = 0;
		};
		6348B1CD1C4BF6AA00199EE5 /* Sources */ = {
			isa = PBXSourcesBuildPhase;
			buildActionMask = 2147483647;
			files = (
				6341EACB1EF083C300C3E8EA /* TartuWeatherViewModel.swift in Sources */,
				6348B1D71C4BF6AA00199EE5 /* TodayViewController.swift in Sources */,
			);
			runOnlyForDeploymentPostprocessing = 0;
		};
		635860B21E4767D6006E394D /* Sources */ = {
			isa = PBXSourcesBuildPhase;
			buildActionMask = 2147483647;
			files = (
				63A8D3C91F6ED7B4007480CC /* InterfaceController.swift in Sources */,
				635860C01E4767D6006E394D /* ExtensionDelegate.swift in Sources */,
				6341EACA1EF083C100C3E8EA /* TartuWeatherViewModel.swift in Sources */,
			);
			runOnlyForDeploymentPostprocessing = 0;
		};
		63A8D3F21F6EF37D007480CC /* Sources */ = {
			isa = PBXSourcesBuildPhase;
			buildActionMask = 2147483647;
			files = (
				63A8D3F91F6EF37D007480CC /* ShareViewController.swift in Sources */,
			);
			runOnlyForDeploymentPostprocessing = 0;
		};
		63F54EAB21BD62DA00A44EF5 /* Sources */ = {
			isa = PBXSourcesBuildPhase;
			buildActionMask = 2147483647;
			files = (
				63F54EB221BD62DA00A44EF5 /* IntentHandler.swift in Sources */,
				63F54EBA21BD62FC00A44EF5 /* SiriIntents.intentdefinition in Sources */,
			);
			runOnlyForDeploymentPostprocessing = 0;
		};
/* End PBXSourcesBuildPhase section */

/* Begin PBXTargetDependency section */
		632965922041633700F81E83 /* PBXTargetDependency */ = {
			isa = PBXTargetDependency;
			target = 6348B1B71C4BF55300199EE5 /* TartuWeather */;
			targetProxy = 632965912041633700F81E83 /* PBXContainerItemProxy */;
		};
		63330EB81DCF6FC0002194A3 /* PBXTargetDependency */ = {
			isa = PBXTargetDependency;
			target = 6348B1B71C4BF55300199EE5 /* TartuWeather */;
			targetProxy = 63330EB71DCF6FC0002194A3 /* PBXContainerItemProxy */;
		};
		6348B1DD1C4BF6AA00199EE5 /* PBXTargetDependency */ = {
			isa = PBXTargetDependency;
			target = 6348B1D01C4BF6AA00199EE5 /* TartuWeatherWidget */;
			targetProxy = 6348B1DC1C4BF6AA00199EE5 /* PBXContainerItemProxy */;
		};
		635860B91E4767D6006E394D /* PBXTargetDependency */ = {
			isa = PBXTargetDependency;
			target = 635860B51E4767D6006E394D /* WatchApp Extension */;
			targetProxy = 635860B81E4767D6006E394D /* PBXContainerItemProxy */;
		};
		635860C71E4767D6006E394D /* PBXTargetDependency */ = {
			isa = PBXTargetDependency;
			target = 635860A91E4767D5006E394D /* WatchApp */;
			targetProxy = 635860C61E4767D6006E394D /* PBXContainerItemProxy */;
		};
		63A8D3FF1F6EF37D007480CC /* PBXTargetDependency */ = {
			isa = PBXTargetDependency;
			target = 63A8D3F51F6EF37D007480CC /* TartuWeatherShareExtension */;
			targetProxy = 63A8D3FE1F6EF37D007480CC /* PBXContainerItemProxy */;
		};
		63F54EB521BD62DA00A44EF5 /* PBXTargetDependency */ = {
			isa = PBXTargetDependency;
			target = 63F54EAE21BD62DA00A44EF5 /* TemperatureIntents */;
			targetProxy = 63F54EB421BD62DA00A44EF5 /* PBXContainerItemProxy */;
		};
/* End PBXTargetDependency section */

/* Begin PBXVariantGroup section */
		6348B1BF1C4BF55300199EE5 /* Main.storyboard */ = {
			isa = PBXVariantGroup;
			children = (
				6348B1C01C4BF55300199EE5 /* Base */,
			);
			name = Main.storyboard;
			sourceTree = "<group>";
		};
		6348B1C41C4BF55300199EE5 /* LaunchScreen.storyboard */ = {
			isa = PBXVariantGroup;
			children = (
				6348B1C51C4BF55300199EE5 /* Base */,
			);
			name = LaunchScreen.storyboard;
			sourceTree = "<group>";
		};
		6348B1D81C4BF6AA00199EE5 /* MainInterface.storyboard */ = {
			isa = PBXVariantGroup;
			children = (
				6348B1D91C4BF6AA00199EE5 /* Base */,
			);
			name = MainInterface.storyboard;
			sourceTree = "<group>";
		};
		635860AC1E4767D5006E394D /* Interface.storyboard */ = {
			isa = PBXVariantGroup;
			children = (
				635860AD1E4767D5006E394D /* Base */,
			);
			name = Interface.storyboard;
			sourceTree = "<group>";
		};
/* End PBXVariantGroup section */

/* Begin XCBuildConfiguration section */
		632965932041633700F81E83 /* Debug */ = {
			isa = XCBuildConfiguration;
			buildSettings = {
				BUNDLE_LOADER = "$(TEST_HOST)";
				CLANG_ANALYZER_NONNULL = YES;
				CLANG_ANALYZER_NUMBER_OBJECT_CONVERSION = YES_AGGRESSIVE;
				CLANG_CXX_LANGUAGE_STANDARD = "gnu++14";
				CLANG_WARN_BLOCK_CAPTURE_AUTORELEASING = YES;
				CLANG_WARN_COMMA = YES;
				CLANG_WARN_DOCUMENTATION_COMMENTS = YES;
				CLANG_WARN_INFINITE_RECURSION = YES;
				CLANG_WARN_NON_LITERAL_NULL_CONVERSION = YES;
				CLANG_WARN_OBJC_LITERAL_CONVERSION = YES;
				CLANG_WARN_RANGE_LOOP_ANALYSIS = YES;
				CLANG_WARN_STRICT_PROTOTYPES = YES;
				CLANG_WARN_SUSPICIOUS_MOVE = YES;
				CLANG_WARN_UNGUARDED_AVAILABILITY = YES_AGGRESSIVE;
				CODE_SIGN_IDENTITY = "iPhone Developer";
				CODE_SIGN_STYLE = Manual;
				DEVELOPMENT_TEAM = 3SGNZQGS68;
				GCC_C_LANGUAGE_STANDARD = gnu11;
				INFOPLIST_FILE = meteoTartuUnitTests/Info.plist;
				IPHONEOS_DEPLOYMENT_TARGET = 11.2;
				LD_RUNPATH_SEARCH_PATHS = (
					"$(inherited)",
					"@executable_path/Frameworks",
					"@loader_path/Frameworks",
				);
				PRODUCT_BUNDLE_IDENTIFIER = com.fassko.meteoTartuUnitTests;
				PRODUCT_NAME = "$(TARGET_NAME)";
				PROVISIONING_PROFILE_SPECIFIER = "";
				SWIFT_ACTIVE_COMPILATION_CONDITIONS = DEBUG;
				SWIFT_VERSION = 5.0;
				TARGETED_DEVICE_FAMILY = "1,2";
				TEST_HOST = "$(BUILT_PRODUCTS_DIR)/TartuWeather.app/TartuWeather";
			};
			name = Debug;
		};
		632965942041633700F81E83 /* Release */ = {
			isa = XCBuildConfiguration;
			buildSettings = {
				BUNDLE_LOADER = "$(TEST_HOST)";
				CLANG_ANALYZER_NONNULL = YES;
				CLANG_ANALYZER_NUMBER_OBJECT_CONVERSION = YES_AGGRESSIVE;
				CLANG_CXX_LANGUAGE_STANDARD = "gnu++14";
				CLANG_WARN_BLOCK_CAPTURE_AUTORELEASING = YES;
				CLANG_WARN_COMMA = YES;
				CLANG_WARN_DOCUMENTATION_COMMENTS = YES;
				CLANG_WARN_INFINITE_RECURSION = YES;
				CLANG_WARN_NON_LITERAL_NULL_CONVERSION = YES;
				CLANG_WARN_OBJC_LITERAL_CONVERSION = YES;
				CLANG_WARN_RANGE_LOOP_ANALYSIS = YES;
				CLANG_WARN_STRICT_PROTOTYPES = YES;
				CLANG_WARN_SUSPICIOUS_MOVE = YES;
				CLANG_WARN_UNGUARDED_AVAILABILITY = YES_AGGRESSIVE;
				CODE_SIGN_IDENTITY = "iPhone Developer";
				"CODE_SIGN_IDENTITY[sdk=iphoneos*]" = "iPhone Distribution";
				CODE_SIGN_STYLE = Manual;
				DEVELOPMENT_TEAM = 3SGNZQGS68;
				GCC_C_LANGUAGE_STANDARD = gnu11;
				INFOPLIST_FILE = meteoTartuUnitTests/Info.plist;
				IPHONEOS_DEPLOYMENT_TARGET = 11.2;
				LD_RUNPATH_SEARCH_PATHS = (
					"$(inherited)",
					"@executable_path/Frameworks",
					"@loader_path/Frameworks",
				);
				PRODUCT_BUNDLE_IDENTIFIER = com.fassko.meteoTartuUnitTests;
				PRODUCT_NAME = "$(TARGET_NAME)";
				PROVISIONING_PROFILE_SPECIFIER = "";
				SWIFT_COMPILATION_MODE = wholemodule;
				SWIFT_OPTIMIZATION_LEVEL = "-O";
				SWIFT_VERSION = 5.0;
				TARGETED_DEVICE_FAMILY = "1,2";
				TEST_HOST = "$(BUILT_PRODUCTS_DIR)/TartuWeather.app/TartuWeather";
			};
			name = Release;
		};
		63330EB91DCF6FC0002194A3 /* Debug */ = {
			isa = XCBuildConfiguration;
			buildSettings = {
				CLANG_ANALYZER_NONNULL = YES;
				CLANG_WARN_DOCUMENTATION_COMMENTS = YES;
				CLANG_WARN_INFINITE_RECURSION = YES;
				CLANG_WARN_SUSPICIOUS_MOVES = YES;
				"CODE_SIGN_IDENTITY[sdk=iphoneos*]" = "iPhone Developer";
				DEVELOPMENT_TEAM = 3SGNZQGS68;
				INFOPLIST_FILE = meteoTartuUITests/Info.plist;
				LD_RUNPATH_SEARCH_PATHS = (
					"$(inherited)",
					"@executable_path/Frameworks",
					"@loader_path/Frameworks",
				);
				PRODUCT_BUNDLE_IDENTIFIER = com.fassko.meteoTartuUITests;
				PRODUCT_NAME = "$(TARGET_NAME)";
				PROVISIONING_PROFILE = "947bac6f-af3c-4a28-9196-f81e7581008c";
				PROVISIONING_PROFILE_SPECIFIER = "match Development com.fassko.meteoTartuUITests";
				SWIFT_ACTIVE_COMPILATION_CONDITIONS = DEBUG;
				SWIFT_VERSION = 5.0;
				TEST_TARGET_NAME = TartuWeather;
			};
			name = Debug;
		};
		63330EBA1DCF6FC0002194A3 /* Release */ = {
			isa = XCBuildConfiguration;
			buildSettings = {
				CLANG_ANALYZER_NONNULL = YES;
				CLANG_WARN_DOCUMENTATION_COMMENTS = YES;
				CLANG_WARN_INFINITE_RECURSION = YES;
				CLANG_WARN_SUSPICIOUS_MOVES = YES;
				"CODE_SIGN_IDENTITY[sdk=iphoneos*]" = "iPhone Developer";
				DEVELOPMENT_TEAM = 3SGNZQGS68;
				INFOPLIST_FILE = meteoTartuUITests/Info.plist;
				LD_RUNPATH_SEARCH_PATHS = (
					"$(inherited)",
					"@executable_path/Frameworks",
					"@loader_path/Frameworks",
				);
				PRODUCT_BUNDLE_IDENTIFIER = com.fassko.meteoTartuUITests;
				PRODUCT_NAME = "$(TARGET_NAME)";
				PROVISIONING_PROFILE = "947bac6f-af3c-4a28-9196-f81e7581008c";
				PROVISIONING_PROFILE_SPECIFIER = "match Development com.fassko.meteoTartuUITests";
				SWIFT_COMPILATION_MODE = wholemodule;
				SWIFT_OPTIMIZATION_LEVEL = "-O";
				SWIFT_VERSION = 5.0;
				TEST_TARGET_NAME = TartuWeather;
			};
			name = Release;
		};
		6348B1C81C4BF55300199EE5 /* Debug */ = {
			isa = XCBuildConfiguration;
			buildSettings = {
				ALWAYS_EMBED_SWIFT_STANDARD_LIBRARIES = YES;
				ALWAYS_SEARCH_USER_PATHS = NO;
				CLANG_ANALYZER_LOCALIZABILITY_NONLOCALIZED = YES;
				CLANG_CXX_LANGUAGE_STANDARD = "gnu++0x";
				CLANG_CXX_LIBRARY = "libc++";
				CLANG_ENABLE_MODULES = YES;
				CLANG_ENABLE_OBJC_ARC = YES;
				CLANG_WARN_BLOCK_CAPTURE_AUTORELEASING = YES;
				CLANG_WARN_BOOL_CONVERSION = YES;
				CLANG_WARN_COMMA = YES;
				CLANG_WARN_CONSTANT_CONVERSION = YES;
				CLANG_WARN_DEPRECATED_OBJC_IMPLEMENTATIONS = YES;
				CLANG_WARN_DIRECT_OBJC_ISA_USAGE = YES_ERROR;
				CLANG_WARN_EMPTY_BODY = YES;
				CLANG_WARN_ENUM_CONVERSION = YES;
				CLANG_WARN_INFINITE_RECURSION = YES;
				CLANG_WARN_INT_CONVERSION = YES;
				CLANG_WARN_NON_LITERAL_NULL_CONVERSION = YES;
				CLANG_WARN_OBJC_IMPLICIT_RETAIN_SELF = YES;
				CLANG_WARN_OBJC_LITERAL_CONVERSION = YES;
				CLANG_WARN_OBJC_ROOT_CLASS = YES_ERROR;
				CLANG_WARN_RANGE_LOOP_ANALYSIS = YES;
				CLANG_WARN_STRICT_PROTOTYPES = YES;
				CLANG_WARN_SUSPICIOUS_MOVE = YES;
				CLANG_WARN_UNREACHABLE_CODE = YES;
				CLANG_WARN__DUPLICATE_METHOD_MATCH = YES;
				CODE_SIGN_IDENTITY = "";
				"CODE_SIGN_IDENTITY[sdk=iphoneos*]" = "";
				COPY_PHASE_STRIP = NO;
				CURRENT_PROJECT_VERSION = 1.11.191101.2127;
				DEBUG_INFORMATION_FORMAT = "dwarf-with-dsym";
				ENABLE_STRICT_OBJC_MSGSEND = YES;
				ENABLE_TESTABILITY = YES;
				GCC_C_LANGUAGE_STANDARD = gnu99;
				GCC_DYNAMIC_NO_PIC = NO;
				GCC_NO_COMMON_BLOCKS = YES;
				GCC_OPTIMIZATION_LEVEL = 0;
				GCC_PREPROCESSOR_DEFINITIONS = (
					"DEBUG=1",
					"$(inherited)",
				);
				GCC_WARN_64_TO_32_BIT_CONVERSION = YES;
				GCC_WARN_ABOUT_RETURN_TYPE = YES_ERROR;
				GCC_WARN_UNDECLARED_SELECTOR = YES;
				GCC_WARN_UNINITIALIZED_AUTOS = YES_AGGRESSIVE;
				GCC_WARN_UNUSED_FUNCTION = YES;
				GCC_WARN_UNUSED_VARIABLE = YES;
				IPHONEOS_DEPLOYMENT_TARGET = 12.0;
				MTL_ENABLE_DEBUG_INFO = YES;
				ONLY_ACTIVE_ARCH = YES;
				SDKROOT = iphoneos;
				SWIFT_OPTIMIZATION_LEVEL = "-Onone";
				SWIFT_VERSION = 5.0;
				VERSIONING_SYSTEM = "apple-generic";
			};
			name = Debug;
		};
		6348B1C91C4BF55300199EE5 /* Release */ = {
			isa = XCBuildConfiguration;
			buildSettings = {
				ALWAYS_EMBED_SWIFT_STANDARD_LIBRARIES = YES;
				ALWAYS_SEARCH_USER_PATHS = NO;
				CLANG_ANALYZER_LOCALIZABILITY_NONLOCALIZED = YES;
				CLANG_CXX_LANGUAGE_STANDARD = "gnu++0x";
				CLANG_CXX_LIBRARY = "libc++";
				CLANG_ENABLE_MODULES = YES;
				CLANG_ENABLE_OBJC_ARC = YES;
				CLANG_WARN_BLOCK_CAPTURE_AUTORELEASING = YES;
				CLANG_WARN_BOOL_CONVERSION = YES;
				CLANG_WARN_COMMA = YES;
				CLANG_WARN_CONSTANT_CONVERSION = YES;
				CLANG_WARN_DEPRECATED_OBJC_IMPLEMENTATIONS = YES;
				CLANG_WARN_DIRECT_OBJC_ISA_USAGE = YES_ERROR;
				CLANG_WARN_EMPTY_BODY = YES;
				CLANG_WARN_ENUM_CONVERSION = YES;
				CLANG_WARN_INFINITE_RECURSION = YES;
				CLANG_WARN_INT_CONVERSION = YES;
				CLANG_WARN_NON_LITERAL_NULL_CONVERSION = YES;
				CLANG_WARN_OBJC_IMPLICIT_RETAIN_SELF = YES;
				CLANG_WARN_OBJC_LITERAL_CONVERSION = YES;
				CLANG_WARN_OBJC_ROOT_CLASS = YES_ERROR;
				CLANG_WARN_RANGE_LOOP_ANALYSIS = YES;
				CLANG_WARN_STRICT_PROTOTYPES = YES;
				CLANG_WARN_SUSPICIOUS_MOVE = YES;
				CLANG_WARN_UNREACHABLE_CODE = YES;
				CLANG_WARN__DUPLICATE_METHOD_MATCH = YES;
				CODE_SIGN_IDENTITY = "iPhone Distribution: Kristaps Grinbergs (3SGNZQGS68)";
				"CODE_SIGN_IDENTITY[sdk=iphoneos*]" = "iPhone Distribution: Kristaps Grinbergs (3SGNZQGS68)";
				COPY_PHASE_STRIP = NO;
				CURRENT_PROJECT_VERSION = 1.11.191101.2127;
				DEBUG_INFORMATION_FORMAT = "dwarf-with-dsym";
				ENABLE_NS_ASSERTIONS = NO;
				ENABLE_STRICT_OBJC_MSGSEND = YES;
				GCC_C_LANGUAGE_STANDARD = gnu99;
				GCC_NO_COMMON_BLOCKS = YES;
				GCC_WARN_64_TO_32_BIT_CONVERSION = YES;
				GCC_WARN_ABOUT_RETURN_TYPE = YES_ERROR;
				GCC_WARN_UNDECLARED_SELECTOR = YES;
				GCC_WARN_UNINITIALIZED_AUTOS = YES_AGGRESSIVE;
				GCC_WARN_UNUSED_FUNCTION = YES;
				GCC_WARN_UNUSED_VARIABLE = YES;
				IPHONEOS_DEPLOYMENT_TARGET = 12.0;
				MTL_ENABLE_DEBUG_INFO = NO;
				SDKROOT = iphoneos;
				SWIFT_COMPILATION_MODE = wholemodule;
				SWIFT_VERSION = 5.0;
				VALIDATE_PRODUCT = YES;
				VERSIONING_SYSTEM = "apple-generic";
			};
			name = Release;
		};
		6348B1CB1C4BF55300199EE5 /* Debug */ = {
			isa = XCBuildConfiguration;
			buildSettings = {
				ALWAYS_EMBED_SWIFT_STANDARD_LIBRARIES = "$(inherited)";
				ASSETCATALOG_COMPILER_APPICON_NAME = AppIcon;
				CODE_SIGN_ENTITLEMENTS = TartuWeather/TartuWeather.entitlements;
				CODE_SIGN_IDENTITY = "iPhone Developer";
				"CODE_SIGN_IDENTITY[sdk=iphoneos*]" = "iPhone Developer";
				DEFINES_MODULE = YES;
				DEVELOPMENT_TEAM = 3SGNZQGS68;
				FRAMEWORK_SEARCH_PATHS = (
					"$(inherited)",
					"$(PROJECT_DIR)",
				);
				INFOPLIST_FILE = TartuWeather/Info.plist;
				IPHONEOS_DEPLOYMENT_TARGET = 11.0;
				LD_RUNPATH_SEARCH_PATHS = (
					"$(inherited)",
					"@executable_path/Frameworks",
				);
				MARKETING_VERSION = 1.11;
				PRODUCT_BUNDLE_IDENTIFIER = com.fassko.TartuWeather;
				PRODUCT_NAME = "$(TARGET_NAME)";
				PROVISIONING_PROFILE = "4ff1016f-feae-4120-8d98-78baeac805d2";
				PROVISIONING_PROFILE_SPECIFIER = "match Development com.fassko.TartuWeather";
				SWIFT_VERSION = 5.0;
			};
			name = Debug;
		};
		6348B1CC1C4BF55300199EE5 /* Release */ = {
			isa = XCBuildConfiguration;
			buildSettings = {
				ALWAYS_EMBED_SWIFT_STANDARD_LIBRARIES = "$(inherited)";
				ASSETCATALOG_COMPILER_APPICON_NAME = AppIcon;
				CODE_SIGN_ENTITLEMENTS = TartuWeather/TartuWeather.entitlements;
				"CODE_SIGN_IDENTITY[sdk=iphoneos*]" = "iPhone Distribution";
				DEFINES_MODULE = YES;
				DEVELOPMENT_TEAM = 3SGNZQGS68;
				FRAMEWORK_SEARCH_PATHS = (
					"$(inherited)",
					"$(PROJECT_DIR)",
				);
				INFOPLIST_FILE = TartuWeather/Info.plist;
				IPHONEOS_DEPLOYMENT_TARGET = 11.0;
				LD_RUNPATH_SEARCH_PATHS = (
					"$(inherited)",
					"@executable_path/Frameworks",
				);
				MARKETING_VERSION = 1.11;
				PRODUCT_BUNDLE_IDENTIFIER = com.fassko.TartuWeather;
				PRODUCT_NAME = "$(TARGET_NAME)";
				PROVISIONING_PROFILE = "62333921-9767-4453-84d8-aa577b08da96";
				PROVISIONING_PROFILE_SPECIFIER = "match AppStore com.fassko.TartuWeather";
				SWIFT_VERSION = 5.0;
			};
			name = Release;
		};
		6348B1DF1C4BF6AA00199EE5 /* Debug */ = {
			isa = XCBuildConfiguration;
			buildSettings = {
				ALWAYS_EMBED_SWIFT_STANDARD_LIBRARIES = NO;
				"CODE_SIGN_IDENTITY[sdk=iphoneos*]" = "iPhone Developer";
				DEFINES_MODULE = YES;
				DEVELOPMENT_TEAM = 3SGNZQGS68;
				FRAMEWORK_SEARCH_PATHS = "$(inherited)";
				INFOPLIST_FILE = TartuWeatherWidget/Info.plist;
				IPHONEOS_DEPLOYMENT_TARGET = 11.0;
				LD_RUNPATH_SEARCH_PATHS = (
					"@executable_path/../../Frameworks",
					"$(inherited)",
					"@executable_path/Frameworks",
				);
				MARKETING_VERSION = 1.11;
				PRODUCT_BUNDLE_IDENTIFIER = com.fassko.TartuWeather.TartuWeatherWidget;
				PRODUCT_NAME = "$(TARGET_NAME)";
				PROVISIONING_PROFILE = "a0ba7df5-fd7c-439c-b75e-7d0974d968bf";
				PROVISIONING_PROFILE_SPECIFIER = "match Development com.fassko.TartuWeather.TartuWeatherWidget";
				SKIP_INSTALL = YES;
				SWIFT_VERSION = 5.0;
			};
			name = Debug;
		};
		6348B1E01C4BF6AA00199EE5 /* Release */ = {
			isa = XCBuildConfiguration;
			buildSettings = {
				ALWAYS_EMBED_SWIFT_STANDARD_LIBRARIES = NO;
				"CODE_SIGN_IDENTITY[sdk=iphoneos*]" = "iPhone Distribution";
				DEFINES_MODULE = YES;
				DEVELOPMENT_TEAM = 3SGNZQGS68;
				FRAMEWORK_SEARCH_PATHS = "$(inherited)";
				INFOPLIST_FILE = TartuWeatherWidget/Info.plist;
				IPHONEOS_DEPLOYMENT_TARGET = 11.0;
				LD_RUNPATH_SEARCH_PATHS = (
					"@executable_path/../../Frameworks",
					"$(inherited)",
					"@executable_path/Frameworks",
				);
				MARKETING_VERSION = 1.11;
				PRODUCT_BUNDLE_IDENTIFIER = com.fassko.TartuWeather.TartuWeatherWidget;
				PRODUCT_NAME = "$(TARGET_NAME)";
				PROVISIONING_PROFILE = "833bcec3-77a3-4af7-bcf0-67b5ca55a532";
				PROVISIONING_PROFILE_SPECIFIER = "match AppStore com.fassko.TartuWeather.TartuWeatherWidget";
				SKIP_INSTALL = YES;
				SWIFT_VERSION = 5.0;
			};
			name = Release;
		};
		635860C91E4767D6006E394D /* Debug */ = {
			isa = XCBuildConfiguration;
			buildSettings = {
				ALWAYS_EMBED_SWIFT_STANDARD_LIBRARIES = NO;
				ASSETCATALOG_COMPILER_APPICON_NAME = AppIcon;
				CLANG_ANALYZER_NONNULL = YES;
				CLANG_WARN_DOCUMENTATION_COMMENTS = YES;
				CLANG_WARN_INFINITE_RECURSION = YES;
				CLANG_WARN_SUSPICIOUS_MOVE = YES;
				CODE_SIGN_IDENTITY = "iPhone Distribution";
				"CODE_SIGN_IDENTITY[sdk=watchos*]" = "iPhone Developer";
				DEVELOPMENT_TEAM = 3SGNZQGS68;
				IBSC_MODULE = WatchApp_Extension;
				INFOPLIST_FILE = WatchApp/Info.plist;
				MARKETING_VERSION = 1.11;
				PRODUCT_BUNDLE_IDENTIFIER = com.fassko.TartuWeather.watchkitapp;
				PRODUCT_NAME = "$(TARGET_NAME)";
				PROVISIONING_PROFILE = "a2478c99-4a5b-48ee-83fb-a44b7aec2daf";
				PROVISIONING_PROFILE_SPECIFIER = "match Development com.fassko.TartuWeather.watchkitapp";
				SDKROOT = watchos;
				SKIP_INSTALL = YES;
				SWIFT_ACTIVE_COMPILATION_CONDITIONS = DEBUG;
				SWIFT_VERSION = 3.0;
				TARGETED_DEVICE_FAMILY = 4;
				WATCHOS_DEPLOYMENT_TARGET = 4.0;
			};
			name = Debug;
		};
		635860CA1E4767D6006E394D /* Release */ = {
			isa = XCBuildConfiguration;
			buildSettings = {
				ALWAYS_EMBED_SWIFT_STANDARD_LIBRARIES = NO;
				ASSETCATALOG_COMPILER_APPICON_NAME = AppIcon;
				CLANG_ANALYZER_NONNULL = YES;
				CLANG_WARN_DOCUMENTATION_COMMENTS = YES;
				CLANG_WARN_INFINITE_RECURSION = YES;
				CLANG_WARN_SUSPICIOUS_MOVE = YES;
				"CODE_SIGN_IDENTITY[sdk=watchos*]" = "iPhone Distribution";
				DEVELOPMENT_TEAM = 3SGNZQGS68;
				IBSC_MODULE = WatchApp_Extension;
				INFOPLIST_FILE = WatchApp/Info.plist;
				MARKETING_VERSION = 1.11;
				PRODUCT_BUNDLE_IDENTIFIER = com.fassko.TartuWeather.watchkitapp;
				PRODUCT_NAME = "$(TARGET_NAME)";
				PROVISIONING_PROFILE = "014910b9-a7a8-4153-b36a-78085c3d8865";
				PROVISIONING_PROFILE_SPECIFIER = "match AppStore com.fassko.TartuWeather.watchkitapp";
				SDKROOT = watchos;
				SKIP_INSTALL = YES;
				SWIFT_COMPILATION_MODE = wholemodule;
				SWIFT_OPTIMIZATION_LEVEL = "-O";
				SWIFT_VERSION = 3.0;
				TARGETED_DEVICE_FAMILY = 4;
				WATCHOS_DEPLOYMENT_TARGET = 4.0;
			};
			name = Release;
		};
		635860CB1E4767D6006E394D /* Debug */ = {
			isa = XCBuildConfiguration;
			buildSettings = {
				ALWAYS_EMBED_SWIFT_STANDARD_LIBRARIES = "$(inherited)";
				ASSETCATALOG_COMPILER_COMPLICATION_NAME = "";
				CLANG_ANALYZER_NONNULL = YES;
				CLANG_WARN_DOCUMENTATION_COMMENTS = YES;
				CLANG_WARN_INFINITE_RECURSION = YES;
				CLANG_WARN_SUSPICIOUS_MOVE = YES;
				"CODE_SIGN_IDENTITY[sdk=watchos*]" = "iPhone Developer";
				DEVELOPMENT_TEAM = 3SGNZQGS68;
				INFOPLIST_FILE = "WatchApp Extension/Info.plist";
				LD_RUNPATH_SEARCH_PATHS = (
					"$(inherited)",
					"@executable_path/Frameworks",
				);
				MARKETING_VERSION = 1.11;
				PRODUCT_BUNDLE_IDENTIFIER = com.fassko.TartuWeather.watchkitapp.watchkitextension;
				PRODUCT_NAME = "${TARGET_NAME}";
				PROVISIONING_PROFILE = "421cd319-c132-4202-a24d-23142494f2f9";
				PROVISIONING_PROFILE_SPECIFIER = "match Development com.fassko.TartuWeather.watchkitapp.watchkitextension";
				SDKROOT = watchos;
				SKIP_INSTALL = YES;
				SWIFT_ACTIVE_COMPILATION_CONDITIONS = DEBUG;
				SWIFT_VERSION = 5.0;
				TARGETED_DEVICE_FAMILY = 4;
				WATCHOS_DEPLOYMENT_TARGET = 4.0;
			};
			name = Debug;
		};
		635860CC1E4767D6006E394D /* Release */ = {
			isa = XCBuildConfiguration;
			buildSettings = {
				ALWAYS_EMBED_SWIFT_STANDARD_LIBRARIES = "$(inherited)";
				ASSETCATALOG_COMPILER_COMPLICATION_NAME = "";
				CLANG_ANALYZER_NONNULL = YES;
				CLANG_WARN_DOCUMENTATION_COMMENTS = YES;
				CLANG_WARN_INFINITE_RECURSION = YES;
				CLANG_WARN_SUSPICIOUS_MOVE = YES;
				"CODE_SIGN_IDENTITY[sdk=watchos*]" = "iPhone Distribution";
				DEVELOPMENT_TEAM = 3SGNZQGS68;
				INFOPLIST_FILE = "WatchApp Extension/Info.plist";
				LD_RUNPATH_SEARCH_PATHS = (
					"$(inherited)",
					"@executable_path/Frameworks",
				);
				MARKETING_VERSION = 1.11;
				PRODUCT_BUNDLE_IDENTIFIER = com.fassko.TartuWeather.watchkitapp.watchkitextension;
				PRODUCT_NAME = "${TARGET_NAME}";
				PROVISIONING_PROFILE = "11e4f6c6-2d14-40d7-99fb-9dc0acce2a0c";
				PROVISIONING_PROFILE_SPECIFIER = "match AppStore com.fassko.TartuWeather.watchkitapp.watchkitextension";
				SDKROOT = watchos;
				SKIP_INSTALL = YES;
				SWIFT_COMPILATION_MODE = wholemodule;
				SWIFT_OPTIMIZATION_LEVEL = "-O";
				SWIFT_VERSION = 5.0;
				TARGETED_DEVICE_FAMILY = 4;
				WATCHOS_DEPLOYMENT_TARGET = 4.0;
			};
			name = Release;
		};
		63A8D4021F6EF37D007480CC /* Debug */ = {
			isa = XCBuildConfiguration;
			buildSettings = {
				ALWAYS_EMBED_SWIFT_STANDARD_LIBRARIES = NO;
				CLANG_ANALYZER_NONNULL = YES;
				CLANG_ANALYZER_NUMBER_OBJECT_CONVERSION = YES_AGGRESSIVE;
				CLANG_CXX_LANGUAGE_STANDARD = "gnu++14";
				CLANG_WARN_BLOCK_CAPTURE_AUTORELEASING = YES;
				CLANG_WARN_COMMA = YES;
				CLANG_WARN_DOCUMENTATION_COMMENTS = YES;
				CLANG_WARN_INFINITE_RECURSION = YES;
				CLANG_WARN_NON_LITERAL_NULL_CONVERSION = YES;
				CLANG_WARN_OBJC_LITERAL_CONVERSION = YES;
				CLANG_WARN_RANGE_LOOP_ANALYSIS = YES;
				CLANG_WARN_STRICT_PROTOTYPES = YES;
				CLANG_WARN_SUSPICIOUS_MOVE = YES;
				CLANG_WARN_UNGUARDED_AVAILABILITY = YES_AGGRESSIVE;
				CODE_SIGN_IDENTITY = "iPhone Developer";
				"CODE_SIGN_IDENTITY[sdk=iphoneos*]" = "iPhone Developer";
				CODE_SIGN_STYLE = Manual;
				DEVELOPMENT_TEAM = 3SGNZQGS68;
				GCC_C_LANGUAGE_STANDARD = gnu11;
				INFOPLIST_FILE = TartuWeatherShareExtension/Info.plist;
				IPHONEOS_DEPLOYMENT_TARGET = 11.0;
				LD_RUNPATH_SEARCH_PATHS = (
					"$(inherited)",
					"@executable_path/Frameworks",
				);
				MARKETING_VERSION = 1.11;
				PRODUCT_BUNDLE_IDENTIFIER = com.fassko.TartuWeather.TartuWeatherShareExtension;
				PRODUCT_NAME = "$(TARGET_NAME)";
				PROVISIONING_PROFILE = "c8dffd83-0a6c-44da-8d82-c86d7bcafc11";
				PROVISIONING_PROFILE_SPECIFIER = "match Development com.fassko.TartuWeather.TartuWeatherShareExtension";
				SKIP_INSTALL = YES;
				SWIFT_ACTIVE_COMPILATION_CONDITIONS = DEBUG;
				SWIFT_VERSION = 5.0;
				TARGETED_DEVICE_FAMILY = "1,2";
			};
			name = Debug;
		};
		63A8D4031F6EF37D007480CC /* Release */ = {
			isa = XCBuildConfiguration;
			buildSettings = {
				ALWAYS_EMBED_SWIFT_STANDARD_LIBRARIES = NO;
				CLANG_ANALYZER_NONNULL = YES;
				CLANG_ANALYZER_NUMBER_OBJECT_CONVERSION = YES_AGGRESSIVE;
				CLANG_CXX_LANGUAGE_STANDARD = "gnu++14";
				CLANG_WARN_BLOCK_CAPTURE_AUTORELEASING = YES;
				CLANG_WARN_COMMA = YES;
				CLANG_WARN_DOCUMENTATION_COMMENTS = YES;
				CLANG_WARN_INFINITE_RECURSION = YES;
				CLANG_WARN_NON_LITERAL_NULL_CONVERSION = YES;
				CLANG_WARN_OBJC_LITERAL_CONVERSION = YES;
				CLANG_WARN_RANGE_LOOP_ANALYSIS = YES;
				CLANG_WARN_STRICT_PROTOTYPES = YES;
				CLANG_WARN_SUSPICIOUS_MOVE = YES;
				CLANG_WARN_UNGUARDED_AVAILABILITY = YES_AGGRESSIVE;
				CODE_SIGN_IDENTITY = "iPhone Distribution: Kristaps Grinbergs (3SGNZQGS68)";
				"CODE_SIGN_IDENTITY[sdk=iphoneos*]" = "iPhone Distribution: Kristaps Grinbergs (3SGNZQGS68)";
				CODE_SIGN_STYLE = Manual;
				DEVELOPMENT_TEAM = 3SGNZQGS68;
				GCC_C_LANGUAGE_STANDARD = gnu11;
				INFOPLIST_FILE = TartuWeatherShareExtension/Info.plist;
				IPHONEOS_DEPLOYMENT_TARGET = 11.0;
				LD_RUNPATH_SEARCH_PATHS = (
					"$(inherited)",
					"@executable_path/Frameworks",
				);
				MARKETING_VERSION = 1.11;
				PRODUCT_BUNDLE_IDENTIFIER = com.fassko.TartuWeather.TartuWeatherShareExtension;
				PRODUCT_NAME = "$(TARGET_NAME)";
				PROVISIONING_PROFILE = "3b7f0acc-35e6-491c-877f-36a062057413";
				PROVISIONING_PROFILE_SPECIFIER = "match AppStore com.fassko.TartuWeather.TartuWeatherShareExtension";
				SKIP_INSTALL = YES;
				SWIFT_COMPILATION_MODE = wholemodule;
				SWIFT_OPTIMIZATION_LEVEL = "-O";
				SWIFT_VERSION = 5.0;
				TARGETED_DEVICE_FAMILY = "1,2";
			};
			name = Release;
		};
		63F54EB821BD62DA00A44EF5 /* Debug */ = {
			isa = XCBuildConfiguration;
			buildSettings = {
				ALWAYS_EMBED_SWIFT_STANDARD_LIBRARIES = NO;
				CLANG_ANALYZER_NONNULL = YES;
				CLANG_ANALYZER_NUMBER_OBJECT_CONVERSION = YES_AGGRESSIVE;
				CLANG_CXX_LANGUAGE_STANDARD = "gnu++14";
				CLANG_ENABLE_OBJC_WEAK = YES;
				CLANG_WARN_DOCUMENTATION_COMMENTS = YES;
				CLANG_WARN_UNGUARDED_AVAILABILITY = YES_AGGRESSIVE;
				CODE_SIGN_ENTITLEMENTS = TemperatureIntents/TemperatureIntents.entitlements;
				CODE_SIGN_IDENTITY = "iPhone Developer";
				"CODE_SIGN_IDENTITY[sdk=iphoneos*]" = "iPhone Developer";
				CODE_SIGN_STYLE = Manual;
				DEBUG_INFORMATION_FORMAT = dwarf;
				DEVELOPMENT_TEAM = 3SGNZQGS68;
				GCC_C_LANGUAGE_STANDARD = gnu11;
				INFOPLIST_FILE = TemperatureIntents/Info.plist;
				IPHONEOS_DEPLOYMENT_TARGET = 11.0;
				LD_RUNPATH_SEARCH_PATHS = (
					"$(inherited)",
					"@executable_path/Frameworks",
					"@executable_path/../../Frameworks",
				);
				MARKETING_VERSION = 1.11;
				MTL_ENABLE_DEBUG_INFO = INCLUDE_SOURCE;
				MTL_FAST_MATH = YES;
				PRODUCT_BUNDLE_IDENTIFIER = com.fassko.TartuWeather.TemperatureIntents;
				PRODUCT_NAME = "$(TARGET_NAME)";
				PROVISIONING_PROFILE_SPECIFIER = "match Development com.fassko.TartuWeather.TemperatureIntents";
				SKIP_INSTALL = YES;
				SWIFT_ACTIVE_COMPILATION_CONDITIONS = DEBUG;
				SWIFT_VERSION = 5.0;
				TARGETED_DEVICE_FAMILY = "1,2";
			};
			name = Debug;
		};
		63F54EB921BD62DA00A44EF5 /* Release */ = {
			isa = XCBuildConfiguration;
			buildSettings = {
				ALWAYS_EMBED_SWIFT_STANDARD_LIBRARIES = NO;
				CLANG_ANALYZER_NONNULL = YES;
				CLANG_ANALYZER_NUMBER_OBJECT_CONVERSION = YES_AGGRESSIVE;
				CLANG_CXX_LANGUAGE_STANDARD = "gnu++14";
				CLANG_ENABLE_OBJC_WEAK = YES;
				CLANG_WARN_DOCUMENTATION_COMMENTS = YES;
				CLANG_WARN_UNGUARDED_AVAILABILITY = YES_AGGRESSIVE;
				CODE_SIGN_ENTITLEMENTS = TemperatureIntents/TemperatureIntents.entitlements;
				CODE_SIGN_IDENTITY = "iPhone Distribution: Kristaps Grinbergs (3SGNZQGS68)";
				"CODE_SIGN_IDENTITY[sdk=iphoneos*]" = "iPhone Distribution: Kristaps Grinbergs (3SGNZQGS68)";
				CODE_SIGN_STYLE = Manual;
				DEVELOPMENT_TEAM = 3SGNZQGS68;
				GCC_C_LANGUAGE_STANDARD = gnu11;
				INFOPLIST_FILE = TemperatureIntents/Info.plist;
				IPHONEOS_DEPLOYMENT_TARGET = 11.0;
				LD_RUNPATH_SEARCH_PATHS = (
					"$(inherited)",
					"@executable_path/Frameworks",
					"@executable_path/../../Frameworks",
				);
				MARKETING_VERSION = 1.11;
				MTL_FAST_MATH = YES;
				PRODUCT_BUNDLE_IDENTIFIER = com.fassko.TartuWeather.TemperatureIntents;
				PRODUCT_NAME = "$(TARGET_NAME)";
				PROVISIONING_PROFILE_SPECIFIER = "match AppStore com.fassko.TartuWeather.TemperatureIntents";
				SKIP_INSTALL = YES;
				SWIFT_OPTIMIZATION_LEVEL = "-O";
				SWIFT_VERSION = 5.0;
				TARGETED_DEVICE_FAMILY = "1,2";
			};
			name = Release;
		};
/* End XCBuildConfiguration section */

/* Begin XCConfigurationList section */
		632965952041633700F81E83 /* Build configuration list for PBXNativeTarget "meteoTartuUnitTests" */ = {
			isa = XCConfigurationList;
			buildConfigurations = (
				632965932041633700F81E83 /* Debug */,
				632965942041633700F81E83 /* Release */,
			);
			defaultConfigurationIsVisible = 0;
			defaultConfigurationName = Release;
		};
		63330EBB1DCF6FC0002194A3 /* Build configuration list for PBXNativeTarget "meteoTartuUITests" */ = {
			isa = XCConfigurationList;
			buildConfigurations = (
				63330EB91DCF6FC0002194A3 /* Debug */,
				63330EBA1DCF6FC0002194A3 /* Release */,
			);
			defaultConfigurationIsVisible = 0;
			defaultConfigurationName = Release;
		};
		6348B1B31C4BF55300199EE5 /* Build configuration list for PBXProject "TartuWeather" */ = {
			isa = XCConfigurationList;
			buildConfigurations = (
				6348B1C81C4BF55300199EE5 /* Debug */,
				6348B1C91C4BF55300199EE5 /* Release */,
			);
			defaultConfigurationIsVisible = 0;
			defaultConfigurationName = Release;
		};
		6348B1CA1C4BF55300199EE5 /* Build configuration list for PBXNativeTarget "TartuWeather" */ = {
			isa = XCConfigurationList;
			buildConfigurations = (
				6348B1CB1C4BF55300199EE5 /* Debug */,
				6348B1CC1C4BF55300199EE5 /* Release */,
			);
			defaultConfigurationIsVisible = 0;
			defaultConfigurationName = Release;
		};
		6348B1E11C4BF6AA00199EE5 /* Build configuration list for PBXNativeTarget "TartuWeatherWidget" */ = {
			isa = XCConfigurationList;
			buildConfigurations = (
				6348B1DF1C4BF6AA00199EE5 /* Debug */,
				6348B1E01C4BF6AA00199EE5 /* Release */,
			);
			defaultConfigurationIsVisible = 0;
			defaultConfigurationName = Release;
		};
		635860CD1E4767D6006E394D /* Build configuration list for PBXNativeTarget "WatchApp Extension" */ = {
			isa = XCConfigurationList;
			buildConfigurations = (
				635860CB1E4767D6006E394D /* Debug */,
				635860CC1E4767D6006E394D /* Release */,
			);
			defaultConfigurationIsVisible = 0;
			defaultConfigurationName = Release;
		};
		635860CF1E4767D6006E394D /* Build configuration list for PBXNativeTarget "WatchApp" */ = {
			isa = XCConfigurationList;
			buildConfigurations = (
				635860C91E4767D6006E394D /* Debug */,
				635860CA1E4767D6006E394D /* Release */,
			);
			defaultConfigurationIsVisible = 0;
			defaultConfigurationName = Release;
		};
		63A8D4011F6EF37D007480CC /* Build configuration list for PBXNativeTarget "TartuWeatherShareExtension" */ = {
			isa = XCConfigurationList;
			buildConfigurations = (
				63A8D4021F6EF37D007480CC /* Debug */,
				63A8D4031F6EF37D007480CC /* Release */,
			);
			defaultConfigurationIsVisible = 0;
			defaultConfigurationName = Release;
		};
		63F54EB721BD62DA00A44EF5 /* Build configuration list for PBXNativeTarget "TemperatureIntents" */ = {
			isa = XCConfigurationList;
			buildConfigurations = (
				63F54EB821BD62DA00A44EF5 /* Debug */,
				63F54EB921BD62DA00A44EF5 /* Release */,
			);
			defaultConfigurationIsVisible = 0;
			defaultConfigurationName = Release;
		};
/* End XCConfigurationList section */

/* Begin XCRemoteSwiftPackageReference section */
		630541D023536F7F00D673E6 /* XCRemoteSwiftPackageReference "Lightbox" */ = {
			isa = XCRemoteSwiftPackageReference;
			repositoryURL = "https://github.com/fassko/Lightbox.git";
			requirement = {
				branch = master;
				kind = branch;
			};
		};
		630541D3235378BC00D673E6 /* XCRemoteSwiftPackageReference "Charts" */ = {
			isa = XCRemoteSwiftPackageReference;
			repositoryURL = "https://github.com/danielgindi/Charts";
			requirement = {
				kind = upToNextMajorVersion;
				minimumVersion = 3.4.0;
			};
		};
		632E9F6E235648BD00361142 /* XCRemoteSwiftPackageReference "TartuWeatherProvider" */ = {
			isa = XCRemoteSwiftPackageReference;
			repositoryURL = "https://github.com/fassko/TartuWeatherProvider";
			requirement = {
				branch = master;
				kind = branch;
			};
		};
		637A05652354E60200BBDEBA /* XCRemoteSwiftPackageReference "Kingfisher" */ = {
			isa = XCRemoteSwiftPackageReference;
			repositoryURL = "https://github.com/onevcat/Kingfisher";
			requirement = {
				kind = upToNextMajorVersion;
				minimumVersion = 5.8.3;
			};
		};
/* End XCRemoteSwiftPackageReference section */

/* Begin XCSwiftPackageProductDependency section */
		630541D123536F7F00D673E6 /* Lightbox */ = {
			isa = XCSwiftPackageProductDependency;
			package = 630541D023536F7F00D673E6 /* XCRemoteSwiftPackageReference "Lightbox" */;
			productName = Lightbox;
		};
		630541D4235378BC00D673E6 /* Charts */ = {
			isa = XCSwiftPackageProductDependency;
			package = 630541D3235378BC00D673E6 /* XCRemoteSwiftPackageReference "Charts" */;
			productName = Charts;
		};
		632E9F6F235648BD00361142 /* TartuWeatherProvider */ = {
			isa = XCSwiftPackageProductDependency;
			package = 632E9F6E235648BD00361142 /* XCRemoteSwiftPackageReference "TartuWeatherProvider" */;
			productName = TartuWeatherProvider;
		};
		634266772356493300700E2C /* TartuWeatherProvider */ = {
			isa = XCSwiftPackageProductDependency;
			package = 632E9F6E235648BD00361142 /* XCRemoteSwiftPackageReference "TartuWeatherProvider" */;
			productName = TartuWeatherProvider;
		};
		634266792356493A00700E2C /* TartuWeatherProvider */ = {
			isa = XCSwiftPackageProductDependency;
			package = 632E9F6E235648BD00361142 /* XCRemoteSwiftPackageReference "TartuWeatherProvider" */;
			productName = TartuWeatherProvider;
		};
		6342667B2356494100700E2C /* TartuWeatherProvider */ = {
			isa = XCSwiftPackageProductDependency;
			package = 632E9F6E235648BD00361142 /* XCRemoteSwiftPackageReference "TartuWeatherProvider" */;
			productName = TartuWeatherProvider;
		};
		6342667D2356494900700E2C /* TartuWeatherProvider */ = {
			isa = XCSwiftPackageProductDependency;
			package = 632E9F6E235648BD00361142 /* XCRemoteSwiftPackageReference "TartuWeatherProvider" */;
			productName = TartuWeatherProvider;
		};
		637A05662354E60200BBDEBA /* Kingfisher */ = {
			isa = XCSwiftPackageProductDependency;
			package = 637A05652354E60200BBDEBA /* XCRemoteSwiftPackageReference "Kingfisher" */;
			productName = Kingfisher;
		};
		637A05682354E61500BBDEBA /* Kingfisher */ = {
			isa = XCSwiftPackageProductDependency;
			package = 637A05652354E60200BBDEBA /* XCRemoteSwiftPackageReference "Kingfisher" */;
			productName = Kingfisher;
		};
		63F0BA74236CC6DC00ED7911 /* TartuWeatherProvider */ = {
			isa = XCSwiftPackageProductDependency;
			package = 632E9F6E235648BD00361142 /* XCRemoteSwiftPackageReference "TartuWeatherProvider" */;
			productName = TartuWeatherProvider;
		};
/* End XCSwiftPackageProductDependency section */
	};
	rootObject = 6348B1B01C4BF55300199EE5 /* Project object */;
}
