// !$*UTF8*$!
{
	archiveVersion = 1;
	classes = {
	};
	objectVersion = 48;
	objects = {

/* Begin PBXBuildFile section */
		34D530D9DF5724D7C3C7730E /* Pods_TartuWeatherWidget.framework in Frameworks */ = {isa = PBXBuildFile; fileRef = 88C813C3270B0B33D4BB36CE /* Pods_TartuWeatherWidget.framework */; };
		4BD29E25996187EA70D87239 /* Pods_TartuWeather.framework in Frameworks */ = {isa = PBXBuildFile; fileRef = F0E690EF839D409767A8C3DF /* Pods_TartuWeather.framework */; };
		57F7489910D553648B5E6984 /* Pods_meteoTartuUnitTests.framework in Frameworks */ = {isa = PBXBuildFile; fileRef = 10E55C285629A36B7C18B5C3 /* Pods_meteoTartuUnitTests.framework */; };
		63330EAC1DCF4E23002194A3 /* WeatherAPI.swift in Sources */ = {isa = PBXBuildFile; fileRef = 6348B1EE1C4BF6FD00199EE5 /* WeatherAPI.swift */; };
		63330EB51DCF6FC0002194A3 /* meteoTartuUITests.swift in Sources */ = {isa = PBXBuildFile; fileRef = 63330EB41DCF6FC0002194A3 /* meteoTartuUITests.swift */; };
		63330EBD1DCF7142002194A3 /* SnapshotHelper.swift in Sources */ = {isa = PBXBuildFile; fileRef = 63330EBC1DCF7142002194A3 /* SnapshotHelper.swift */; };
		63330ED81DCFB435002194A3 /* meteoTartuUnitTests.swift in Sources */ = {isa = PBXBuildFile; fileRef = 63330ED71DCFB435002194A3 /* meteoTartuUnitTests.swift */; };
		63330EE21DCFBBAF002194A3 /* WeatherAPI.swift in Sources */ = {isa = PBXBuildFile; fileRef = 6348B1EE1C4BF6FD00199EE5 /* WeatherAPI.swift */; };
		6348B1BC1C4BF55300199EE5 /* AppDelegate.swift in Sources */ = {isa = PBXBuildFile; fileRef = 6348B1BB1C4BF55300199EE5 /* AppDelegate.swift */; };
		6348B1BE1C4BF55300199EE5 /* ViewController.swift in Sources */ = {isa = PBXBuildFile; fileRef = 6348B1BD1C4BF55300199EE5 /* ViewController.swift */; };
		6348B1C11C4BF55300199EE5 /* Main.storyboard in Resources */ = {isa = PBXBuildFile; fileRef = 6348B1BF1C4BF55300199EE5 /* Main.storyboard */; };
		6348B1C31C4BF55300199EE5 /* Assets.xcassets in Resources */ = {isa = PBXBuildFile; fileRef = 6348B1C21C4BF55300199EE5 /* Assets.xcassets */; };
		6348B1C61C4BF55300199EE5 /* LaunchScreen.storyboard in Resources */ = {isa = PBXBuildFile; fileRef = 6348B1C41C4BF55300199EE5 /* LaunchScreen.storyboard */; };
		6348B1D41C4BF6AA00199EE5 /* NotificationCenter.framework in Frameworks */ = {isa = PBXBuildFile; fileRef = 6348B1D31C4BF6AA00199EE5 /* NotificationCenter.framework */; };
		6348B1D71C4BF6AA00199EE5 /* TodayViewController.swift in Sources */ = {isa = PBXBuildFile; fileRef = 6348B1D61C4BF6AA00199EE5 /* TodayViewController.swift */; };
		6348B1DA1C4BF6AA00199EE5 /* MainInterface.storyboard in Resources */ = {isa = PBXBuildFile; fileRef = 6348B1D81C4BF6AA00199EE5 /* MainInterface.storyboard */; };
		6348B1DE1C4BF6AA00199EE5 /* TartuWeatherWidget.appex in Embed App Extensions */ = {isa = PBXBuildFile; fileRef = 6348B1D11C4BF6AA00199EE5 /* TartuWeatherWidget.appex */; settings = {ATTRIBUTES = (RemoveHeadersOnCopy, ); }; };
		6348B1EF1C4BF6FD00199EE5 /* WeatherAPI.swift in Sources */ = {isa = PBXBuildFile; fileRef = 6348B1EE1C4BF6FD00199EE5 /* WeatherAPI.swift */; };
		63AFB7F71C5D3D93004A58E1 /* thermometer35.png in Resources */ = {isa = PBXBuildFile; fileRef = 63AFB7F41C5D3D93004A58E1 /* thermometer35.png */; };
		63AFB7F81C5D3D93004A58E1 /* thermometer35@2x.png in Resources */ = {isa = PBXBuildFile; fileRef = 63AFB7F51C5D3D93004A58E1 /* thermometer35@2x.png */; };
		63AFB7F91C5D3D93004A58E1 /* thermometer35@3x.png in Resources */ = {isa = PBXBuildFile; fileRef = 63AFB7F61C5D3D93004A58E1 /* thermometer35@3x.png */; };
		CBAF194F880473B9448FA75F /* Pods_meteoTartuUITests.framework in Frameworks */ = {isa = PBXBuildFile; fileRef = F7FE573D846FCB7E3E575D29 /* Pods_meteoTartuUITests.framework */; };
/* End PBXBuildFile section */

/* Begin PBXContainerItemProxy section */
		63330EB71DCF6FC0002194A3 /* PBXContainerItemProxy */ = {
			isa = PBXContainerItemProxy;
			containerPortal = 6348B1B01C4BF55300199EE5 /* Project object */;
			proxyType = 1;
			remoteGlobalIDString = 6348B1B71C4BF55300199EE5;
			remoteInfo = TartuWeather;
		};
		63330EDA1DCFB435002194A3 /* PBXContainerItemProxy */ = {
			isa = PBXContainerItemProxy;
			containerPortal = 6348B1B01C4BF55300199EE5 /* Project object */;
			proxyType = 1;
			remoteGlobalIDString = 6348B1B71C4BF55300199EE5;
			remoteInfo = TartuWeather;
		};
		6348B1DC1C4BF6AA00199EE5 /* PBXContainerItemProxy */ = {
			isa = PBXContainerItemProxy;
			containerPortal = 6348B1B01C4BF55300199EE5 /* Project object */;
			proxyType = 1;
			remoteGlobalIDString = 6348B1D01C4BF6AA00199EE5;
			remoteInfo = TartuWeatherWidget;
		};
/* End PBXContainerItemProxy section */

/* Begin PBXCopyFilesBuildPhase section */
		6348B1E21C4BF6AA00199EE5 /* Embed App Extensions */ = {
			isa = PBXCopyFilesBuildPhase;
			buildActionMask = 2147483647;
			dstPath = "";
			dstSubfolderSpec = 13;
			files = (
				6348B1DE1C4BF6AA00199EE5 /* TartuWeatherWidget.appex in Embed App Extensions */,
			);
			name = "Embed App Extensions";
			runOnlyForDeploymentPostprocessing = 0;
		};
		6348B1E61C4BF6C100199EE5 /* Embed Frameworks */ = {
			isa = PBXCopyFilesBuildPhase;
			buildActionMask = 2147483647;
			dstPath = "";
			dstSubfolderSpec = 10;
			files = (
			);
			name = "Embed Frameworks";
			runOnlyForDeploymentPostprocessing = 0;
		};
/* End PBXCopyFilesBuildPhase section */

/* Begin PBXFileReference section */
		0EA80CC296C2C4962EC68C3A /* Pods-TartuWeather.debug.xcconfig */ = {isa = PBXFileReference; includeInIndex = 1; lastKnownFileType = text.xcconfig; name = "Pods-TartuWeather.debug.xcconfig"; path = "Pods/Target Support Files/Pods-TartuWeather/Pods-TartuWeather.debug.xcconfig"; sourceTree = "<group>"; };
		10E55C285629A36B7C18B5C3 /* Pods_meteoTartuUnitTests.framework */ = {isa = PBXFileReference; explicitFileType = wrapper.framework; includeInIndex = 0; path = Pods_meteoTartuUnitTests.framework; sourceTree = BUILT_PRODUCTS_DIR; };
		63330EB21DCF6FBF002194A3 /* meteoTartuUITests.xctest */ = {isa = PBXFileReference; explicitFileType = wrapper.cfbundle; includeInIndex = 0; path = meteoTartuUITests.xctest; sourceTree = BUILT_PRODUCTS_DIR; };
		63330EB41DCF6FC0002194A3 /* meteoTartuUITests.swift */ = {isa = PBXFileReference; lastKnownFileType = sourcecode.swift; path = meteoTartuUITests.swift; sourceTree = "<group>"; };
		63330EB61DCF6FC0002194A3 /* Info.plist */ = {isa = PBXFileReference; lastKnownFileType = text.plist.xml; path = Info.plist; sourceTree = "<group>"; };
		63330EBC1DCF7142002194A3 /* SnapshotHelper.swift */ = {isa = PBXFileReference; fileEncoding = 4; lastKnownFileType = sourcecode.swift; path = SnapshotHelper.swift; sourceTree = "<group>"; };
		63330ED51DCFB435002194A3 /* meteoTartuUnitTests.xctest */ = {isa = PBXFileReference; explicitFileType = wrapper.cfbundle; includeInIndex = 0; path = meteoTartuUnitTests.xctest; sourceTree = BUILT_PRODUCTS_DIR; };
		63330ED71DCFB435002194A3 /* meteoTartuUnitTests.swift */ = {isa = PBXFileReference; lastKnownFileType = sourcecode.swift; path = meteoTartuUnitTests.swift; sourceTree = "<group>"; };
		63330ED91DCFB435002194A3 /* Info.plist */ = {isa = PBXFileReference; lastKnownFileType = text.plist.xml; path = Info.plist; sourceTree = "<group>"; };
		6348B1B81C4BF55300199EE5 /* TartuWeather.app */ = {isa = PBXFileReference; explicitFileType = wrapper.application; includeInIndex = 0; path = TartuWeather.app; sourceTree = BUILT_PRODUCTS_DIR; };
		6348B1BB1C4BF55300199EE5 /* AppDelegate.swift */ = {isa = PBXFileReference; lastKnownFileType = sourcecode.swift; path = AppDelegate.swift; sourceTree = "<group>"; };
		6348B1BD1C4BF55300199EE5 /* ViewController.swift */ = {isa = PBXFileReference; lastKnownFileType = sourcecode.swift; path = ViewController.swift; sourceTree = "<group>"; };
		6348B1C01C4BF55300199EE5 /* Base */ = {isa = PBXFileReference; lastKnownFileType = file.storyboard; name = Base; path = Base.lproj/Main.storyboard; sourceTree = "<group>"; };
		6348B1C21C4BF55300199EE5 /* Assets.xcassets */ = {isa = PBXFileReference; lastKnownFileType = folder.assetcatalog; path = Assets.xcassets; sourceTree = "<group>"; };
		6348B1C51C4BF55300199EE5 /* Base */ = {isa = PBXFileReference; lastKnownFileType = file.storyboard; name = Base; path = Base.lproj/LaunchScreen.storyboard; sourceTree = "<group>"; };
		6348B1C71C4BF55300199EE5 /* Info.plist */ = {isa = PBXFileReference; lastKnownFileType = text.plist.xml; path = Info.plist; sourceTree = "<group>"; };
		6348B1D11C4BF6AA00199EE5 /* TartuWeatherWidget.appex */ = {isa = PBXFileReference; explicitFileType = "wrapper.app-extension"; includeInIndex = 0; path = TartuWeatherWidget.appex; sourceTree = BUILT_PRODUCTS_DIR; };
		6348B1D31C4BF6AA00199EE5 /* NotificationCenter.framework */ = {isa = PBXFileReference; lastKnownFileType = wrapper.framework; name = NotificationCenter.framework; path = System/Library/Frameworks/NotificationCenter.framework; sourceTree = SDKROOT; };
		6348B1D61C4BF6AA00199EE5 /* TodayViewController.swift */ = {isa = PBXFileReference; lastKnownFileType = sourcecode.swift; path = TodayViewController.swift; sourceTree = "<group>"; };
		6348B1D91C4BF6AA00199EE5 /* Base */ = {isa = PBXFileReference; lastKnownFileType = file.storyboard; name = Base; path = Base.lproj/MainInterface.storyboard; sourceTree = "<group>"; };
		6348B1DB1C4BF6AA00199EE5 /* Info.plist */ = {isa = PBXFileReference; lastKnownFileType = text.plist.xml; path = Info.plist; sourceTree = "<group>"; };
		6348B1EE1C4BF6FD00199EE5 /* WeatherAPI.swift */ = {isa = PBXFileReference; fileEncoding = 4; lastKnownFileType = sourcecode.swift; path = WeatherAPI.swift; sourceTree = "<group>"; };
		63AFB7F41C5D3D93004A58E1 /* thermometer35.png */ = {isa = PBXFileReference; lastKnownFileType = image.png; path = thermometer35.png; sourceTree = SOURCE_ROOT; };
		63AFB7F51C5D3D93004A58E1 /* thermometer35@2x.png */ = {isa = PBXFileReference; lastKnownFileType = image.png; path = "thermometer35@2x.png"; sourceTree = SOURCE_ROOT; };
		63AFB7F61C5D3D93004A58E1 /* thermometer35@3x.png */ = {isa = PBXFileReference; lastKnownFileType = image.png; path = "thermometer35@3x.png"; sourceTree = SOURCE_ROOT; };
		6A1BFCB124EF3C8770B44A52 /* Pods-meteoTartuUnitTests.debug.xcconfig */ = {isa = PBXFileReference; includeInIndex = 1; lastKnownFileType = text.xcconfig; name = "Pods-meteoTartuUnitTests.debug.xcconfig"; path = "Pods/Target Support Files/Pods-meteoTartuUnitTests/Pods-meteoTartuUnitTests.debug.xcconfig"; sourceTree = "<group>"; };
		88C813C3270B0B33D4BB36CE /* Pods_TartuWeatherWidget.framework */ = {isa = PBXFileReference; explicitFileType = wrapper.framework; includeInIndex = 0; path = Pods_TartuWeatherWidget.framework; sourceTree = BUILT_PRODUCTS_DIR; };
		C2C750CDCFF981E9815828A7 /* Pods-meteoTartuUITests.debug.xcconfig */ = {isa = PBXFileReference; includeInIndex = 1; lastKnownFileType = text.xcconfig; name = "Pods-meteoTartuUITests.debug.xcconfig"; path = "Pods/Target Support Files/Pods-meteoTartuUITests/Pods-meteoTartuUITests.debug.xcconfig"; sourceTree = "<group>"; };
		C74825B2EE9B099F9B484021 /* Pods-meteoTartuUnitTests.release.xcconfig */ = {isa = PBXFileReference; includeInIndex = 1; lastKnownFileType = text.xcconfig; name = "Pods-meteoTartuUnitTests.release.xcconfig"; path = "Pods/Target Support Files/Pods-meteoTartuUnitTests/Pods-meteoTartuUnitTests.release.xcconfig"; sourceTree = "<group>"; };
		CC696C8C5F6CEF1591E74F6B /* Pods-meteoTartuUITests.release.xcconfig */ = {isa = PBXFileReference; includeInIndex = 1; lastKnownFileType = text.xcconfig; name = "Pods-meteoTartuUITests.release.xcconfig"; path = "Pods/Target Support Files/Pods-meteoTartuUITests/Pods-meteoTartuUITests.release.xcconfig"; sourceTree = "<group>"; };
		E13A67CA751911AB6B77F3CF /* Pods-TartuWeather.release.xcconfig */ = {isa = PBXFileReference; includeInIndex = 1; lastKnownFileType = text.xcconfig; name = "Pods-TartuWeather.release.xcconfig"; path = "Pods/Target Support Files/Pods-TartuWeather/Pods-TartuWeather.release.xcconfig"; sourceTree = "<group>"; };
		E25ADD877425D912A9D24323 /* Pods-TartuWeatherWidget.debug.xcconfig */ = {isa = PBXFileReference; includeInIndex = 1; lastKnownFileType = text.xcconfig; name = "Pods-TartuWeatherWidget.debug.xcconfig"; path = "Pods/Target Support Files/Pods-TartuWeatherWidget/Pods-TartuWeatherWidget.debug.xcconfig"; sourceTree = "<group>"; };
		ED0DE26BEB80F546F3C79906 /* Pods-TartuWeatherWidget.release.xcconfig */ = {isa = PBXFileReference; includeInIndex = 1; lastKnownFileType = text.xcconfig; name = "Pods-TartuWeatherWidget.release.xcconfig"; path = "Pods/Target Support Files/Pods-TartuWeatherWidget/Pods-TartuWeatherWidget.release.xcconfig"; sourceTree = "<group>"; };
		F0E690EF839D409767A8C3DF /* Pods_TartuWeather.framework */ = {isa = PBXFileReference; explicitFileType = wrapper.framework; includeInIndex = 0; path = Pods_TartuWeather.framework; sourceTree = BUILT_PRODUCTS_DIR; };
		F7FE573D846FCB7E3E575D29 /* Pods_meteoTartuUITests.framework */ = {isa = PBXFileReference; explicitFileType = wrapper.framework; includeInIndex = 0; path = Pods_meteoTartuUITests.framework; sourceTree = BUILT_PRODUCTS_DIR; };
/* End PBXFileReference section */

/* Begin PBXFrameworksBuildPhase section */
		63330EAF1DCF6FBF002194A3 /* Frameworks */ = {
			isa = PBXFrameworksBuildPhase;
			buildActionMask = 2147483647;
			files = (
				CBAF194F880473B9448FA75F /* Pods_meteoTartuUITests.framework in Frameworks */,
			);
			runOnlyForDeploymentPostprocessing = 0;
		};
		63330ED21DCFB435002194A3 /* Frameworks */ = {
			isa = PBXFrameworksBuildPhase;
			buildActionMask = 2147483647;
			files = (
				57F7489910D553648B5E6984 /* Pods_meteoTartuUnitTests.framework in Frameworks */,
			);
			runOnlyForDeploymentPostprocessing = 0;
		};
		6348B1B51C4BF55300199EE5 /* Frameworks */ = {
			isa = PBXFrameworksBuildPhase;
			buildActionMask = 2147483647;
			files = (
				4BD29E25996187EA70D87239 /* Pods_TartuWeather.framework in Frameworks */,
			);
			runOnlyForDeploymentPostprocessing = 0;
		};
		6348B1CE1C4BF6AA00199EE5 /* Frameworks */ = {
			isa = PBXFrameworksBuildPhase;
			buildActionMask = 2147483647;
			files = (
				6348B1D41C4BF6AA00199EE5 /* NotificationCenter.framework in Frameworks */,
				34D530D9DF5724D7C3C7730E /* Pods_TartuWeatherWidget.framework in Frameworks */,
			);
			runOnlyForDeploymentPostprocessing = 0;
		};
/* End PBXFrameworksBuildPhase section */

/* Begin PBXGroup section */
		63330EB31DCF6FC0002194A3 /* meteoTartuUITests */ = {
			isa = PBXGroup;
			children = (
				63330EBC1DCF7142002194A3 /* SnapshotHelper.swift */,
				63330EB41DCF6FC0002194A3 /* meteoTartuUITests.swift */,
				63330EB61DCF6FC0002194A3 /* Info.plist */,
			);
			path = meteoTartuUITests;
			sourceTree = "<group>";
		};
		63330ECE1DCFB2C4002194A3 /* Images */ = {
			isa = PBXGroup;
			children = (
				63AFB7F41C5D3D93004A58E1 /* thermometer35.png */,
				63AFB7F51C5D3D93004A58E1 /* thermometer35@2x.png */,
				63AFB7F61C5D3D93004A58E1 /* thermometer35@3x.png */,
			);
			name = Images;
			sourceTree = "<group>";
		};
		63330ECF1DCFB2D2002194A3 /* Classes */ = {
			isa = PBXGroup;
			children = (
				6348B1BB1C4BF55300199EE5 /* AppDelegate.swift */,
				6348B1BD1C4BF55300199EE5 /* ViewController.swift */,
				6348B1EE1C4BF6FD00199EE5 /* WeatherAPI.swift */,
			);
			name = Classes;
			sourceTree = "<group>";
		};
		63330ED01DCFB2DF002194A3 /* Interface */ = {
			isa = PBXGroup;
			children = (
				6348B1BF1C4BF55300199EE5 /* Main.storyboard */,
				6348B1C41C4BF55300199EE5 /* LaunchScreen.storyboard */,
			);
			name = Interface;
			sourceTree = "<group>";
		};
		63330ED61DCFB435002194A3 /* meteoTartuUnitTests */ = {
			isa = PBXGroup;
			children = (
				63330ED71DCFB435002194A3 /* meteoTartuUnitTests.swift */,
				63330ED91DCFB435002194A3 /* Info.plist */,
			);
			path = meteoTartuUnitTests;
			sourceTree = "<group>";
		};
		6348B1AF1C4BF55300199EE5 = {
			isa = PBXGroup;
			children = (
				6348B1BA1C4BF55300199EE5 /* TartuWeather */,
				6348B1D51C4BF6AA00199EE5 /* TartuWeatherWidget */,
				63330EB31DCF6FC0002194A3 /* meteoTartuUITests */,
				63330ED61DCFB435002194A3 /* meteoTartuUnitTests */,
				6348B1D21C4BF6AA00199EE5 /* Frameworks */,
				6348B1B91C4BF55300199EE5 /* Products */,
				B389F9091BE6CA6DCCF1D48A /* Pods */,
			);
			sourceTree = "<group>";
		};
		6348B1B91C4BF55300199EE5 /* Products */ = {
			isa = PBXGroup;
			children = (
				6348B1B81C4BF55300199EE5 /* TartuWeather.app */,
				6348B1D11C4BF6AA00199EE5 /* TartuWeatherWidget.appex */,
				63330EB21DCF6FBF002194A3 /* meteoTartuUITests.xctest */,
				63330ED51DCFB435002194A3 /* meteoTartuUnitTests.xctest */,
			);
			name = Products;
			sourceTree = "<group>";
		};
		6348B1BA1C4BF55300199EE5 /* TartuWeather */ = {
			isa = PBXGroup;
			children = (
				63330ECF1DCFB2D2002194A3 /* Classes */,
				63330ED01DCFB2DF002194A3 /* Interface */,
				6348B1C21C4BF55300199EE5 /* Assets.xcassets */,
				6348B1C71C4BF55300199EE5 /* Info.plist */,
				63330ECE1DCFB2C4002194A3 /* Images */,
			);
			path = TartuWeather;
			sourceTree = "<group>";
		};
		6348B1D21C4BF6AA00199EE5 /* Frameworks */ = {
			isa = PBXGroup;
			children = (
				6348B1D31C4BF6AA00199EE5 /* NotificationCenter.framework */,
				F0E690EF839D409767A8C3DF /* Pods_TartuWeather.framework */,
				88C813C3270B0B33D4BB36CE /* Pods_TartuWeatherWidget.framework */,
				F7FE573D846FCB7E3E575D29 /* Pods_meteoTartuUITests.framework */,
				10E55C285629A36B7C18B5C3 /* Pods_meteoTartuUnitTests.framework */,
			);
			name = Frameworks;
			sourceTree = "<group>";
		};
		6348B1D51C4BF6AA00199EE5 /* TartuWeatherWidget */ = {
			isa = PBXGroup;
			children = (
				6348B1D61C4BF6AA00199EE5 /* TodayViewController.swift */,
				6348B1D81C4BF6AA00199EE5 /* MainInterface.storyboard */,
				6348B1DB1C4BF6AA00199EE5 /* Info.plist */,
			);
			path = TartuWeatherWidget;
			sourceTree = "<group>";
		};
		B389F9091BE6CA6DCCF1D48A /* Pods */ = {
			isa = PBXGroup;
			children = (
				0EA80CC296C2C4962EC68C3A /* Pods-TartuWeather.debug.xcconfig */,
				E13A67CA751911AB6B77F3CF /* Pods-TartuWeather.release.xcconfig */,
				E25ADD877425D912A9D24323 /* Pods-TartuWeatherWidget.debug.xcconfig */,
				ED0DE26BEB80F546F3C79906 /* Pods-TartuWeatherWidget.release.xcconfig */,
				C2C750CDCFF981E9815828A7 /* Pods-meteoTartuUITests.debug.xcconfig */,
				CC696C8C5F6CEF1591E74F6B /* Pods-meteoTartuUITests.release.xcconfig */,
				6A1BFCB124EF3C8770B44A52 /* Pods-meteoTartuUnitTests.debug.xcconfig */,
				C74825B2EE9B099F9B484021 /* Pods-meteoTartuUnitTests.release.xcconfig */,
			);
			name = Pods;
			sourceTree = "<group>";
		};
/* End PBXGroup section */

/* Begin PBXNativeTarget section */
		63330EB11DCF6FBF002194A3 /* meteoTartuUITests */ = {
			isa = PBXNativeTarget;
			buildConfigurationList = 63330EBB1DCF6FC0002194A3 /* Build configuration list for PBXNativeTarget "meteoTartuUITests" */;
			buildPhases = (
				2C95F2E8D61129F05DF96CC8 /* [CP] Check Pods Manifest.lock */,
				63330EAE1DCF6FBF002194A3 /* Sources */,
				63330EAF1DCF6FBF002194A3 /* Frameworks */,
				63330EB01DCF6FBF002194A3 /* Resources */,
				3981B72F81878A09D74B0BF8 /* [CP] Embed Pods Frameworks */,
				A9CF3698969723FF9E29041B /* [CP] Copy Pods Resources */,
			);
			buildRules = (
			);
			dependencies = (
				63330EB81DCF6FC0002194A3 /* PBXTargetDependency */,
			);
			name = meteoTartuUITests;
			productName = meteoTartuUITests;
			productReference = 63330EB21DCF6FBF002194A3 /* meteoTartuUITests.xctest */;
			productType = "com.apple.product-type.bundle.ui-testing";
		};
		63330ED41DCFB435002194A3 /* meteoTartuUnitTests */ = {
			isa = PBXNativeTarget;
			buildConfigurationList = 63330EDC1DCFB435002194A3 /* Build configuration list for PBXNativeTarget "meteoTartuUnitTests" */;
			buildPhases = (
				275FF53DEF1C2C16B82623A4 /* [CP] Check Pods Manifest.lock */,
				63330ED11DCFB435002194A3 /* Sources */,
				63330ED21DCFB435002194A3 /* Frameworks */,
				63330ED31DCFB435002194A3 /* Resources */,
				B59DF63CF2209D676E821EC8 /* [CP] Embed Pods Frameworks */,
				032EA458325D1A641BB5AC55 /* [CP] Copy Pods Resources */,
			);
			buildRules = (
			);
			dependencies = (
				63330EDB1DCFB435002194A3 /* PBXTargetDependency */,
			);
			name = meteoTartuUnitTests;
			productName = meteoTartuUnitTests;
			productReference = 63330ED51DCFB435002194A3 /* meteoTartuUnitTests.xctest */;
			productType = "com.apple.product-type.bundle.unit-test";
		};
		6348B1B71C4BF55300199EE5 /* TartuWeather */ = {
			isa = PBXNativeTarget;
			buildConfigurationList = 6348B1CA1C4BF55300199EE5 /* Build configuration list for PBXNativeTarget "TartuWeather" */;
			buildPhases = (
				CF45E7B220B70DD4036BD99E /* [CP] Check Pods Manifest.lock */,
				6348B1B41C4BF55300199EE5 /* Sources */,
				6348B1B51C4BF55300199EE5 /* Frameworks */,
				6348B1B61C4BF55300199EE5 /* Resources */,
				6348B1E21C4BF6AA00199EE5 /* Embed App Extensions */,
				6348B1E61C4BF6C100199EE5 /* Embed Frameworks */,
				63330EAD1DCF4ECA002194A3 /* ShellScript */,
				1EF239DCCC68AF1F6053EBEB /* [CP] Embed Pods Frameworks */,
				4F13BA8B983B874B5553F8C2 /* [CP] Copy Pods Resources */,
			);
			buildRules = (
			);
			dependencies = (
				6348B1DD1C4BF6AA00199EE5 /* PBXTargetDependency */,
			);
			name = TartuWeather;
			productName = TartuWeather;
			productReference = 6348B1B81C4BF55300199EE5 /* TartuWeather.app */;
			productType = "com.apple.product-type.application";
		};
		6348B1D01C4BF6AA00199EE5 /* TartuWeatherWidget */ = {
			isa = PBXNativeTarget;
			buildConfigurationList = 6348B1E11C4BF6AA00199EE5 /* Build configuration list for PBXNativeTarget "TartuWeatherWidget" */;
			buildPhases = (
				80B835D36D740CDB39AB8E5A /* [CP] Check Pods Manifest.lock */,
				6348B1CD1C4BF6AA00199EE5 /* Sources */,
				6348B1CE1C4BF6AA00199EE5 /* Frameworks */,
				6348B1CF1C4BF6AA00199EE5 /* Resources */,
				7CB2699F79A5FC47420B3DB3 /* [CP] Copy Pods Resources */,
			);
			buildRules = (
			);
			dependencies = (
			);
			name = TartuWeatherWidget;
			productName = TartuWeatherWidget;
			productReference = 6348B1D11C4BF6AA00199EE5 /* TartuWeatherWidget.appex */;
			productType = "com.apple.product-type.app-extension";
		};
/* End PBXNativeTarget section */

/* Begin PBXProject section */
		6348B1B01C4BF55300199EE5 /* Project object */ = {
			isa = PBXProject;
			attributes = {
				LastSwiftUpdateCheck = 0810;
				LastUpgradeCheck = 0720;
				ORGANIZATIONNAME = fassko;
				TargetAttributes = {
					63330EB11DCF6FBF002194A3 = {
						CreatedOnToolsVersion = 8.1;
						ProvisioningStyle = Automatic;
						TestTargetID = 6348B1B71C4BF55300199EE5;
					};
					63330ED41DCFB435002194A3 = {
						CreatedOnToolsVersion = 8.1;
						ProvisioningStyle = Automatic;
						TestTargetID = 6348B1B71C4BF55300199EE5;
					};
					6348B1B71C4BF55300199EE5 = {
						CreatedOnToolsVersion = 7.2;
						LastSwiftMigration = 0810;
						ProvisioningStyle = Manual;
					};
					6348B1D01C4BF6AA00199EE5 = {
						CreatedOnToolsVersion = 7.2;
						LastSwiftMigration = 0810;
						ProvisioningStyle = Manual;
					};
				};
			};
			buildConfigurationList = 6348B1B31C4BF55300199EE5 /* Build configuration list for PBXProject "TartuWeather" */;
			compatibilityVersion = "Xcode 8.0";
			developmentRegion = English;
			hasScannedForEncodings = 0;
			knownRegions = (
				en,
				Base,
			);
			mainGroup = 6348B1AF1C4BF55300199EE5;
			productRefGroup = 6348B1B91C4BF55300199EE5 /* Products */;
			projectDirPath = "";
			projectRoot = "";
			targets = (
				6348B1B71C4BF55300199EE5 /* TartuWeather */,
				6348B1D01C4BF6AA00199EE5 /* TartuWeatherWidget */,
				63330EB11DCF6FBF002194A3 /* meteoTartuUITests */,
				63330ED41DCFB435002194A3 /* meteoTartuUnitTests */,
			);
		};
/* End PBXProject section */

/* Begin PBXResourcesBuildPhase section */
		63330EB01DCF6FBF002194A3 /* Resources */ = {
			isa = PBXResourcesBuildPhase;
			buildActionMask = 2147483647;
			files = (
			);
			runOnlyForDeploymentPostprocessing = 0;
		};
		63330ED31DCFB435002194A3 /* Resources */ = {
			isa = PBXResourcesBuildPhase;
			buildActionMask = 2147483647;
			files = (
			);
			runOnlyForDeploymentPostprocessing = 0;
		};
		6348B1B61C4BF55300199EE5 /* Resources */ = {
			isa = PBXResourcesBuildPhase;
			buildActionMask = 2147483647;
			files = (
				63AFB7F91C5D3D93004A58E1 /* thermometer35@3x.png in Resources */,
				63AFB7F81C5D3D93004A58E1 /* thermometer35@2x.png in Resources */,
				63AFB7F71C5D3D93004A58E1 /* thermometer35.png in Resources */,
				6348B1C61C4BF55300199EE5 /* LaunchScreen.storyboard in Resources */,
				6348B1C31C4BF55300199EE5 /* Assets.xcassets in Resources */,
				6348B1C11C4BF55300199EE5 /* Main.storyboard in Resources */,
			);
			runOnlyForDeploymentPostprocessing = 0;
		};
		6348B1CF1C4BF6AA00199EE5 /* Resources */ = {
			isa = PBXResourcesBuildPhase;
			buildActionMask = 2147483647;
			files = (
				6348B1DA1C4BF6AA00199EE5 /* MainInterface.storyboard in Resources */,
			);
			runOnlyForDeploymentPostprocessing = 0;
		};
/* End PBXResourcesBuildPhase section */

/* Begin PBXShellScriptBuildPhase section */
		032EA458325D1A641BB5AC55 /* [CP] Copy Pods Resources */ = {
			isa = PBXShellScriptBuildPhase;
			buildActionMask = 2147483647;
			files = (
			);
			inputPaths = (
			);
			name = "[CP] Copy Pods Resources";
			outputPaths = (
			);
			runOnlyForDeploymentPostprocessing = 0;
			shellPath = /bin/sh;
			shellScript = "\"${SRCROOT}/Pods/Target Support Files/Pods-meteoTartuUnitTests/Pods-meteoTartuUnitTests-resources.sh\"\n";
			showEnvVarsInLog = 0;
		};
		1EF239DCCC68AF1F6053EBEB /* [CP] Embed Pods Frameworks */ = {
			isa = PBXShellScriptBuildPhase;
			buildActionMask = 2147483647;
			files = (
			);
			inputPaths = (
			);
			name = "[CP] Embed Pods Frameworks";
			outputPaths = (
			);
			runOnlyForDeploymentPostprocessing = 0;
			shellPath = /bin/sh;
			shellScript = "\"${SRCROOT}/Pods/Target Support Files/Pods-TartuWeather/Pods-TartuWeather-frameworks.sh\"\n";
			showEnvVarsInLog = 0;
		};
		275FF53DEF1C2C16B82623A4 /* [CP] Check Pods Manifest.lock */ = {
			isa = PBXShellScriptBuildPhase;
			buildActionMask = 2147483647;
			files = (
			);
			inputPaths = (
			);
			name = "[CP] Check Pods Manifest.lock";
			outputPaths = (
			);
			runOnlyForDeploymentPostprocessing = 0;
			shellPath = /bin/sh;
			shellScript = "diff \"${PODS_ROOT}/../Podfile.lock\" \"${PODS_ROOT}/Manifest.lock\" > /dev/null\nif [ $? != 0 ] ; then\n    # print error to STDERR\n    echo \"error: The sandbox is not in sync with the Podfile.lock. Run 'pod install' or update your CocoaPods installation.\" >&2\n    exit 1\nfi\n";
			showEnvVarsInLog = 0;
		};
		2C95F2E8D61129F05DF96CC8 /* [CP] Check Pods Manifest.lock */ = {
			isa = PBXShellScriptBuildPhase;
			buildActionMask = 2147483647;
			files = (
			);
			inputPaths = (
			);
			name = "[CP] Check Pods Manifest.lock";
			outputPaths = (
			);
			runOnlyForDeploymentPostprocessing = 0;
			shellPath = /bin/sh;
			shellScript = "diff \"${PODS_ROOT}/../Podfile.lock\" \"${PODS_ROOT}/Manifest.lock\" > /dev/null\nif [ $? != 0 ] ; then\n    # print error to STDERR\n    echo \"error: The sandbox is not in sync with the Podfile.lock. Run 'pod install' or update your CocoaPods installation.\" >&2\n    exit 1\nfi\n";
			showEnvVarsInLog = 0;
		};
		3981B72F81878A09D74B0BF8 /* [CP] Embed Pods Frameworks */ = {
			isa = PBXShellScriptBuildPhase;
			buildActionMask = 2147483647;
			files = (
			);
			inputPaths = (
			);
			name = "[CP] Embed Pods Frameworks";
			outputPaths = (
			);
			runOnlyForDeploymentPostprocessing = 0;
			shellPath = /bin/sh;
			shellScript = "\"${SRCROOT}/Pods/Target Support Files/Pods-meteoTartuUITests/Pods-meteoTartuUITests-frameworks.sh\"\n";
			showEnvVarsInLog = 0;
		};
		4F13BA8B983B874B5553F8C2 /* [CP] Copy Pods Resources */ = {
			isa = PBXShellScriptBuildPhase;
			buildActionMask = 2147483647;
			files = (
			);
			inputPaths = (
			);
			name = "[CP] Copy Pods Resources";
			outputPaths = (
			);
			runOnlyForDeploymentPostprocessing = 0;
			shellPath = /bin/sh;
			shellScript = "\"${SRCROOT}/Pods/Target Support Files/Pods-TartuWeather/Pods-TartuWeather-resources.sh\"\n";
			showEnvVarsInLog = 0;
		};
		63330EAD1DCF4ECA002194A3 /* ShellScript */ = {
			isa = PBXShellScriptBuildPhase;
			buildActionMask = 2147483647;
			files = (
			);
			inputPaths = (
			);
			outputPaths = (
			);
			runOnlyForDeploymentPostprocessing = 0;
			shellPath = /bin/sh;
			shellScript = "\"${PODS_ROOT}/Fabric/run\" 34be06edc6f733a743335744b07a23f6a3e5b344 a9207ff06b3417aa4bf8c6408432761ca87c5b52dca8f2365b133eea61d407cc";
		};
		7CB2699F79A5FC47420B3DB3 /* [CP] Copy Pods Resources */ = {
			isa = PBXShellScriptBuildPhase;
			buildActionMask = 2147483647;
			files = (
			);
			inputPaths = (
			);
			name = "[CP] Copy Pods Resources";
			outputPaths = (
			);
			runOnlyForDeploymentPostprocessing = 0;
			shellPath = /bin/sh;
			shellScript = "\"${SRCROOT}/Pods/Target Support Files/Pods-TartuWeatherWidget/Pods-TartuWeatherWidget-resources.sh\"\n";
			showEnvVarsInLog = 0;
		};
		80B835D36D740CDB39AB8E5A /* [CP] Check Pods Manifest.lock */ = {
			isa = PBXShellScriptBuildPhase;
			buildActionMask = 2147483647;
			files = (
			);
			inputPaths = (
			);
			name = "[CP] Check Pods Manifest.lock";
			outputPaths = (
			);
			runOnlyForDeploymentPostprocessing = 0;
			shellPath = /bin/sh;
			shellScript = "diff \"${PODS_ROOT}/../Podfile.lock\" \"${PODS_ROOT}/Manifest.lock\" > /dev/null\nif [ $? != 0 ] ; then\n    # print error to STDERR\n    echo \"error: The sandbox is not in sync with the Podfile.lock. Run 'pod install' or update your CocoaPods installation.\" >&2\n    exit 1\nfi\n";
			showEnvVarsInLog = 0;
		};
		A9CF3698969723FF9E29041B /* [CP] Copy Pods Resources */ = {
			isa = PBXShellScriptBuildPhase;
			buildActionMask = 2147483647;
			files = (
			);
			inputPaths = (
			);
			name = "[CP] Copy Pods Resources";
			outputPaths = (
			);
			runOnlyForDeploymentPostprocessing = 0;
			shellPath = /bin/sh;
			shellScript = "\"${SRCROOT}/Pods/Target Support Files/Pods-meteoTartuUITests/Pods-meteoTartuUITests-resources.sh\"\n";
			showEnvVarsInLog = 0;
		};
		B59DF63CF2209D676E821EC8 /* [CP] Embed Pods Frameworks */ = {
			isa = PBXShellScriptBuildPhase;
			buildActionMask = 2147483647;
			files = (
			);
			inputPaths = (
			);
			name = "[CP] Embed Pods Frameworks";
			outputPaths = (
			);
			runOnlyForDeploymentPostprocessing = 0;
			shellPath = /bin/sh;
			shellScript = "\"${SRCROOT}/Pods/Target Support Files/Pods-meteoTartuUnitTests/Pods-meteoTartuUnitTests-frameworks.sh\"\n";
			showEnvVarsInLog = 0;
		};
		CF45E7B220B70DD4036BD99E /* [CP] Check Pods Manifest.lock */ = {
			isa = PBXShellScriptBuildPhase;
			buildActionMask = 2147483647;
			files = (
			);
			inputPaths = (
			);
			name = "[CP] Check Pods Manifest.lock";
			outputPaths = (
			);
			runOnlyForDeploymentPostprocessing = 0;
			shellPath = /bin/sh;
			shellScript = "diff \"${PODS_ROOT}/../Podfile.lock\" \"${PODS_ROOT}/Manifest.lock\" > /dev/null\nif [ $? != 0 ] ; then\n    # print error to STDERR\n    echo \"error: The sandbox is not in sync with the Podfile.lock. Run 'pod install' or update your CocoaPods installation.\" >&2\n    exit 1\nfi\n";
			showEnvVarsInLog = 0;
		};
/* End PBXShellScriptBuildPhase section */

/* Begin PBXSourcesBuildPhase section */
		63330EAE1DCF6FBF002194A3 /* Sources */ = {
			isa = PBXSourcesBuildPhase;
			buildActionMask = 2147483647;
			files = (
				63330EB51DCF6FC0002194A3 /* meteoTartuUITests.swift in Sources */,
				63330EBD1DCF7142002194A3 /* SnapshotHelper.swift in Sources */,
			);
			runOnlyForDeploymentPostprocessing = 0;
		};
		63330ED11DCFB435002194A3 /* Sources */ = {
			isa = PBXSourcesBuildPhase;
			buildActionMask = 2147483647;
			files = (
				63330ED81DCFB435002194A3 /* meteoTartuUnitTests.swift in Sources */,
				63330EE21DCFBBAF002194A3 /* WeatherAPI.swift in Sources */,
			);
			runOnlyForDeploymentPostprocessing = 0;
		};
		6348B1B41C4BF55300199EE5 /* Sources */ = {
			isa = PBXSourcesBuildPhase;
			buildActionMask = 2147483647;
			files = (
				6348B1EF1C4BF6FD00199EE5 /* WeatherAPI.swift in Sources */,
				6348B1BE1C4BF55300199EE5 /* ViewController.swift in Sources */,
				6348B1BC1C4BF55300199EE5 /* AppDelegate.swift in Sources */,
			);
			runOnlyForDeploymentPostprocessing = 0;
		};
		6348B1CD1C4BF6AA00199EE5 /* Sources */ = {
			isa = PBXSourcesBuildPhase;
			buildActionMask = 2147483647;
			files = (
				6348B1D71C4BF6AA00199EE5 /* TodayViewController.swift in Sources */,
				63330EAC1DCF4E23002194A3 /* WeatherAPI.swift in Sources */,
			);
			runOnlyForDeploymentPostprocessing = 0;
		};
/* End PBXSourcesBuildPhase section */

/* Begin PBXTargetDependency section */
		63330EB81DCF6FC0002194A3 /* PBXTargetDependency */ = {
			isa = PBXTargetDependency;
			target = 6348B1B71C4BF55300199EE5 /* TartuWeather */;
			targetProxy = 63330EB71DCF6FC0002194A3 /* PBXContainerItemProxy */;
		};
		63330EDB1DCFB435002194A3 /* PBXTargetDependency */ = {
			isa = PBXTargetDependency;
			target = 6348B1B71C4BF55300199EE5 /* TartuWeather */;
			targetProxy = 63330EDA1DCFB435002194A3 /* PBXContainerItemProxy */;
		};
		6348B1DD1C4BF6AA00199EE5 /* PBXTargetDependency */ = {
			isa = PBXTargetDependency;
			target = 6348B1D01C4BF6AA00199EE5 /* TartuWeatherWidget */;
			targetProxy = 6348B1DC1C4BF6AA00199EE5 /* PBXContainerItemProxy */;
		};
/* End PBXTargetDependency section */

/* Begin PBXVariantGroup section */
		6348B1BF1C4BF55300199EE5 /* Main.storyboard */ = {
			isa = PBXVariantGroup;
			children = (
				6348B1C01C4BF55300199EE5 /* Base */,
			);
			name = Main.storyboard;
			sourceTree = "<group>";
		};
		6348B1C41C4BF55300199EE5 /* LaunchScreen.storyboard */ = {
			isa = PBXVariantGroup;
			children = (
				6348B1C51C4BF55300199EE5 /* Base */,
			);
			name = LaunchScreen.storyboard;
			sourceTree = "<group>";
		};
		6348B1D81C4BF6AA00199EE5 /* MainInterface.storyboard */ = {
			isa = PBXVariantGroup;
			children = (
				6348B1D91C4BF6AA00199EE5 /* Base */,
			);
			name = MainInterface.storyboard;
			sourceTree = "<group>";
		};
/* End PBXVariantGroup section */

/* Begin XCBuildConfiguration section */
		63330EB91DCF6FC0002194A3 /* Debug */ = {
			isa = XCBuildConfiguration;
			baseConfigurationReference = C2C750CDCFF981E9815828A7 /* Pods-meteoTartuUITests.debug.xcconfig */;
			buildSettings = {
				CLANG_ANALYZER_NONNULL = YES;
				CLANG_WARN_DOCUMENTATION_COMMENTS = YES;
				CLANG_WARN_INFINITE_RECURSION = YES;
				CLANG_WARN_SUSPICIOUS_MOVES = YES;
				"CODE_SIGN_IDENTITY[sdk=iphoneos*]" = "iPhone Developer";
				DEVELOPMENT_TEAM = 3SGNZQGS68;
				INFOPLIST_FILE = meteoTartuUITests/Info.plist;
				LD_RUNPATH_SEARCH_PATHS = "$(inherited) @executable_path/Frameworks @loader_path/Frameworks";
				PRODUCT_BUNDLE_IDENTIFIER = com.fassko.meteoTartuUITests;
				PRODUCT_NAME = "$(TARGET_NAME)";
				PROVISIONING_PROFILE = "";
				PROVISIONING_PROFILE_SPECIFIER = "";
				SWIFT_ACTIVE_COMPILATION_CONDITIONS = DEBUG;
				SWIFT_VERSION = 3.0.1;
				TEST_TARGET_NAME = TartuWeather;
			};
			name = Debug;
		};
		63330EBA1DCF6FC0002194A3 /* Release */ = {
			isa = XCBuildConfiguration;
			baseConfigurationReference = CC696C8C5F6CEF1591E74F6B /* Pods-meteoTartuUITests.release.xcconfig */;
			buildSettings = {
				CLANG_ANALYZER_NONNULL = YES;
				CLANG_WARN_DOCUMENTATION_COMMENTS = YES;
				CLANG_WARN_INFINITE_RECURSION = YES;
				CLANG_WARN_SUSPICIOUS_MOVES = YES;
				"CODE_SIGN_IDENTITY[sdk=iphoneos*]" = "iPhone Developer";
				DEVELOPMENT_TEAM = 3SGNZQGS68;
				INFOPLIST_FILE = meteoTartuUITests/Info.plist;
				LD_RUNPATH_SEARCH_PATHS = "$(inherited) @executable_path/Frameworks @loader_path/Frameworks";
				PRODUCT_BUNDLE_IDENTIFIER = com.fassko.meteoTartuUITests;
				PRODUCT_NAME = "$(TARGET_NAME)";
				PROVISIONING_PROFILE = "";
				PROVISIONING_PROFILE_SPECIFIER = "";
				SWIFT_OPTIMIZATION_LEVEL = "-Owholemodule";
				SWIFT_VERSION = 3.0.1;
				TEST_TARGET_NAME = TartuWeather;
			};
			name = Release;
		};
		63330EDD1DCFB435002194A3 /* Debug */ = {
			isa = XCBuildConfiguration;
			baseConfigurationReference = 6A1BFCB124EF3C8770B44A52 /* Pods-meteoTartuUnitTests.debug.xcconfig */;
			buildSettings = {
				BUNDLE_LOADER = "$(TEST_HOST)";
				CLANG_ANALYZER_NONNULL = YES;
				CLANG_WARN_DOCUMENTATION_COMMENTS = YES;
				CLANG_WARN_INFINITE_RECURSION = YES;
				CLANG_WARN_SUSPICIOUS_MOVES = YES;
				"CODE_SIGN_IDENTITY[sdk=iphoneos*]" = "iPhone Developer";
				DEFINES_MODULE = YES;
				DEVELOPMENT_TEAM = 3SGNZQGS68;
				INFOPLIST_FILE = meteoTartuUnitTests/Info.plist;
				LD_RUNPATH_SEARCH_PATHS = "$(inherited) @executable_path/Frameworks @loader_path/Frameworks";
				PRODUCT_BUNDLE_IDENTIFIER = com.fassko.meteoTartuUnitTests;
				PRODUCT_NAME = "$(TARGET_NAME)";
				SWIFT_ACTIVE_COMPILATION_CONDITIONS = DEBUG;
				SWIFT_VERSION = 3.0.1;
				TEST_HOST = "$(BUILT_PRODUCTS_DIR)/TartuWeather.app/TartuWeather";
			};
			name = Debug;
		};
		63330EDE1DCFB435002194A3 /* Release */ = {
			isa = XCBuildConfiguration;
			baseConfigurationReference = C74825B2EE9B099F9B484021 /* Pods-meteoTartuUnitTests.release.xcconfig */;
			buildSettings = {
				BUNDLE_LOADER = "$(TEST_HOST)";
				CLANG_ANALYZER_NONNULL = YES;
				CLANG_WARN_DOCUMENTATION_COMMENTS = YES;
				CLANG_WARN_INFINITE_RECURSION = YES;
				CLANG_WARN_SUSPICIOUS_MOVES = YES;
				"CODE_SIGN_IDENTITY[sdk=iphoneos*]" = "iPhone Developer";
				DEFINES_MODULE = YES;
				DEVELOPMENT_TEAM = "";
				INFOPLIST_FILE = meteoTartuUnitTests/Info.plist;
				LD_RUNPATH_SEARCH_PATHS = "$(inherited) @executable_path/Frameworks @loader_path/Frameworks";
				PRODUCT_BUNDLE_IDENTIFIER = com.fassko.meteoTartuUnitTests;
				PRODUCT_NAME = "$(TARGET_NAME)";
				SWIFT_OPTIMIZATION_LEVEL = "-Owholemodule";
				SWIFT_VERSION = 3.0.1;
				TEST_HOST = "$(BUILT_PRODUCTS_DIR)/TartuWeather.app/TartuWeather";
			};
			name = Release;
		};
		6348B1C81C4BF55300199EE5 /* Debug */ = {
			isa = XCBuildConfiguration;
			buildSettings = {
				ALWAYS_EMBED_SWIFT_STANDARD_LIBRARIES = YES;
				ALWAYS_SEARCH_USER_PATHS = NO;
				CLANG_CXX_LANGUAGE_STANDARD = "gnu++0x";
				CLANG_CXX_LIBRARY = "libc++";
				CLANG_ENABLE_MODULES = YES;
				CLANG_ENABLE_OBJC_ARC = YES;
				CLANG_WARN_BOOL_CONVERSION = YES;
				CLANG_WARN_CONSTANT_CONVERSION = YES;
				CLANG_WARN_DIRECT_OBJC_ISA_USAGE = YES_ERROR;
				CLANG_WARN_EMPTY_BODY = YES;
				CLANG_WARN_ENUM_CONVERSION = YES;
				CLANG_WARN_INT_CONVERSION = YES;
				CLANG_WARN_OBJC_ROOT_CLASS = YES_ERROR;
				CLANG_WARN_UNREACHABLE_CODE = YES;
				CLANG_WARN__DUPLICATE_METHOD_MATCH = YES;
				CODE_SIGN_IDENTITY = "";
				"CODE_SIGN_IDENTITY[sdk=iphoneos*]" = "";
				COPY_PHASE_STRIP = NO;
				CURRENT_PROJECT_VERSION = 20161106.141837;
				DEBUG_INFORMATION_FORMAT = dwarf;
				ENABLE_STRICT_OBJC_MSGSEND = YES;
				ENABLE_TESTABILITY = YES;
				GCC_C_LANGUAGE_STANDARD = gnu99;
				GCC_DYNAMIC_NO_PIC = NO;
				GCC_NO_COMMON_BLOCKS = YES;
				GCC_OPTIMIZATION_LEVEL = 0;
				GCC_PREPROCESSOR_DEFINITIONS = (
					"DEBUG=1",
					"$(inherited)",
				);
				GCC_WARN_64_TO_32_BIT_CONVERSION = YES;
				GCC_WARN_ABOUT_RETURN_TYPE = YES_ERROR;
				GCC_WARN_UNDECLARED_SELECTOR = YES;
				GCC_WARN_UNINITIALIZED_AUTOS = YES_AGGRESSIVE;
				GCC_WARN_UNUSED_FUNCTION = YES;
				GCC_WARN_UNUSED_VARIABLE = YES;
				HEADER_SEARCH_PATHS = "$(SDKROOT)/usr/include/libxml2";
				IPHONEOS_DEPLOYMENT_TARGET = 10.1;
				MTL_ENABLE_DEBUG_INFO = YES;
				ONLY_ACTIVE_ARCH = YES;
				SDKROOT = iphoneos;
				SWIFT_OPTIMIZATION_LEVEL = "-Onone";
				VERSIONING_SYSTEM = "apple-generic";
			};
			name = Debug;
		};
		6348B1C91C4BF55300199EE5 /* Release */ = {
			isa = XCBuildConfiguration;
			buildSettings = {
				ALWAYS_EMBED_SWIFT_STANDARD_LIBRARIES = YES;
				ALWAYS_SEARCH_USER_PATHS = NO;
				CLANG_CXX_LANGUAGE_STANDARD = "gnu++0x";
				CLANG_CXX_LIBRARY = "libc++";
				CLANG_ENABLE_MODULES = YES;
				CLANG_ENABLE_OBJC_ARC = YES;
				CLANG_WARN_BOOL_CONVERSION = YES;
				CLANG_WARN_CONSTANT_CONVERSION = YES;
				CLANG_WARN_DIRECT_OBJC_ISA_USAGE = YES_ERROR;
				CLANG_WARN_EMPTY_BODY = YES;
				CLANG_WARN_ENUM_CONVERSION = YES;
				CLANG_WARN_INT_CONVERSION = YES;
				CLANG_WARN_OBJC_ROOT_CLASS = YES_ERROR;
				CLANG_WARN_UNREACHABLE_CODE = YES;
				CLANG_WARN__DUPLICATE_METHOD_MATCH = YES;
				CODE_SIGN_IDENTITY = "iPhone Distribution: Kristaps Grinbergs (3SGNZQGS68)";
				"CODE_SIGN_IDENTITY[sdk=iphoneos*]" = "iPhone Distribution: Kristaps Grinbergs (3SGNZQGS68)";
				COPY_PHASE_STRIP = NO;
				CURRENT_PROJECT_VERSION = 20161106.141837;
				DEBUG_INFORMATION_FORMAT = "dwarf-with-dsym";
				ENABLE_NS_ASSERTIONS = NO;
				ENABLE_STRICT_OBJC_MSGSEND = YES;
				GCC_C_LANGUAGE_STANDARD = gnu99;
				GCC_NO_COMMON_BLOCKS = YES;
				GCC_WARN_64_TO_32_BIT_CONVERSION = YES;
				GCC_WARN_ABOUT_RETURN_TYPE = YES_ERROR;
				GCC_WARN_UNDECLARED_SELECTOR = YES;
				GCC_WARN_UNINITIALIZED_AUTOS = YES_AGGRESSIVE;
				GCC_WARN_UNUSED_FUNCTION = YES;
				GCC_WARN_UNUSED_VARIABLE = YES;
				HEADER_SEARCH_PATHS = "$(SDKROOT)/usr/include/libxml2";
				IPHONEOS_DEPLOYMENT_TARGET = 10.1;
				MTL_ENABLE_DEBUG_INFO = NO;
				SDKROOT = iphoneos;
				VALIDATE_PRODUCT = YES;
				VERSIONING_SYSTEM = "apple-generic";
			};
			name = Release;
		};
		6348B1CB1C4BF55300199EE5 /* Debug */ = {
			isa = XCBuildConfiguration;
			baseConfigurationReference = 0EA80CC296C2C4962EC68C3A /* Pods-TartuWeather.debug.xcconfig */;
			buildSettings = {
				ALWAYS_EMBED_SWIFT_STANDARD_LIBRARIES = "$(inherited)";
				ASSETCATALOG_COMPILER_APPICON_NAME = AppIcon;
				"CODE_SIGN_IDENTITY[sdk=iphoneos*]" = "iPhone Developer";
				DEFINES_MODULE = YES;
				DEVELOPMENT_TEAM = 3SGNZQGS68;
				EMBEDDED_CONTENT_CONTAINS_SWIFT = "$(inherited)";
				FRAMEWORK_SEARCH_PATHS = (
					"$(inherited)",
					"$(PROJECT_DIR)",
				);
				INFOPLIST_FILE = TartuWeather/Info.plist;
				IPHONEOS_DEPLOYMENT_TARGET = 9.0;
				LD_RUNPATH_SEARCH_PATHS = "$(inherited) @executable_path/Frameworks";
				PRODUCT_BUNDLE_IDENTIFIER = com.fassko.TartuWeather;
				PRODUCT_NAME = "$(TARGET_NAME)";
				PROVISIONING_PROFILE = "4ff1016f-feae-4120-8d98-78baeac805d2";
				PROVISIONING_PROFILE_SPECIFIER = "match Development com.fassko.TartuWeather";
				SWIFT_VERSION = 3.0.1;
			};
			name = Debug;
		};
		6348B1CC1C4BF55300199EE5 /* Release */ = {
			isa = XCBuildConfiguration;
			baseConfigurationReference = E13A67CA751911AB6B77F3CF /* Pods-TartuWeather.release.xcconfig */;
			buildSettings = {
				ALWAYS_EMBED_SWIFT_STANDARD_LIBRARIES = "$(inherited)";
				ASSETCATALOG_COMPILER_APPICON_NAME = AppIcon;
				"CODE_SIGN_IDENTITY[sdk=iphoneos*]" = "iPhone Distribution";
				DEFINES_MODULE = YES;
				DEVELOPMENT_TEAM = 3SGNZQGS68;
				EMBEDDED_CONTENT_CONTAINS_SWIFT = "$(inherited)";
				FRAMEWORK_SEARCH_PATHS = (
					"$(inherited)",
					"$(PROJECT_DIR)",
				);
				INFOPLIST_FILE = TartuWeather/Info.plist;
				IPHONEOS_DEPLOYMENT_TARGET = 9.0;
				LD_RUNPATH_SEARCH_PATHS = "$(inherited) @executable_path/Frameworks";
				PRODUCT_BUNDLE_IDENTIFIER = com.fassko.TartuWeather;
				PRODUCT_NAME = "$(TARGET_NAME)";
				PROVISIONING_PROFILE = "f0746f0e-acab-46b1-b31c-73410230426b";
				PROVISIONING_PROFILE_SPECIFIER = "match AppStore com.fassko.TartuWeather";
				SWIFT_VERSION = 3.0.1;
			};
			name = Release;
		};
		6348B1DF1C4BF6AA00199EE5 /* Debug */ = {
			isa = XCBuildConfiguration;
			baseConfigurationReference = E25ADD877425D912A9D24323 /* Pods-TartuWeatherWidget.debug.xcconfig */;
			buildSettings = {
				ALWAYS_EMBED_SWIFT_STANDARD_LIBRARIES = "$(inherited)";
				"CODE_SIGN_IDENTITY[sdk=iphoneos*]" = "iPhone Developer";
				DEFINES_MODULE = YES;
				DEVELOPMENT_TEAM = 3SGNZQGS68;
				FRAMEWORK_SEARCH_PATHS = "$(inherited)";
				INFOPLIST_FILE = TartuWeatherWidget/Info.plist;
				LD_RUNPATH_SEARCH_PATHS = "$(inherited) @executable_path/Frameworks @executable_path/../../Frameworks";
				PRODUCT_BUNDLE_IDENTIFIER = com.fassko.TartuWeather.TartuWeatherWidget;
				PRODUCT_NAME = "$(TARGET_NAME)";
				PROVISIONING_PROFILE = "a0ba7df5-fd7c-439c-b75e-7d0974d968bf";
				PROVISIONING_PROFILE_SPECIFIER = "match Development com.fassko.TartuWeather.TartuWeatherWidget";
				SKIP_INSTALL = YES;
				SWIFT_VERSION = 3.0.1;
			};
			name = Debug;
		};
		6348B1E01C4BF6AA00199EE5 /* Release */ = {
			isa = XCBuildConfiguration;
			baseConfigurationReference = ED0DE26BEB80F546F3C79906 /* Pods-TartuWeatherWidget.release.xcconfig */;
			buildSettings = {
				ALWAYS_EMBED_SWIFT_STANDARD_LIBRARIES = "$(inherited)";
				"CODE_SIGN_IDENTITY[sdk=iphoneos*]" = "iPhone Distribution";
				DEFINES_MODULE = YES;
				DEVELOPMENT_TEAM = 3SGNZQGS68;
				FRAMEWORK_SEARCH_PATHS = "$(inherited)";
				INFOPLIST_FILE = TartuWeatherWidget/Info.plist;
				LD_RUNPATH_SEARCH_PATHS = "$(inherited) @executable_path/Frameworks @executable_path/../../Frameworks";
				PRODUCT_BUNDLE_IDENTIFIER = com.fassko.TartuWeather.TartuWeatherWidget;
				PRODUCT_NAME = "$(TARGET_NAME)";
				PROVISIONING_PROFILE = "15809f2c-e757-4eb9-aabe-4f3affd1c420";
				PROVISIONING_PROFILE_SPECIFIER = "match AppStore com.fassko.TartuWeather.TartuWeatherWidget";
				SKIP_INSTALL = YES;
				SWIFT_VERSION = 3.0.1;
			};
			name = Release;
		};
/* End XCBuildConfiguration section */

/* Begin XCConfigurationList section */
		63330EBB1DCF6FC0002194A3 /* Build configuration list for PBXNativeTarget "meteoTartuUITests" */ = {
			isa = XCConfigurationList;
			buildConfigurations = (
				63330EB91DCF6FC0002194A3 /* Debug */,
				63330EBA1DCF6FC0002194A3 /* Release */,
			);
			defaultConfigurationIsVisible = 0;
			defaultConfigurationName = Release;
		};
		63330EDC1DCFB435002194A3 /* Build configuration list for PBXNativeTarget "meteoTartuUnitTests" */ = {
			isa = XCConfigurationList;
			buildConfigurations = (
				63330EDD1DCFB435002194A3 /* Debug */,
				63330EDE1DCFB435002194A3 /* Release */,
			);
			defaultConfigurationIsVisible = 0;
			defaultConfigurationName = Release;
		};
		6348B1B31C4BF55300199EE5 /* Build configuration list for PBXProject "TartuWeather" */ = {
			isa = XCConfigurationList;
			buildConfigurations = (
				6348B1C81C4BF55300199EE5 /* Debug */,
				6348B1C91C4BF55300199EE5 /* Release */,
			);
			defaultConfigurationIsVisible = 0;
			defaultConfigurationName = Release;
		};
		6348B1CA1C4BF55300199EE5 /* Build configuration list for PBXNativeTarget "TartuWeather" */ = {
			isa = XCConfigurationList;
			buildConfigurations = (
				6348B1CB1C4BF55300199EE5 /* Debug */,
				6348B1CC1C4BF55300199EE5 /* Release */,
			);
			defaultConfigurationIsVisible = 0;
			defaultConfigurationName = Release;
		};
		6348B1E11C4BF6AA00199EE5 /* Build configuration list for PBXNativeTarget "TartuWeatherWidget" */ = {
			isa = XCConfigurationList;
			buildConfigurations = (
				6348B1DF1C4BF6AA00199EE5 /* Debug */,
				6348B1E01C4BF6AA00199EE5 /* Release */,
			);
			defaultConfigurationIsVisible = 0;
			defaultConfigurationName = Release;
		};
/* End XCConfigurationList section */
	};
	rootObject = 6348B1B01C4BF55300199EE5 /* Project object */;
}
