// !$*UTF8*$!
{
	archiveVersion = 1;
	classes = {
	};
	objectVersion = 48;
	objects = {

/* Begin PBXBuildFile section */
		34D530D9DF5724D7C3C7730E /* Pods_TartuWeatherWidget.framework in Frameworks */ = {isa = PBXBuildFile; fileRef = 88C813C3270B0B33D4BB36CE /* Pods_TartuWeatherWidget.framework */; };
		42269A3EE2E369BF7FB4EA04 /* Pods_WatchApp_Extension.framework in Frameworks */ = {isa = PBXBuildFile; fileRef = 44A42D570FFE24D6FF952945 /* Pods_WatchApp_Extension.framework */; };
		4BD29E25996187EA70D87239 /* Pods_TartuWeather.framework in Frameworks */ = {isa = PBXBuildFile; fileRef = F0E690EF839D409767A8C3DF /* Pods_TartuWeather.framework */; };
		6302763C1E787CE000A922B8 /* NotificationCenter.framework in Frameworks */ = {isa = PBXBuildFile; fileRef = 6348B1D31C4BF6AA00199EE5 /* NotificationCenter.framework */; };
		6302763D1E787ED700A922B8 /* NotificationCenter.framework in Frameworks */ = {isa = PBXBuildFile; fileRef = 6348B1D31C4BF6AA00199EE5 /* NotificationCenter.framework */; };
		63330EB51DCF6FC0002194A3 /* meteoTartuUITests.swift in Sources */ = {isa = PBXBuildFile; fileRef = 63330EB41DCF6FC0002194A3 /* meteoTartuUITests.swift */; };
		63330EBD1DCF7142002194A3 /* SnapshotHelper.swift in Sources */ = {isa = PBXBuildFile; fileRef = 63330EBC1DCF7142002194A3 /* SnapshotHelper.swift */; };
		633367DD1F6E78D8005AE02E /* MainInterface.storyboard in Resources */ = {isa = PBXBuildFile; fileRef = 6348B1D81C4BF6AA00199EE5 /* MainInterface.storyboard */; };
		6341EAC71EF07B8800C3E8EA /* TartuWeatherViewModel.swift in Sources */ = {isa = PBXBuildFile; fileRef = 6341EAC61EF07B8800C3E8EA /* TartuWeatherViewModel.swift */; };
		6341EACA1EF083C100C3E8EA /* TartuWeatherViewModel.swift in Sources */ = {isa = PBXBuildFile; fileRef = 6341EAC61EF07B8800C3E8EA /* TartuWeatherViewModel.swift */; };
		6341EACB1EF083C300C3E8EA /* TartuWeatherViewModel.swift in Sources */ = {isa = PBXBuildFile; fileRef = 6341EAC61EF07B8800C3E8EA /* TartuWeatherViewModel.swift */; };
		6348B1BC1C4BF55300199EE5 /* AppDelegate.swift in Sources */ = {isa = PBXBuildFile; fileRef = 6348B1BB1C4BF55300199EE5 /* AppDelegate.swift */; };
		6348B1BE1C4BF55300199EE5 /* ViewController.swift in Sources */ = {isa = PBXBuildFile; fileRef = 6348B1BD1C4BF55300199EE5 /* ViewController.swift */; };
		6348B1C11C4BF55300199EE5 /* Main.storyboard in Resources */ = {isa = PBXBuildFile; fileRef = 6348B1BF1C4BF55300199EE5 /* Main.storyboard */; };
		6348B1C31C4BF55300199EE5 /* Assets.xcassets in Resources */ = {isa = PBXBuildFile; fileRef = 6348B1C21C4BF55300199EE5 /* Assets.xcassets */; };
		6348B1C61C4BF55300199EE5 /* LaunchScreen.storyboard in Resources */ = {isa = PBXBuildFile; fileRef = 6348B1C41C4BF55300199EE5 /* LaunchScreen.storyboard */; };
		6348B1D71C4BF6AA00199EE5 /* TodayViewController.swift in Sources */ = {isa = PBXBuildFile; fileRef = 6348B1D61C4BF6AA00199EE5 /* TodayViewController.swift */; };
		6348B1DA1C4BF6AA00199EE5 /* MainInterface.storyboard in Resources */ = {isa = PBXBuildFile; fileRef = 6348B1D81C4BF6AA00199EE5 /* MainInterface.storyboard */; };
		6348B1DE1C4BF6AA00199EE5 /* TartuWeatherWidget.appex in Embed App Extensions */ = {isa = PBXBuildFile; fileRef = 6348B1D11C4BF6AA00199EE5 /* TartuWeatherWidget.appex */; settings = {ATTRIBUTES = (RemoveHeadersOnCopy, ); }; };
		635860AE1E4767D5006E394D /* Interface.storyboard in Resources */ = {isa = PBXBuildFile; fileRef = 635860AC1E4767D5006E394D /* Interface.storyboard */; };
		635860B01E4767D5006E394D /* AssetsWatch.xcassets in Resources */ = {isa = PBXBuildFile; fileRef = 635860AF1E4767D5006E394D /* AssetsWatch.xcassets */; };
		635860B71E4767D6006E394D /* WatchApp Extension.appex in Embed App Extensions */ = {isa = PBXBuildFile; fileRef = 635860B61E4767D6006E394D /* WatchApp Extension.appex */; settings = {ATTRIBUTES = (RemoveHeadersOnCopy, ); }; };
		635860C01E4767D6006E394D /* ExtensionDelegate.swift in Sources */ = {isa = PBXBuildFile; fileRef = 635860BF1E4767D6006E394D /* ExtensionDelegate.swift */; };
		635860C41E4767D6006E394D /* Assets.xcassets in Resources */ = {isa = PBXBuildFile; fileRef = 635860C31E4767D6006E394D /* Assets.xcassets */; };
		635860C81E4767D6006E394D /* WatchApp.app in Embed Watch Content */ = {isa = PBXBuildFile; fileRef = 635860AA1E4767D5006E394D /* WatchApp.app */; };
		63A8D3C91F6ED7B4007480CC /* InterfaceController.swift in Sources */ = {isa = PBXBuildFile; fileRef = 635860BD1E4767D6006E394D /* InterfaceController.swift */; };
		63A8D3F91F6EF37D007480CC /* ShareViewController.swift in Sources */ = {isa = PBXBuildFile; fileRef = 63A8D3F81F6EF37D007480CC /* ShareViewController.swift */; };
		63A8D4001F6EF37D007480CC /* TartuWeatherShareExtension.appex in Embed App Extensions */ = {isa = PBXBuildFile; fileRef = 63A8D3F61F6EF37D007480CC /* TartuWeatherShareExtension.appex */; settings = {ATTRIBUTES = (RemoveHeadersOnCopy, ); }; };
		63AC5BAE1F6EF7E700701514 /* MainInterface.storyboard in Resources */ = {isa = PBXBuildFile; fileRef = 63AC5BAD1F6EF7DD00701514 /* MainInterface.storyboard */; };
		63AFB7F71C5D3D93004A58E1 /* thermometer35.png in Resources */ = {isa = PBXBuildFile; fileRef = 63AFB7F41C5D3D93004A58E1 /* thermometer35.png */; };
		63AFB7F81C5D3D93004A58E1 /* thermometer35@2x.png in Resources */ = {isa = PBXBuildFile; fileRef = 63AFB7F51C5D3D93004A58E1 /* thermometer35@2x.png */; };
		63AFB7F91C5D3D93004A58E1 /* thermometer35@3x.png in Resources */ = {isa = PBXBuildFile; fileRef = 63AFB7F61C5D3D93004A58E1 /* thermometer35@3x.png */; };
		CBAF194F880473B9448FA75F /* Pods_meteoTartuUITests.framework in Frameworks */ = {isa = PBXBuildFile; fileRef = F7FE573D846FCB7E3E575D29 /* Pods_meteoTartuUITests.framework */; };
/* End PBXBuildFile section */

/* Begin PBXContainerItemProxy section */
		63330EB71DCF6FC0002194A3 /* PBXContainerItemProxy */ = {
			isa = PBXContainerItemProxy;
			containerPortal = 6348B1B01C4BF55300199EE5 /* Project object */;
			proxyType = 1;
			remoteGlobalIDString = 6348B1B71C4BF55300199EE5;
			remoteInfo = TartuWeather;
		};
		6348B1DC1C4BF6AA00199EE5 /* PBXContainerItemProxy */ = {
			isa = PBXContainerItemProxy;
			containerPortal = 6348B1B01C4BF55300199EE5 /* Project object */;
			proxyType = 1;
			remoteGlobalIDString = 6348B1D01C4BF6AA00199EE5;
			remoteInfo = TartuWeatherWidget;
		};
		635860B81E4767D6006E394D /* PBXContainerItemProxy */ = {
			isa = PBXContainerItemProxy;
			containerPortal = 6348B1B01C4BF55300199EE5 /* Project object */;
			proxyType = 1;
			remoteGlobalIDString = 635860B51E4767D6006E394D;
			remoteInfo = "WatchApp Extension";
		};
		635860C61E4767D6006E394D /* PBXContainerItemProxy */ = {
			isa = PBXContainerItemProxy;
			containerPortal = 6348B1B01C4BF55300199EE5 /* Project object */;
			proxyType = 1;
			remoteGlobalIDString = 635860A91E4767D5006E394D;
			remoteInfo = WatchApp;
		};
		63A8D3FE1F6EF37D007480CC /* PBXContainerItemProxy */ = {
			isa = PBXContainerItemProxy;
			containerPortal = 6348B1B01C4BF55300199EE5 /* Project object */;
			proxyType = 1;
			remoteGlobalIDString = 63A8D3F51F6EF37D007480CC;
			remoteInfo = TartuWeatherShareExtension;
		};
/* End PBXContainerItemProxy section */

/* Begin PBXCopyFilesBuildPhase section */
		6348B1E21C4BF6AA00199EE5 /* Embed App Extensions */ = {
			isa = PBXCopyFilesBuildPhase;
			buildActionMask = 2147483647;
			dstPath = "";
			dstSubfolderSpec = 13;
			files = (
				63A8D4001F6EF37D007480CC /* TartuWeatherShareExtension.appex in Embed App Extensions */,
				6348B1DE1C4BF6AA00199EE5 /* TartuWeatherWidget.appex in Embed App Extensions */,
			);
			name = "Embed App Extensions";
			runOnlyForDeploymentPostprocessing = 0;
		};
		6348B1E61C4BF6C100199EE5 /* Embed Frameworks */ = {
			isa = PBXCopyFilesBuildPhase;
			buildActionMask = 2147483647;
			dstPath = "";
			dstSubfolderSpec = 10;
			files = (
			);
			name = "Embed Frameworks";
			runOnlyForDeploymentPostprocessing = 0;
		};
		635860CE1E4767D6006E394D /* Embed App Extensions */ = {
			isa = PBXCopyFilesBuildPhase;
			buildActionMask = 2147483647;
			dstPath = "";
			dstSubfolderSpec = 13;
			files = (
				635860B71E4767D6006E394D /* WatchApp Extension.appex in Embed App Extensions */,
			);
			name = "Embed App Extensions";
			runOnlyForDeploymentPostprocessing = 0;
		};
		635860D01E4767D6006E394D /* Embed Watch Content */ = {
			isa = PBXCopyFilesBuildPhase;
			buildActionMask = 2147483647;
			dstPath = "$(CONTENTS_FOLDER_PATH)/Watch";
			dstSubfolderSpec = 16;
			files = (
				635860C81E4767D6006E394D /* WatchApp.app in Embed Watch Content */,
			);
			name = "Embed Watch Content";
			runOnlyForDeploymentPostprocessing = 0;
		};
/* End PBXCopyFilesBuildPhase section */

/* Begin PBXFileReference section */
		0EA80CC296C2C4962EC68C3A /* Pods-TartuWeather.debug.xcconfig */ = {isa = PBXFileReference; includeInIndex = 1; lastKnownFileType = text.xcconfig; name = "Pods-TartuWeather.debug.xcconfig"; path = "Pods/Target Support Files/Pods-TartuWeather/Pods-TartuWeather.debug.xcconfig"; sourceTree = "<group>"; };
		10E55C285629A36B7C18B5C3 /* Pods_meteoTartuUnitTests.framework */ = {isa = PBXFileReference; explicitFileType = wrapper.framework; includeInIndex = 0; path = Pods_meteoTartuUnitTests.framework; sourceTree = BUILT_PRODUCTS_DIR; };
		3547597EAD461A69E82A64BE /* Pods_meteoTartuTests.framework */ = {isa = PBXFileReference; explicitFileType = wrapper.framework; includeInIndex = 0; path = Pods_meteoTartuTests.framework; sourceTree = BUILT_PRODUCTS_DIR; };
		44A42D570FFE24D6FF952945 /* Pods_WatchApp_Extension.framework */ = {isa = PBXFileReference; explicitFileType = wrapper.framework; includeInIndex = 0; path = Pods_WatchApp_Extension.framework; sourceTree = BUILT_PRODUCTS_DIR; };
		4BBBA1784059F14EFEA9383C /* Pods-WatchApp Extension.release.xcconfig */ = {isa = PBXFileReference; includeInIndex = 1; lastKnownFileType = text.xcconfig; name = "Pods-WatchApp Extension.release.xcconfig"; path = "Pods/Target Support Files/Pods-WatchApp Extension/Pods-WatchApp Extension.release.xcconfig"; sourceTree = "<group>"; };
		63330EB21DCF6FBF002194A3 /* meteoTartuUITests.xctest */ = {isa = PBXFileReference; explicitFileType = wrapper.cfbundle; includeInIndex = 0; path = meteoTartuUITests.xctest; sourceTree = BUILT_PRODUCTS_DIR; };
		63330EB41DCF6FC0002194A3 /* meteoTartuUITests.swift */ = {isa = PBXFileReference; lastKnownFileType = sourcecode.swift; path = meteoTartuUITests.swift; sourceTree = "<group>"; };
		63330EB61DCF6FC0002194A3 /* Info.plist */ = {isa = PBXFileReference; lastKnownFileType = text.plist.xml; path = Info.plist; sourceTree = "<group>"; };
		63330EBC1DCF7142002194A3 /* SnapshotHelper.swift */ = {isa = PBXFileReference; fileEncoding = 4; lastKnownFileType = sourcecode.swift; path = SnapshotHelper.swift; sourceTree = "<group>"; };
		6341EAC61EF07B8800C3E8EA /* TartuWeatherViewModel.swift */ = {isa = PBXFileReference; fileEncoding = 4; lastKnownFileType = sourcecode.swift; path = TartuWeatherViewModel.swift; sourceTree = "<group>"; };
		6348B1B81C4BF55300199EE5 /* TartuWeather.app */ = {isa = PBXFileReference; explicitFileType = wrapper.application; includeInIndex = 0; path = TartuWeather.app; sourceTree = BUILT_PRODUCTS_DIR; };
		6348B1BB1C4BF55300199EE5 /* AppDelegate.swift */ = {isa = PBXFileReference; lastKnownFileType = sourcecode.swift; path = AppDelegate.swift; sourceTree = "<group>"; };
		6348B1BD1C4BF55300199EE5 /* ViewController.swift */ = {isa = PBXFileReference; lastKnownFileType = sourcecode.swift; path = ViewController.swift; sourceTree = "<group>"; };
		6348B1C01C4BF55300199EE5 /* Base */ = {isa = PBXFileReference; lastKnownFileType = file.storyboard; name = Base; path = Base.lproj/Main.storyboard; sourceTree = "<group>"; };
		6348B1C21C4BF55300199EE5 /* Assets.xcassets */ = {isa = PBXFileReference; lastKnownFileType = folder.assetcatalog; path = Assets.xcassets; sourceTree = "<group>"; };
		6348B1C51C4BF55300199EE5 /* Base */ = {isa = PBXFileReference; lastKnownFileType = file.storyboard; name = Base; path = Base.lproj/LaunchScreen.storyboard; sourceTree = "<group>"; };
		6348B1C71C4BF55300199EE5 /* Info.plist */ = {isa = PBXFileReference; lastKnownFileType = text.plist.xml; path = Info.plist; sourceTree = "<group>"; };
		6348B1D11C4BF6AA00199EE5 /* TartuWeatherWidget.appex */ = {isa = PBXFileReference; explicitFileType = "wrapper.app-extension"; includeInIndex = 0; path = TartuWeatherWidget.appex; sourceTree = BUILT_PRODUCTS_DIR; };
		6348B1D31C4BF6AA00199EE5 /* NotificationCenter.framework */ = {isa = PBXFileReference; lastKnownFileType = wrapper.framework; name = NotificationCenter.framework; path = System/Library/Frameworks/NotificationCenter.framework; sourceTree = SDKROOT; };
		6348B1D61C4BF6AA00199EE5 /* TodayViewController.swift */ = {isa = PBXFileReference; lastKnownFileType = sourcecode.swift; path = TodayViewController.swift; sourceTree = "<group>"; };
		6348B1D91C4BF6AA00199EE5 /* Base */ = {isa = PBXFileReference; lastKnownFileType = file.storyboard; name = Base; path = Base.lproj/MainInterface.storyboard; sourceTree = "<group>"; };
		6348B1DB1C4BF6AA00199EE5 /* Info.plist */ = {isa = PBXFileReference; lastKnownFileType = text.plist.xml; path = Info.plist; sourceTree = "<group>"; };
		635860AA1E4767D5006E394D /* WatchApp.app */ = {isa = PBXFileReference; explicitFileType = wrapper.application; includeInIndex = 0; path = WatchApp.app; sourceTree = BUILT_PRODUCTS_DIR; };
		635860AD1E4767D5006E394D /* Base */ = {isa = PBXFileReference; lastKnownFileType = file.storyboard; name = Base; path = Base.lproj/Interface.storyboard; sourceTree = "<group>"; };
		635860AF1E4767D5006E394D /* AssetsWatch.xcassets */ = {isa = PBXFileReference; lastKnownFileType = folder.assetcatalog; path = AssetsWatch.xcassets; sourceTree = "<group>"; };
		635860B11E4767D5006E394D /* Info.plist */ = {isa = PBXFileReference; lastKnownFileType = text.plist.xml; path = Info.plist; sourceTree = "<group>"; };
		635860B61E4767D6006E394D /* WatchApp Extension.appex */ = {isa = PBXFileReference; explicitFileType = "wrapper.app-extension"; includeInIndex = 0; path = "WatchApp Extension.appex"; sourceTree = BUILT_PRODUCTS_DIR; };
		635860BC1E4767D6006E394D /* PushNotificationPayload.apns */ = {isa = PBXFileReference; lastKnownFileType = text; path = PushNotificationPayload.apns; sourceTree = "<group>"; };
		635860BD1E4767D6006E394D /* InterfaceController.swift */ = {isa = PBXFileReference; lastKnownFileType = sourcecode.swift; path = InterfaceController.swift; sourceTree = "<group>"; };
		635860BF1E4767D6006E394D /* ExtensionDelegate.swift */ = {isa = PBXFileReference; lastKnownFileType = sourcecode.swift; path = ExtensionDelegate.swift; sourceTree = "<group>"; };
		635860C31E4767D6006E394D /* Assets.xcassets */ = {isa = PBXFileReference; lastKnownFileType = folder.assetcatalog; path = Assets.xcassets; sourceTree = "<group>"; };
		635860C51E4767D6006E394D /* Info.plist */ = {isa = PBXFileReference; lastKnownFileType = text.plist.xml; path = Info.plist; sourceTree = "<group>"; };
		63A8D3F61F6EF37D007480CC /* TartuWeatherShareExtension.appex */ = {isa = PBXFileReference; explicitFileType = "wrapper.app-extension"; includeInIndex = 0; path = TartuWeatherShareExtension.appex; sourceTree = BUILT_PRODUCTS_DIR; };
		63A8D3F81F6EF37D007480CC /* ShareViewController.swift */ = {isa = PBXFileReference; lastKnownFileType = sourcecode.swift; path = ShareViewController.swift; sourceTree = "<group>"; };
		63A8D3FD1F6EF37D007480CC /* Info.plist */ = {isa = PBXFileReference; lastKnownFileType = text.plist.xml; path = Info.plist; sourceTree = "<group>"; };
		63AC5BAD1F6EF7DD00701514 /* MainInterface.storyboard */ = {isa = PBXFileReference; lastKnownFileType = file.storyboard; path = MainInterface.storyboard; sourceTree = "<group>"; };
		63AFB7F41C5D3D93004A58E1 /* thermometer35.png */ = {isa = PBXFileReference; lastKnownFileType = image.png; path = thermometer35.png; sourceTree = SOURCE_ROOT; };
		63AFB7F51C5D3D93004A58E1 /* thermometer35@2x.png */ = {isa = PBXFileReference; lastKnownFileType = image.png; path = "thermometer35@2x.png"; sourceTree = SOURCE_ROOT; };
		63AFB7F61C5D3D93004A58E1 /* thermometer35@3x.png */ = {isa = PBXFileReference; lastKnownFileType = image.png; path = "thermometer35@3x.png"; sourceTree = SOURCE_ROOT; };
		88C813C3270B0B33D4BB36CE /* Pods_TartuWeatherWidget.framework */ = {isa = PBXFileReference; explicitFileType = wrapper.framework; includeInIndex = 0; path = Pods_TartuWeatherWidget.framework; sourceTree = BUILT_PRODUCTS_DIR; };
		9C9CD73F3BA5DCDFB6E994FF /* Pods-WatchApp Extension.debug.xcconfig */ = {isa = PBXFileReference; includeInIndex = 1; lastKnownFileType = text.xcconfig; name = "Pods-WatchApp Extension.debug.xcconfig"; path = "Pods/Target Support Files/Pods-WatchApp Extension/Pods-WatchApp Extension.debug.xcconfig"; sourceTree = "<group>"; };
		C2C750CDCFF981E9815828A7 /* Pods-meteoTartuUITests.debug.xcconfig */ = {isa = PBXFileReference; includeInIndex = 1; lastKnownFileType = text.xcconfig; name = "Pods-meteoTartuUITests.debug.xcconfig"; path = "Pods/Target Support Files/Pods-meteoTartuUITests/Pods-meteoTartuUITests.debug.xcconfig"; sourceTree = "<group>"; };
		CC696C8C5F6CEF1591E74F6B /* Pods-meteoTartuUITests.release.xcconfig */ = {isa = PBXFileReference; includeInIndex = 1; lastKnownFileType = text.xcconfig; name = "Pods-meteoTartuUITests.release.xcconfig"; path = "Pods/Target Support Files/Pods-meteoTartuUITests/Pods-meteoTartuUITests.release.xcconfig"; sourceTree = "<group>"; };
		E13A67CA751911AB6B77F3CF /* Pods-TartuWeather.release.xcconfig */ = {isa = PBXFileReference; includeInIndex = 1; lastKnownFileType = text.xcconfig; name = "Pods-TartuWeather.release.xcconfig"; path = "Pods/Target Support Files/Pods-TartuWeather/Pods-TartuWeather.release.xcconfig"; sourceTree = "<group>"; };
		E25ADD877425D912A9D24323 /* Pods-TartuWeatherWidget.debug.xcconfig */ = {isa = PBXFileReference; includeInIndex = 1; lastKnownFileType = text.xcconfig; name = "Pods-TartuWeatherWidget.debug.xcconfig"; path = "Pods/Target Support Files/Pods-TartuWeatherWidget/Pods-TartuWeatherWidget.debug.xcconfig"; sourceTree = "<group>"; };
		ED0DE26BEB80F546F3C79906 /* Pods-TartuWeatherWidget.release.xcconfig */ = {isa = PBXFileReference; includeInIndex = 1; lastKnownFileType = text.xcconfig; name = "Pods-TartuWeatherWidget.release.xcconfig"; path = "Pods/Target Support Files/Pods-TartuWeatherWidget/Pods-TartuWeatherWidget.release.xcconfig"; sourceTree = "<group>"; };
		F0E690EF839D409767A8C3DF /* Pods_TartuWeather.framework */ = {isa = PBXFileReference; explicitFileType = wrapper.framework; includeInIndex = 0; path = Pods_TartuWeather.framework; sourceTree = BUILT_PRODUCTS_DIR; };
		F7FE573D846FCB7E3E575D29 /* Pods_meteoTartuUITests.framework */ = {isa = PBXFileReference; explicitFileType = wrapper.framework; includeInIndex = 0; path = Pods_meteoTartuUITests.framework; sourceTree = BUILT_PRODUCTS_DIR; };
/* End PBXFileReference section */

/* Begin PBXFrameworksBuildPhase section */
		63330EAF1DCF6FBF002194A3 /* Frameworks */ = {
			isa = PBXFrameworksBuildPhase;
			buildActionMask = 2147483647;
			files = (
				CBAF194F880473B9448FA75F /* Pods_meteoTartuUITests.framework in Frameworks */,
			);
			runOnlyForDeploymentPostprocessing = 0;
		};
		6348B1B51C4BF55300199EE5 /* Frameworks */ = {
			isa = PBXFrameworksBuildPhase;
			buildActionMask = 2147483647;
			files = (
				6302763C1E787CE000A922B8 /* NotificationCenter.framework in Frameworks */,
				4BD29E25996187EA70D87239 /* Pods_TartuWeather.framework in Frameworks */,
			);
			runOnlyForDeploymentPostprocessing = 0;
		};
		6348B1CE1C4BF6AA00199EE5 /* Frameworks */ = {
			isa = PBXFrameworksBuildPhase;
			buildActionMask = 2147483647;
			files = (
				6302763D1E787ED700A922B8 /* NotificationCenter.framework in Frameworks */,
				34D530D9DF5724D7C3C7730E /* Pods_TartuWeatherWidget.framework in Frameworks */,
			);
			runOnlyForDeploymentPostprocessing = 0;
		};
		635860B31E4767D6006E394D /* Frameworks */ = {
			isa = PBXFrameworksBuildPhase;
			buildActionMask = 2147483647;
			files = (
				42269A3EE2E369BF7FB4EA04 /* Pods_WatchApp_Extension.framework in Frameworks */,
			);
			runOnlyForDeploymentPostprocessing = 0;
		};
		63A8D3F31F6EF37D007480CC /* Frameworks */ = {
			isa = PBXFrameworksBuildPhase;
			buildActionMask = 2147483647;
			files = (
			);
			runOnlyForDeploymentPostprocessing = 0;
		};
		759BE3B28008D88846C4FAEF /* Frameworks */ = {
			isa = PBXFrameworksBuildPhase;
			buildActionMask = 2147483647;
			files = (
			);
			runOnlyForDeploymentPostprocessing = 0;
		};
/* End PBXFrameworksBuildPhase section */

/* Begin PBXGroup section */
		63330EB31DCF6FC0002194A3 /* meteoTartuUITests */ = {
			isa = PBXGroup;
			children = (
				63330EBC1DCF7142002194A3 /* SnapshotHelper.swift */,
				63330EB41DCF6FC0002194A3 /* meteoTartuUITests.swift */,
				63330EB61DCF6FC0002194A3 /* Info.plist */,
			);
			path = meteoTartuUITests;
			sourceTree = "<group>";
		};
		63330ECE1DCFB2C4002194A3 /* Images */ = {
			isa = PBXGroup;
			children = (
				63AFB7F41C5D3D93004A58E1 /* thermometer35.png */,
				63AFB7F51C5D3D93004A58E1 /* thermometer35@2x.png */,
				63AFB7F61C5D3D93004A58E1 /* thermometer35@3x.png */,
			);
			name = Images;
			sourceTree = "<group>";
		};
		63330ECF1DCFB2D2002194A3 /* Classes */ = {
			isa = PBXGroup;
			children = (
				6348B1BB1C4BF55300199EE5 /* AppDelegate.swift */,
				6341EAC61EF07B8800C3E8EA /* TartuWeatherViewModel.swift */,
				6348B1BD1C4BF55300199EE5 /* ViewController.swift */,
			);
			name = Classes;
			sourceTree = "<group>";
		};
		63330ED01DCFB2DF002194A3 /* Interface */ = {
			isa = PBXGroup;
			children = (
				6348B1BF1C4BF55300199EE5 /* Main.storyboard */,
				6348B1C41C4BF55300199EE5 /* LaunchScreen.storyboard */,
			);
			name = Interface;
			sourceTree = "<group>";
		};
		6348B1AF1C4BF55300199EE5 = {
			isa = PBXGroup;
			children = (
				6348B1BA1C4BF55300199EE5 /* TartuWeather */,
				6348B1D51C4BF6AA00199EE5 /* TartuWeatherWidget */,
				63330EB31DCF6FC0002194A3 /* meteoTartuUITests */,
				635860AB1E4767D5006E394D /* WatchApp */,
				635860BA1E4767D6006E394D /* WatchApp Extension */,
				63A8D3F71F6EF37D007480CC /* TartuWeatherShareExtension */,
				6348B1D21C4BF6AA00199EE5 /* Frameworks */,
				6348B1B91C4BF55300199EE5 /* Products */,
				B389F9091BE6CA6DCCF1D48A /* Pods */,
			);
			sourceTree = "<group>";
		};
		6348B1B91C4BF55300199EE5 /* Products */ = {
			isa = PBXGroup;
			children = (
				6348B1B81C4BF55300199EE5 /* TartuWeather.app */,
				6348B1D11C4BF6AA00199EE5 /* TartuWeatherWidget.appex */,
				63330EB21DCF6FBF002194A3 /* meteoTartuUITests.xctest */,
				635860AA1E4767D5006E394D /* WatchApp.app */,
				635860B61E4767D6006E394D /* WatchApp Extension.appex */,
				63A8D3F61F6EF37D007480CC /* TartuWeatherShareExtension.appex */,
			);
			name = Products;
			sourceTree = "<group>";
		};
		6348B1BA1C4BF55300199EE5 /* TartuWeather */ = {
			isa = PBXGroup;
			children = (
				63330ECF1DCFB2D2002194A3 /* Classes */,
				63330ED01DCFB2DF002194A3 /* Interface */,
				6348B1C21C4BF55300199EE5 /* Assets.xcassets */,
				6348B1C71C4BF55300199EE5 /* Info.plist */,
				63330ECE1DCFB2C4002194A3 /* Images */,
			);
			path = TartuWeather;
			sourceTree = "<group>";
		};
		6348B1D21C4BF6AA00199EE5 /* Frameworks */ = {
			isa = PBXGroup;
			children = (
				6348B1D31C4BF6AA00199EE5 /* NotificationCenter.framework */,
				F0E690EF839D409767A8C3DF /* Pods_TartuWeather.framework */,
				88C813C3270B0B33D4BB36CE /* Pods_TartuWeatherWidget.framework */,
				F7FE573D846FCB7E3E575D29 /* Pods_meteoTartuUITests.framework */,
				10E55C285629A36B7C18B5C3 /* Pods_meteoTartuUnitTests.framework */,
				44A42D570FFE24D6FF952945 /* Pods_WatchApp_Extension.framework */,
				3547597EAD461A69E82A64BE /* Pods_meteoTartuTests.framework */,
			);
			name = Frameworks;
			sourceTree = "<group>";
		};
		6348B1D51C4BF6AA00199EE5 /* TartuWeatherWidget */ = {
			isa = PBXGroup;
			children = (
				6348B1D61C4BF6AA00199EE5 /* TodayViewController.swift */,
				6348B1D81C4BF6AA00199EE5 /* MainInterface.storyboard */,
				6348B1DB1C4BF6AA00199EE5 /* Info.plist */,
			);
			path = TartuWeatherWidget;
			sourceTree = "<group>";
		};
		635860AB1E4767D5006E394D /* WatchApp */ = {
			isa = PBXGroup;
			children = (
				635860AC1E4767D5006E394D /* Interface.storyboard */,
				635860AF1E4767D5006E394D /* AssetsWatch.xcassets */,
				635860B11E4767D5006E394D /* Info.plist */,
			);
			path = WatchApp;
			sourceTree = "<group>";
		};
		635860BA1E4767D6006E394D /* WatchApp Extension */ = {
			isa = PBXGroup;
			children = (
				635860BD1E4767D6006E394D /* InterfaceController.swift */,
				635860BF1E4767D6006E394D /* ExtensionDelegate.swift */,
				635860C31E4767D6006E394D /* Assets.xcassets */,
				635860C51E4767D6006E394D /* Info.plist */,
				635860BB1E4767D6006E394D /* Supporting Files */,
			);
			path = "WatchApp Extension";
			sourceTree = "<group>";
		};
		635860BB1E4767D6006E394D /* Supporting Files */ = {
			isa = PBXGroup;
			children = (
				635860BC1E4767D6006E394D /* PushNotificationPayload.apns */,
			);
			name = "Supporting Files";
			sourceTree = "<group>";
		};
		63A8D3F71F6EF37D007480CC /* TartuWeatherShareExtension */ = {
			isa = PBXGroup;
			children = (
				63A8D3F81F6EF37D007480CC /* ShareViewController.swift */,
				63AC5BAD1F6EF7DD00701514 /* MainInterface.storyboard */,
				63A8D3FD1F6EF37D007480CC /* Info.plist */,
			);
			path = TartuWeatherShareExtension;
			sourceTree = "<group>";
		};
		B389F9091BE6CA6DCCF1D48A /* Pods */ = {
			isa = PBXGroup;
			children = (
				0EA80CC296C2C4962EC68C3A /* Pods-TartuWeather.debug.xcconfig */,
				E13A67CA751911AB6B77F3CF /* Pods-TartuWeather.release.xcconfig */,
				E25ADD877425D912A9D24323 /* Pods-TartuWeatherWidget.debug.xcconfig */,
				ED0DE26BEB80F546F3C79906 /* Pods-TartuWeatherWidget.release.xcconfig */,
				C2C750CDCFF981E9815828A7 /* Pods-meteoTartuUITests.debug.xcconfig */,
				CC696C8C5F6CEF1591E74F6B /* Pods-meteoTartuUITests.release.xcconfig */,
				9C9CD73F3BA5DCDFB6E994FF /* Pods-WatchApp Extension.debug.xcconfig */,
				4BBBA1784059F14EFEA9383C /* Pods-WatchApp Extension.release.xcconfig */,
			);
			name = Pods;
			sourceTree = "<group>";
		};
/* End PBXGroup section */

/* Begin PBXNativeTarget section */
		63330EB11DCF6FBF002194A3 /* meteoTartuUITests */ = {
			isa = PBXNativeTarget;
			buildConfigurationList = 63330EBB1DCF6FC0002194A3 /* Build configuration list for PBXNativeTarget "meteoTartuUITests" */;
			buildPhases = (
				2C95F2E8D61129F05DF96CC8 /* [CP] Check Pods Manifest.lock */,
				63330EAE1DCF6FBF002194A3 /* Sources */,
				63330EAF1DCF6FBF002194A3 /* Frameworks */,
				63330EB01DCF6FBF002194A3 /* Resources */,
				3981B72F81878A09D74B0BF8 /* [CP] Embed Pods Frameworks */,
				A9CF3698969723FF9E29041B /* [CP] Copy Pods Resources */,
			);
			buildRules = (
			);
			dependencies = (
				63330EB81DCF6FC0002194A3 /* PBXTargetDependency */,
			);
			name = meteoTartuUITests;
			productName = meteoTartuUITests;
			productReference = 63330EB21DCF6FBF002194A3 /* meteoTartuUITests.xctest */;
			productType = "com.apple.product-type.bundle.ui-testing";
		};
		6348B1B71C4BF55300199EE5 /* TartuWeather */ = {
			isa = PBXNativeTarget;
			buildConfigurationList = 6348B1CA1C4BF55300199EE5 /* Build configuration list for PBXNativeTarget "TartuWeather" */;
			buildPhases = (
				CF45E7B220B70DD4036BD99E /* [CP] Check Pods Manifest.lock */,
				6348B1B41C4BF55300199EE5 /* Sources */,
				6348B1B51C4BF55300199EE5 /* Frameworks */,
				6348B1B61C4BF55300199EE5 /* Resources */,
				6348B1E21C4BF6AA00199EE5 /* Embed App Extensions */,
				6348B1E61C4BF6C100199EE5 /* Embed Frameworks */,
				63330EAD1DCF4ECA002194A3 /* ShellScript */,
				1EF239DCCC68AF1F6053EBEB /* [CP] Embed Pods Frameworks */,
				4F13BA8B983B874B5553F8C2 /* [CP] Copy Pods Resources */,
				635860D01E4767D6006E394D /* Embed Watch Content */,
			);
			buildRules = (
			);
			dependencies = (
				6348B1DD1C4BF6AA00199EE5 /* PBXTargetDependency */,
				635860C71E4767D6006E394D /* PBXTargetDependency */,
				63A8D3FF1F6EF37D007480CC /* PBXTargetDependency */,
			);
			name = TartuWeather;
			productName = TartuWeather;
			productReference = 6348B1B81C4BF55300199EE5 /* TartuWeather.app */;
			productType = "com.apple.product-type.application";
		};
		6348B1D01C4BF6AA00199EE5 /* TartuWeatherWidget */ = {
			isa = PBXNativeTarget;
			buildConfigurationList = 6348B1E11C4BF6AA00199EE5 /* Build configuration list for PBXNativeTarget "TartuWeatherWidget" */;
			buildPhases = (
				80B835D36D740CDB39AB8E5A /* [CP] Check Pods Manifest.lock */,
				6348B1CD1C4BF6AA00199EE5 /* Sources */,
				6348B1CE1C4BF6AA00199EE5 /* Frameworks */,
				6348B1CF1C4BF6AA00199EE5 /* Resources */,
				7CB2699F79A5FC47420B3DB3 /* [CP] Copy Pods Resources */,
			);
			buildRules = (
			);
			dependencies = (
			);
			name = TartuWeatherWidget;
			productName = TartuWeatherWidget;
			productReference = 6348B1D11C4BF6AA00199EE5 /* TartuWeatherWidget.appex */;
			productType = "com.apple.product-type.app-extension";
		};
		635860A91E4767D5006E394D /* WatchApp */ = {
			isa = PBXNativeTarget;
			buildConfigurationList = 635860CF1E4767D6006E394D /* Build configuration list for PBXNativeTarget "WatchApp" */;
			buildPhases = (
				635860A81E4767D5006E394D /* Resources */,
				635860CE1E4767D6006E394D /* Embed App Extensions */,
				759BE3B28008D88846C4FAEF /* Frameworks */,
			);
			buildRules = (
			);
			dependencies = (
				635860B91E4767D6006E394D /* PBXTargetDependency */,
			);
			name = WatchApp;
			productName = WatchApp;
			productReference = 635860AA1E4767D5006E394D /* WatchApp.app */;
			productType = "com.apple.product-type.application.watchapp2";
		};
		635860B51E4767D6006E394D /* WatchApp Extension */ = {
			isa = PBXNativeTarget;
			buildConfigurationList = 635860CD1E4767D6006E394D /* Build configuration list for PBXNativeTarget "WatchApp Extension" */;
			buildPhases = (
				A121BB298F5E149A761AC7DE /* [CP] Check Pods Manifest.lock */,
				635860B21E4767D6006E394D /* Sources */,
				635860B31E4767D6006E394D /* Frameworks */,
				635860B41E4767D6006E394D /* Resources */,
				A326AA853F95386A7E1C1E4D /* [CP] Embed Pods Frameworks */,
				EF7A9EFFF07ECD1A18A86C27 /* [CP] Copy Pods Resources */,
			);
			buildRules = (
			);
			dependencies = (
			);
			name = "WatchApp Extension";
			productName = "WatchApp Extension";
			productReference = 635860B61E4767D6006E394D /* WatchApp Extension.appex */;
			productType = "com.apple.product-type.watchkit2-extension";
		};
		63A8D3F51F6EF37D007480CC /* TartuWeatherShareExtension */ = {
			isa = PBXNativeTarget;
			buildConfigurationList = 63A8D4011F6EF37D007480CC /* Build configuration list for PBXNativeTarget "TartuWeatherShareExtension" */;
			buildPhases = (
				63A8D3F21F6EF37D007480CC /* Sources */,
				63A8D3F31F6EF37D007480CC /* Frameworks */,
				63A8D3F41F6EF37D007480CC /* Resources */,
			);
			buildRules = (
			);
			dependencies = (
			);
			name = TartuWeatherShareExtension;
			productName = TartuWeatherShareExtension;
			productReference = 63A8D3F61F6EF37D007480CC /* TartuWeatherShareExtension.appex */;
			productType = "com.apple.product-type.app-extension";
		};
/* End PBXNativeTarget section */

/* Begin PBXProject section */
		6348B1B01C4BF55300199EE5 /* Project object */ = {
			isa = PBXProject;
			attributes = {
				LastSwiftUpdateCheck = 0900;
				LastUpgradeCheck = 0720;
				ORGANIZATIONNAME = fassko;
				TargetAttributes = {
					63330EB11DCF6FBF002194A3 = {
						CreatedOnToolsVersion = 8.1;
						ProvisioningStyle = Manual;
						TestTargetID = 6348B1B71C4BF55300199EE5;
					};
					6348B1B71C4BF55300199EE5 = {
						CreatedOnToolsVersion = 7.2;
						LastSwiftMigration = 0820;
						ProvisioningStyle = Manual;
					};
					6348B1D01C4BF6AA00199EE5 = {
						CreatedOnToolsVersion = 7.2;
						LastSwiftMigration = 0820;
						ProvisioningStyle = Manual;
					};
					635860A91E4767D5006E394D = {
						CreatedOnToolsVersion = 8.2.1;
						LastSwiftMigration = 0820;
						ProvisioningStyle = Manual;
						SystemCapabilities = {
							com.apple.BackgroundModes.watchos.app = {
								enabled = 1;
							};
						};
					};
					635860B51E4767D6006E394D = {
						CreatedOnToolsVersion = 8.2.1;
						LastSwiftMigration = 0820;
						ProvisioningStyle = Manual;
						SystemCapabilities = {
							com.apple.BackgroundModes.watchos.extension = {
								enabled = 0;
							};
						};
					};
					63A8D3F51F6EF37D007480CC = {
						CreatedOnToolsVersion = 9.0;
						ProvisioningStyle = Manual;
					};
				};
			};
			buildConfigurationList = 6348B1B31C4BF55300199EE5 /* Build configuration list for PBXProject "TartuWeather" */;
			compatibilityVersion = "Xcode 8.0";
			developmentRegion = English;
			hasScannedForEncodings = 0;
			knownRegions = (
				en,
				Base,
			);
			mainGroup = 6348B1AF1C4BF55300199EE5;
			productRefGroup = 6348B1B91C4BF55300199EE5 /* Products */;
			projectDirPath = "";
			projectRoot = "";
			targets = (
				6348B1B71C4BF55300199EE5 /* TartuWeather */,
				635860A91E4767D5006E394D /* WatchApp */,
				635860B51E4767D6006E394D /* WatchApp Extension */,
				6348B1D01C4BF6AA00199EE5 /* TartuWeatherWidget */,
				63330EB11DCF6FBF002194A3 /* meteoTartuUITests */,
				63A8D3F51F6EF37D007480CC /* TartuWeatherShareExtension */,
			);
		};
/* End PBXProject section */

/* Begin PBXResourcesBuildPhase section */
		63330EB01DCF6FBF002194A3 /* Resources */ = {
			isa = PBXResourcesBuildPhase;
			buildActionMask = 2147483647;
			files = (
			);
			runOnlyForDeploymentPostprocessing = 0;
		};
		6348B1B61C4BF55300199EE5 /* Resources */ = {
			isa = PBXResourcesBuildPhase;
			buildActionMask = 2147483647;
			files = (
				633367DD1F6E78D8005AE02E /* MainInterface.storyboard in Resources */,
				63AFB7F91C5D3D93004A58E1 /* thermometer35@3x.png in Resources */,
				63AFB7F81C5D3D93004A58E1 /* thermometer35@2x.png in Resources */,
				63AFB7F71C5D3D93004A58E1 /* thermometer35.png in Resources */,
				6348B1C61C4BF55300199EE5 /* LaunchScreen.storyboard in Resources */,
				6348B1C31C4BF55300199EE5 /* Assets.xcassets in Resources */,
				6348B1C11C4BF55300199EE5 /* Main.storyboard in Resources */,
			);
			runOnlyForDeploymentPostprocessing = 0;
		};
		6348B1CF1C4BF6AA00199EE5 /* Resources */ = {
			isa = PBXResourcesBuildPhase;
			buildActionMask = 2147483647;
			files = (
				6348B1DA1C4BF6AA00199EE5 /* MainInterface.storyboard in Resources */,
			);
			runOnlyForDeploymentPostprocessing = 0;
		};
		635860A81E4767D5006E394D /* Resources */ = {
			isa = PBXResourcesBuildPhase;
			buildActionMask = 2147483647;
			files = (
				635860B01E4767D5006E394D /* AssetsWatch.xcassets in Resources */,
				635860AE1E4767D5006E394D /* Interface.storyboard in Resources */,
			);
			runOnlyForDeploymentPostprocessing = 0;
		};
		635860B41E4767D6006E394D /* Resources */ = {
			isa = PBXResourcesBuildPhase;
			buildActionMask = 2147483647;
			files = (
				635860C41E4767D6006E394D /* Assets.xcassets in Resources */,
			);
			runOnlyForDeploymentPostprocessing = 0;
		};
		63A8D3F41F6EF37D007480CC /* Resources */ = {
			isa = PBXResourcesBuildPhase;
			buildActionMask = 2147483647;
			files = (
				63AC5BAE1F6EF7E700701514 /* MainInterface.storyboard in Resources */,
			);
			runOnlyForDeploymentPostprocessing = 0;
		};
/* End PBXResourcesBuildPhase section */

/* Begin PBXShellScriptBuildPhase section */
		1EF239DCCC68AF1F6053EBEB /* [CP] Embed Pods Frameworks */ = {
			isa = PBXShellScriptBuildPhase;
			buildActionMask = 2147483647;
			files = (
			);
			inputPaths = (
				"${SRCROOT}/Pods/Target Support Files/Pods-TartuWeather/Pods-TartuWeather-frameworks.sh",
				"${BUILT_PRODUCTS_DIR}/Cache/Cache.framework",
				"${BUILT_PRODUCTS_DIR}/Hue/Hue.framework",
				"${BUILT_PRODUCTS_DIR}/Imaginary/Imaginary.framework",
				"${BUILT_PRODUCTS_DIR}/Lightbox/Lightbox.framework",
				"${BUILT_PRODUCTS_DIR}/RxCocoa-iOS/RxCocoa.framework",
				"${BUILT_PRODUCTS_DIR}/RxSwift-iOS/RxSwift.framework",
				"${BUILT_PRODUCTS_DIR}/SwiftSoup-iOS/SwiftSoup.framework",
				"${BUILT_PRODUCTS_DIR}/TartuWeatherProvider-iOS/TartuWeatherProvider.framework",
			);
			name = "[CP] Embed Pods Frameworks";
			outputPaths = (
				"${TARGET_BUILD_DIR}/${FRAMEWORKS_FOLDER_PATH}/Cache.framework",
				"${TARGET_BUILD_DIR}/${FRAMEWORKS_FOLDER_PATH}/Hue.framework",
				"${TARGET_BUILD_DIR}/${FRAMEWORKS_FOLDER_PATH}/Imaginary.framework",
				"${TARGET_BUILD_DIR}/${FRAMEWORKS_FOLDER_PATH}/Lightbox.framework",
				"${TARGET_BUILD_DIR}/${FRAMEWORKS_FOLDER_PATH}/RxCocoa.framework",
				"${TARGET_BUILD_DIR}/${FRAMEWORKS_FOLDER_PATH}/RxSwift.framework",
				"${TARGET_BUILD_DIR}/${FRAMEWORKS_FOLDER_PATH}/SwiftSoup.framework",
				"${TARGET_BUILD_DIR}/${FRAMEWORKS_FOLDER_PATH}/TartuWeatherProvider.framework",
			);
			runOnlyForDeploymentPostprocessing = 0;
			shellPath = /bin/sh;
			shellScript = "\"${SRCROOT}/Pods/Target Support Files/Pods-TartuWeather/Pods-TartuWeather-frameworks.sh\"\n";
			showEnvVarsInLog = 0;
		};
		2C95F2E8D61129F05DF96CC8 /* [CP] Check Pods Manifest.lock */ = {
			isa = PBXShellScriptBuildPhase;
			buildActionMask = 2147483647;
			files = (
			);
			inputPaths = (
				"${PODS_PODFILE_DIR_PATH}/Podfile.lock",
				"${PODS_ROOT}/Manifest.lock",
			);
			name = "[CP] Check Pods Manifest.lock";
			outputPaths = (
				"$(DERIVED_FILE_DIR)/Pods-meteoTartuUITests-checkManifestLockResult.txt",
			);
			runOnlyForDeploymentPostprocessing = 0;
			shellPath = /bin/sh;
			shellScript = "diff \"${PODS_PODFILE_DIR_PATH}/Podfile.lock\" \"${PODS_ROOT}/Manifest.lock\" > /dev/null\nif [ $? != 0 ] ; then\n    # print error to STDERR\n    echo \"error: The sandbox is not in sync with the Podfile.lock. Run 'pod install' or update your CocoaPods installation.\" >&2\n    exit 1\nfi\n# This output is used by Xcode 'outputs' to avoid re-running this script phase.\necho \"SUCCESS\" > \"${SCRIPT_OUTPUT_FILE_0}\"\n";
			showEnvVarsInLog = 0;
		};
		3981B72F81878A09D74B0BF8 /* [CP] Embed Pods Frameworks */ = {
			isa = PBXShellScriptBuildPhase;
			buildActionMask = 2147483647;
			files = (
			);
			inputPaths = (
				"${SRCROOT}/Pods/Target Support Files/Pods-meteoTartuUITests/Pods-meteoTartuUITests-frameworks.sh",
				"${BUILT_PRODUCTS_DIR}/SwiftSoup-iOS/SwiftSoup.framework",
				"${BUILT_PRODUCTS_DIR}/TartuWeatherProvider-iOS/TartuWeatherProvider.framework",
			);
			name = "[CP] Embed Pods Frameworks";
			outputPaths = (
				"${TARGET_BUILD_DIR}/${FRAMEWORKS_FOLDER_PATH}/SwiftSoup.framework",
				"${TARGET_BUILD_DIR}/${FRAMEWORKS_FOLDER_PATH}/TartuWeatherProvider.framework",
			);
			runOnlyForDeploymentPostprocessing = 0;
			shellPath = /bin/sh;
			shellScript = "\"${SRCROOT}/Pods/Target Support Files/Pods-meteoTartuUITests/Pods-meteoTartuUITests-frameworks.sh\"\n";
			showEnvVarsInLog = 0;
		};
		4F13BA8B983B874B5553F8C2 /* [CP] Copy Pods Resources */ = {
			isa = PBXShellScriptBuildPhase;
			buildActionMask = 2147483647;
			files = (
			);
			inputPaths = (
				"${SRCROOT}/Pods/Target Support Files/Pods-TartuWeather/Pods-TartuWeather-resources.sh",
				"${PODS_ROOT}/Lightbox/Resources/Lightbox.bundle",
			);
			name = "[CP] Copy Pods Resources";
			outputPaths = (
				"${TARGET_BUILD_DIR}/${UNLOCALIZED_RESOURCES_FOLDER_PATH}",
			);
			runOnlyForDeploymentPostprocessing = 0;
			shellPath = /bin/sh;
			shellScript = "\"${SRCROOT}/Pods/Target Support Files/Pods-TartuWeather/Pods-TartuWeather-resources.sh\"\n";
			showEnvVarsInLog = 0;
		};
		63330EAD1DCF4ECA002194A3 /* ShellScript */ = {
			isa = PBXShellScriptBuildPhase;
			buildActionMask = 2147483647;
			files = (
			);
			inputPaths = (
			);
			outputPaths = (
			);
			runOnlyForDeploymentPostprocessing = 0;
			shellPath = /bin/sh;
			shellScript = "\"${PODS_ROOT}/Fabric/run\" 34be06edc6f733a743335744b07a23f6a3e5b344 a9207ff06b3417aa4bf8c6408432761ca87c5b52dca8f2365b133eea61d407cc";
		};
		7CB2699F79A5FC47420B3DB3 /* [CP] Copy Pods Resources */ = {
			isa = PBXShellScriptBuildPhase;
			buildActionMask = 2147483647;
			files = (
			);
			inputPaths = (
			);
			name = "[CP] Copy Pods Resources";
			outputPaths = (
			);
			runOnlyForDeploymentPostprocessing = 0;
			shellPath = /bin/sh;
			shellScript = "\"${SRCROOT}/Pods/Target Support Files/Pods-TartuWeatherWidget/Pods-TartuWeatherWidget-resources.sh\"\n";
			showEnvVarsInLog = 0;
		};
		80B835D36D740CDB39AB8E5A /* [CP] Check Pods Manifest.lock */ = {
			isa = PBXShellScriptBuildPhase;
			buildActionMask = 2147483647;
			files = (
			);
			inputPaths = (
				"${PODS_PODFILE_DIR_PATH}/Podfile.lock",
				"${PODS_ROOT}/Manifest.lock",
			);
			name = "[CP] Check Pods Manifest.lock";
			outputPaths = (
				"$(DERIVED_FILE_DIR)/Pods-TartuWeatherWidget-checkManifestLockResult.txt",
			);
			runOnlyForDeploymentPostprocessing = 0;
			shellPath = /bin/sh;
			shellScript = "diff \"${PODS_PODFILE_DIR_PATH}/Podfile.lock\" \"${PODS_ROOT}/Manifest.lock\" > /dev/null\nif [ $? != 0 ] ; then\n    # print error to STDERR\n    echo \"error: The sandbox is not in sync with the Podfile.lock. Run 'pod install' or update your CocoaPods installation.\" >&2\n    exit 1\nfi\n# This output is used by Xcode 'outputs' to avoid re-running this script phase.\necho \"SUCCESS\" > \"${SCRIPT_OUTPUT_FILE_0}\"\n";
			showEnvVarsInLog = 0;
		};
		A121BB298F5E149A761AC7DE /* [CP] Check Pods Manifest.lock */ = {
			isa = PBXShellScriptBuildPhase;
			buildActionMask = 2147483647;
			files = (
			);
			inputPaths = (
				"${PODS_PODFILE_DIR_PATH}/Podfile.lock",
				"${PODS_ROOT}/Manifest.lock",
			);
			name = "[CP] Check Pods Manifest.lock";
			outputPaths = (
				"$(DERIVED_FILE_DIR)/Pods-WatchApp Extension-checkManifestLockResult.txt",
			);
			runOnlyForDeploymentPostprocessing = 0;
			shellPath = /bin/sh;
			shellScript = "diff \"${PODS_PODFILE_DIR_PATH}/Podfile.lock\" \"${PODS_ROOT}/Manifest.lock\" > /dev/null\nif [ $? != 0 ] ; then\n    # print error to STDERR\n    echo \"error: The sandbox is not in sync with the Podfile.lock. Run 'pod install' or update your CocoaPods installation.\" >&2\n    exit 1\nfi\n# This output is used by Xcode 'outputs' to avoid re-running this script phase.\necho \"SUCCESS\" > \"${SCRIPT_OUTPUT_FILE_0}\"\n";
			showEnvVarsInLog = 0;
		};
		A326AA853F95386A7E1C1E4D /* [CP] Embed Pods Frameworks */ = {
			isa = PBXShellScriptBuildPhase;
			buildActionMask = 2147483647;
			files = (
			);
			inputPaths = (
				"${SRCROOT}/Pods/Target Support Files/Pods-WatchApp Extension/Pods-WatchApp Extension-frameworks.sh",
				"${BUILT_PRODUCTS_DIR}/RxCocoa-watchOS/RxCocoa.framework",
				"${BUILT_PRODUCTS_DIR}/RxSwift-watchOS/RxSwift.framework",
				"${BUILT_PRODUCTS_DIR}/SwiftSoup-watchOS/SwiftSoup.framework",
				"${BUILT_PRODUCTS_DIR}/TartuWeatherProvider-watchOS/TartuWeatherProvider.framework",
			);
			name = "[CP] Embed Pods Frameworks";
			outputPaths = (
				"${TARGET_BUILD_DIR}/${FRAMEWORKS_FOLDER_PATH}/RxCocoa.framework",
				"${TARGET_BUILD_DIR}/${FRAMEWORKS_FOLDER_PATH}/RxSwift.framework",
				"${TARGET_BUILD_DIR}/${FRAMEWORKS_FOLDER_PATH}/SwiftSoup.framework",
				"${TARGET_BUILD_DIR}/${FRAMEWORKS_FOLDER_PATH}/TartuWeatherProvider.framework",
			);
			runOnlyForDeploymentPostprocessing = 0;
			shellPath = /bin/sh;
			shellScript = "\"${SRCROOT}/Pods/Target Support Files/Pods-WatchApp Extension/Pods-WatchApp Extension-frameworks.sh\"\n";
			showEnvVarsInLog = 0;
		};
		A9CF3698969723FF9E29041B /* [CP] Copy Pods Resources */ = {
			isa = PBXShellScriptBuildPhase;
			buildActionMask = 2147483647;
			files = (
			);
			inputPaths = (
			);
			name = "[CP] Copy Pods Resources";
			outputPaths = (
			);
			runOnlyForDeploymentPostprocessing = 0;
			shellPath = /bin/sh;
			shellScript = "\"${SRCROOT}/Pods/Target Support Files/Pods-meteoTartuUITests/Pods-meteoTartuUITests-resources.sh\"\n";
			showEnvVarsInLog = 0;
		};
		CF45E7B220B70DD4036BD99E /* [CP] Check Pods Manifest.lock */ = {
			isa = PBXShellScriptBuildPhase;
			buildActionMask = 2147483647;
			files = (
			);
			inputPaths = (
				"${PODS_PODFILE_DIR_PATH}/Podfile.lock",
				"${PODS_ROOT}/Manifest.lock",
			);
			name = "[CP] Check Pods Manifest.lock";
			outputPaths = (
				"$(DERIVED_FILE_DIR)/Pods-TartuWeather-checkManifestLockResult.txt",
			);
			runOnlyForDeploymentPostprocessing = 0;
			shellPath = /bin/sh;
			shellScript = "diff \"${PODS_PODFILE_DIR_PATH}/Podfile.lock\" \"${PODS_ROOT}/Manifest.lock\" > /dev/null\nif [ $? != 0 ] ; then\n    # print error to STDERR\n    echo \"error: The sandbox is not in sync with the Podfile.lock. Run 'pod install' or update your CocoaPods installation.\" >&2\n    exit 1\nfi\n# This output is used by Xcode 'outputs' to avoid re-running this script phase.\necho \"SUCCESS\" > \"${SCRIPT_OUTPUT_FILE_0}\"\n";
			showEnvVarsInLog = 0;
		};
		EF7A9EFFF07ECD1A18A86C27 /* [CP] Copy Pods Resources */ = {
			isa = PBXShellScriptBuildPhase;
			buildActionMask = 2147483647;
			files = (
			);
			inputPaths = (
			);
			name = "[CP] Copy Pods Resources";
			outputPaths = (
			);
			runOnlyForDeploymentPostprocessing = 0;
			shellPath = /bin/sh;
			shellScript = "\"${SRCROOT}/Pods/Target Support Files/Pods-WatchApp Extension/Pods-WatchApp Extension-resources.sh\"\n";
			showEnvVarsInLog = 0;
		};
/* End PBXShellScriptBuildPhase section */

/* Begin PBXSourcesBuildPhase section */
		63330EAE1DCF6FBF002194A3 /* Sources */ = {
			isa = PBXSourcesBuildPhase;
			buildActionMask = 2147483647;
			files = (
				63330EB51DCF6FC0002194A3 /* meteoTartuUITests.swift in Sources */,
				63330EBD1DCF7142002194A3 /* SnapshotHelper.swift in Sources */,
			);
			runOnlyForDeploymentPostprocessing = 0;
		};
		6348B1B41C4BF55300199EE5 /* Sources */ = {
			isa = PBXSourcesBuildPhase;
			buildActionMask = 2147483647;
			files = (
				6348B1BE1C4BF55300199EE5 /* ViewController.swift in Sources */,
				6348B1BC1C4BF55300199EE5 /* AppDelegate.swift in Sources */,
				6341EAC71EF07B8800C3E8EA /* TartuWeatherViewModel.swift in Sources */,
			);
			runOnlyForDeploymentPostprocessing = 0;
		};
		6348B1CD1C4BF6AA00199EE5 /* Sources */ = {
			isa = PBXSourcesBuildPhase;
			buildActionMask = 2147483647;
			files = (
				6341EACB1EF083C300C3E8EA /* TartuWeatherViewModel.swift in Sources */,
				6348B1D71C4BF6AA00199EE5 /* TodayViewController.swift in Sources */,
			);
			runOnlyForDeploymentPostprocessing = 0;
		};
		635860B21E4767D6006E394D /* Sources */ = {
			isa = PBXSourcesBuildPhase;
			buildActionMask = 2147483647;
			files = (
				63A8D3C91F6ED7B4007480CC /* InterfaceController.swift in Sources */,
				635860C01E4767D6006E394D /* ExtensionDelegate.swift in Sources */,
				6341EACA1EF083C100C3E8EA /* TartuWeatherViewModel.swift in Sources */,
			);
			runOnlyForDeploymentPostprocessing = 0;
		};
		63A8D3F21F6EF37D007480CC /* Sources */ = {
			isa = PBXSourcesBuildPhase;
			buildActionMask = 2147483647;
			files = (
				63A8D3F91F6EF37D007480CC /* ShareViewController.swift in Sources */,
			);
			runOnlyForDeploymentPostprocessing = 0;
		};
/* End PBXSourcesBuildPhase section */

/* Begin PBXTargetDependency section */
		63330EB81DCF6FC0002194A3 /* PBXTargetDependency */ = {
			isa = PBXTargetDependency;
			target = 6348B1B71C4BF55300199EE5 /* TartuWeather */;
			targetProxy = 63330EB71DCF6FC0002194A3 /* PBXContainerItemProxy */;
		};
		6348B1DD1C4BF6AA00199EE5 /* PBXTargetDependency */ = {
			isa = PBXTargetDependency;
			target = 6348B1D01C4BF6AA00199EE5 /* TartuWeatherWidget */;
			targetProxy = 6348B1DC1C4BF6AA00199EE5 /* PBXContainerItemProxy */;
		};
		635860B91E4767D6006E394D /* PBXTargetDependency */ = {
			isa = PBXTargetDependency;
			target = 635860B51E4767D6006E394D /* WatchApp Extension */;
			targetProxy = 635860B81E4767D6006E394D /* PBXContainerItemProxy */;
		};
		635860C71E4767D6006E394D /* PBXTargetDependency */ = {
			isa = PBXTargetDependency;
			target = 635860A91E4767D5006E394D /* WatchApp */;
			targetProxy = 635860C61E4767D6006E394D /* PBXContainerItemProxy */;
		};
		63A8D3FF1F6EF37D007480CC /* PBXTargetDependency */ = {
			isa = PBXTargetDependency;
			target = 63A8D3F51F6EF37D007480CC /* TartuWeatherShareExtension */;
			targetProxy = 63A8D3FE1F6EF37D007480CC /* PBXContainerItemProxy */;
		};
/* End PBXTargetDependency section */

/* Begin PBXVariantGroup section */
		6348B1BF1C4BF55300199EE5 /* Main.storyboard */ = {
			isa = PBXVariantGroup;
			children = (
				6348B1C01C4BF55300199EE5 /* Base */,
			);
			name = Main.storyboard;
			sourceTree = "<group>";
		};
		6348B1C41C4BF55300199EE5 /* LaunchScreen.storyboard */ = {
			isa = PBXVariantGroup;
			children = (
				6348B1C51C4BF55300199EE5 /* Base */,
			);
			name = LaunchScreen.storyboard;
			sourceTree = "<group>";
		};
		6348B1D81C4BF6AA00199EE5 /* MainInterface.storyboard */ = {
			isa = PBXVariantGroup;
			children = (
				6348B1D91C4BF6AA00199EE5 /* Base */,
			);
			name = MainInterface.storyboard;
			sourceTree = "<group>";
		};
		635860AC1E4767D5006E394D /* Interface.storyboard */ = {
			isa = PBXVariantGroup;
			children = (
				635860AD1E4767D5006E394D /* Base */,
			);
			name = Interface.storyboard;
			sourceTree = "<group>";
		};
/* End PBXVariantGroup section */

/* Begin XCBuildConfiguration section */
		63330EB91DCF6FC0002194A3 /* Debug */ = {
			isa = XCBuildConfiguration;
			baseConfigurationReference = C2C750CDCFF981E9815828A7 /* Pods-meteoTartuUITests.debug.xcconfig */;
			buildSettings = {
				CLANG_ANALYZER_NONNULL = YES;
				CLANG_WARN_DOCUMENTATION_COMMENTS = YES;
				CLANG_WARN_INFINITE_RECURSION = YES;
				CLANG_WARN_SUSPICIOUS_MOVES = YES;
				"CODE_SIGN_IDENTITY[sdk=iphoneos*]" = "iPhone Developer";
				DEVELOPMENT_TEAM = 3SGNZQGS68;
				INFOPLIST_FILE = meteoTartuUITests/Info.plist;
				LD_RUNPATH_SEARCH_PATHS = "$(inherited) @executable_path/Frameworks @loader_path/Frameworks";
				PRODUCT_BUNDLE_IDENTIFIER = com.fassko.meteoTartuUITests;
				PRODUCT_NAME = "$(TARGET_NAME)";
				PROVISIONING_PROFILE = "947bac6f-af3c-4a28-9196-f81e7581008c";
				PROVISIONING_PROFILE_SPECIFIER = "match Development com.fassko.meteoTartuUITests";
				SWIFT_ACTIVE_COMPILATION_CONDITIONS = DEBUG;
				SWIFT_VERSION = 4.0;
				TEST_TARGET_NAME = TartuWeather;
			};
			name = Debug;
		};
		63330EBA1DCF6FC0002194A3 /* Release */ = {
			isa = XCBuildConfiguration;
			baseConfigurationReference = CC696C8C5F6CEF1591E74F6B /* Pods-meteoTartuUITests.release.xcconfig */;
			buildSettings = {
				CLANG_ANALYZER_NONNULL = YES;
				CLANG_WARN_DOCUMENTATION_COMMENTS = YES;
				CLANG_WARN_INFINITE_RECURSION = YES;
				CLANG_WARN_SUSPICIOUS_MOVES = YES;
				"CODE_SIGN_IDENTITY[sdk=iphoneos*]" = "iPhone Developer";
				DEVELOPMENT_TEAM = 3SGNZQGS68;
				INFOPLIST_FILE = meteoTartuUITests/Info.plist;
				LD_RUNPATH_SEARCH_PATHS = "$(inherited) @executable_path/Frameworks @loader_path/Frameworks";
				PRODUCT_BUNDLE_IDENTIFIER = com.fassko.meteoTartuUITests;
				PRODUCT_NAME = "$(TARGET_NAME)";
				PROVISIONING_PROFILE = "947bac6f-af3c-4a28-9196-f81e7581008c";
				PROVISIONING_PROFILE_SPECIFIER = "match Development com.fassko.meteoTartuUITests";
				SWIFT_OPTIMIZATION_LEVEL = "-Owholemodule";
				SWIFT_VERSION = 4.0;
				TEST_TARGET_NAME = TartuWeather;
			};
			name = Release;
		};
		6348B1C81C4BF55300199EE5 /* Debug */ = {
			isa = XCBuildConfiguration;
			buildSettings = {
				ALWAYS_EMBED_SWIFT_STANDARD_LIBRARIES = YES;
				ALWAYS_SEARCH_USER_PATHS = NO;
				CLANG_CXX_LANGUAGE_STANDARD = "gnu++0x";
				CLANG_CXX_LIBRARY = "libc++";
				CLANG_ENABLE_MODULES = YES;
				CLANG_ENABLE_OBJC_ARC = YES;
				CLANG_WARN_BOOL_CONVERSION = YES;
				CLANG_WARN_CONSTANT_CONVERSION = YES;
				CLANG_WARN_DIRECT_OBJC_ISA_USAGE = YES_ERROR;
				CLANG_WARN_EMPTY_BODY = YES;
				CLANG_WARN_ENUM_CONVERSION = YES;
				CLANG_WARN_INT_CONVERSION = YES;
				CLANG_WARN_OBJC_ROOT_CLASS = YES_ERROR;
				CLANG_WARN_UNREACHABLE_CODE = YES;
				CLANG_WARN__DUPLICATE_METHOD_MATCH = YES;
				CODE_SIGN_IDENTITY = "";
				"CODE_SIGN_IDENTITY[sdk=iphoneos*]" = "";
				COPY_PHASE_STRIP = NO;
				CURRENT_PROJECT_VERSION = 20170314.211954;
				DEBUG_INFORMATION_FORMAT = dwarf;
				EMBEDDED_CONTENT_CONTAINS_SWIFT = YES;
				ENABLE_STRICT_OBJC_MSGSEND = YES;
				ENABLE_TESTABILITY = YES;
				GCC_C_LANGUAGE_STANDARD = gnu99;
				GCC_DYNAMIC_NO_PIC = NO;
				GCC_NO_COMMON_BLOCKS = YES;
				GCC_OPTIMIZATION_LEVEL = 0;
				GCC_PREPROCESSOR_DEFINITIONS = (
					"DEBUG=1",
					"$(inherited)",
				);
				GCC_WARN_64_TO_32_BIT_CONVERSION = YES;
				GCC_WARN_ABOUT_RETURN_TYPE = YES_ERROR;
				GCC_WARN_UNDECLARED_SELECTOR = YES;
				GCC_WARN_UNINITIALIZED_AUTOS = YES_AGGRESSIVE;
				GCC_WARN_UNUSED_FUNCTION = YES;
				GCC_WARN_UNUSED_VARIABLE = YES;
				IPHONEOS_DEPLOYMENT_TARGET = 10.0;
				MTL_ENABLE_DEBUG_INFO = YES;
				ONLY_ACTIVE_ARCH = YES;
				SDKROOT = iphoneos;
				SWIFT_OPTIMIZATION_LEVEL = "-Onone";
				SWIFT_VERSION = 4.0;
				VERSIONING_SYSTEM = "apple-generic";
			};
			name = Debug;
		};
		6348B1C91C4BF55300199EE5 /* Release */ = {
			isa = XCBuildConfiguration;
			buildSettings = {
				ALWAYS_EMBED_SWIFT_STANDARD_LIBRARIES = YES;
				ALWAYS_SEARCH_USER_PATHS = NO;
				CLANG_CXX_LANGUAGE_STANDARD = "gnu++0x";
				CLANG_CXX_LIBRARY = "libc++";
				CLANG_ENABLE_MODULES = YES;
				CLANG_ENABLE_OBJC_ARC = YES;
				CLANG_WARN_BOOL_CONVERSION = YES;
				CLANG_WARN_CONSTANT_CONVERSION = YES;
				CLANG_WARN_DIRECT_OBJC_ISA_USAGE = YES_ERROR;
				CLANG_WARN_EMPTY_BODY = YES;
				CLANG_WARN_ENUM_CONVERSION = YES;
				CLANG_WARN_INT_CONVERSION = YES;
				CLANG_WARN_OBJC_ROOT_CLASS = YES_ERROR;
				CLANG_WARN_UNREACHABLE_CODE = YES;
				CLANG_WARN__DUPLICATE_METHOD_MATCH = YES;
				CODE_SIGN_IDENTITY = "iPhone Distribution: Kristaps Grinbergs (3SGNZQGS68)";
				"CODE_SIGN_IDENTITY[sdk=iphoneos*]" = "iPhone Distribution: Kristaps Grinbergs (3SGNZQGS68)";
				COPY_PHASE_STRIP = NO;
				CURRENT_PROJECT_VERSION = 20170314.211954;
				DEBUG_INFORMATION_FORMAT = "dwarf-with-dsym";
				EMBEDDED_CONTENT_CONTAINS_SWIFT = YES;
				ENABLE_NS_ASSERTIONS = NO;
				ENABLE_STRICT_OBJC_MSGSEND = YES;
				GCC_C_LANGUAGE_STANDARD = gnu99;
				GCC_NO_COMMON_BLOCKS = YES;
				GCC_WARN_64_TO_32_BIT_CONVERSION = YES;
				GCC_WARN_ABOUT_RETURN_TYPE = YES_ERROR;
				GCC_WARN_UNDECLARED_SELECTOR = YES;
				GCC_WARN_UNINITIALIZED_AUTOS = YES_AGGRESSIVE;
				GCC_WARN_UNUSED_FUNCTION = YES;
				GCC_WARN_UNUSED_VARIABLE = YES;
				IPHONEOS_DEPLOYMENT_TARGET = 10.0;
				MTL_ENABLE_DEBUG_INFO = NO;
				SDKROOT = iphoneos;
				SWIFT_VERSION = 4.0;
				VALIDATE_PRODUCT = YES;
				VERSIONING_SYSTEM = "apple-generic";
			};
			name = Release;
		};
		6348B1CB1C4BF55300199EE5 /* Debug */ = {
			isa = XCBuildConfiguration;
			baseConfigurationReference = 0EA80CC296C2C4962EC68C3A /* Pods-TartuWeather.debug.xcconfig */;
			buildSettings = {
				ALWAYS_EMBED_SWIFT_STANDARD_LIBRARIES = "$(inherited)";
				ASSETCATALOG_COMPILER_APPICON_NAME = AppIcon;
				CODE_SIGN_IDENTITY = "iPhone Developer";
				"CODE_SIGN_IDENTITY[sdk=iphoneos*]" = "iPhone Developer";
				DEFINES_MODULE = YES;
				DEVELOPMENT_TEAM = 3SGNZQGS68;
				FRAMEWORK_SEARCH_PATHS = (
					"$(inherited)",
					"$(PROJECT_DIR)",
				);
				INFOPLIST_FILE = TartuWeather/Info.plist;
				IPHONEOS_DEPLOYMENT_TARGET = 10.0;
				LD_RUNPATH_SEARCH_PATHS = "$(inherited) @executable_path/Frameworks";
				PRODUCT_BUNDLE_IDENTIFIER = com.fassko.TartuWeather;
				PRODUCT_NAME = "$(TARGET_NAME)";
				PROVISIONING_PROFILE = "4ff1016f-feae-4120-8d98-78baeac805d2";
				PROVISIONING_PROFILE_SPECIFIER = "match Development com.fassko.TartuWeather";
				SWIFT_VERSION = 4.0;
			};
			name = Debug;
		};
		6348B1CC1C4BF55300199EE5 /* Release */ = {
			isa = XCBuildConfiguration;
			baseConfigurationReference = E13A67CA751911AB6B77F3CF /* Pods-TartuWeather.release.xcconfig */;
			buildSettings = {
				ALWAYS_EMBED_SWIFT_STANDARD_LIBRARIES = "$(inherited)";
				ASSETCATALOG_COMPILER_APPICON_NAME = AppIcon;
				"CODE_SIGN_IDENTITY[sdk=iphoneos*]" = "iPhone Distribution";
				DEFINES_MODULE = YES;
				DEVELOPMENT_TEAM = 3SGNZQGS68;
				FRAMEWORK_SEARCH_PATHS = (
					"$(inherited)",
					"$(PROJECT_DIR)",
				);
				INFOPLIST_FILE = TartuWeather/Info.plist;
				IPHONEOS_DEPLOYMENT_TARGET = 10.0;
				LD_RUNPATH_SEARCH_PATHS = "$(inherited) @executable_path/Frameworks";
				PRODUCT_BUNDLE_IDENTIFIER = com.fassko.TartuWeather;
				PRODUCT_NAME = "$(TARGET_NAME)";
				PROVISIONING_PROFILE = "62333921-9767-4453-84d8-aa577b08da96";
				PROVISIONING_PROFILE_SPECIFIER = "match AppStore com.fassko.TartuWeather";
				SWIFT_VERSION = 4.0;
			};
			name = Release;
		};
		6348B1DF1C4BF6AA00199EE5 /* Debug */ = {
			isa = XCBuildConfiguration;
			baseConfigurationReference = E25ADD877425D912A9D24323 /* Pods-TartuWeatherWidget.debug.xcconfig */;
			buildSettings = {
				ALWAYS_EMBED_SWIFT_STANDARD_LIBRARIES = NO;
				"CODE_SIGN_IDENTITY[sdk=iphoneos*]" = "iPhone Developer";
				DEFINES_MODULE = YES;
				DEVELOPMENT_TEAM = 3SGNZQGS68;
				FRAMEWORK_SEARCH_PATHS = "$(inherited)";
				INFOPLIST_FILE = TartuWeatherWidget/Info.plist;
				IPHONEOS_DEPLOYMENT_TARGET = 10.0;
				LD_RUNPATH_SEARCH_PATHS = "@executable_path/../../Frameworks";
				PRODUCT_BUNDLE_IDENTIFIER = com.fassko.TartuWeather.TartuWeatherWidget;
				PRODUCT_NAME = "$(TARGET_NAME)";
				PROVISIONING_PROFILE = "a0ba7df5-fd7c-439c-b75e-7d0974d968bf";
				PROVISIONING_PROFILE_SPECIFIER = "match Development com.fassko.TartuWeather.TartuWeatherWidget";
				SKIP_INSTALL = YES;
				SWIFT_VERSION = 4.0;
			};
			name = Debug;
		};
		6348B1E01C4BF6AA00199EE5 /* Release */ = {
			isa = XCBuildConfiguration;
			baseConfigurationReference = ED0DE26BEB80F546F3C79906 /* Pods-TartuWeatherWidget.release.xcconfig */;
			buildSettings = {
				ALWAYS_EMBED_SWIFT_STANDARD_LIBRARIES = NO;
				"CODE_SIGN_IDENTITY[sdk=iphoneos*]" = "iPhone Distribution";
				DEFINES_MODULE = YES;
				DEVELOPMENT_TEAM = 3SGNZQGS68;
				FRAMEWORK_SEARCH_PATHS = "$(inherited)";
				INFOPLIST_FILE = TartuWeatherWidget/Info.plist;
				IPHONEOS_DEPLOYMENT_TARGET = 10.0;
				LD_RUNPATH_SEARCH_PATHS = "@executable_path/../../Frameworks";
				PRODUCT_BUNDLE_IDENTIFIER = com.fassko.TartuWeather.TartuWeatherWidget;
				PRODUCT_NAME = "$(TARGET_NAME)";
				PROVISIONING_PROFILE = "833bcec3-77a3-4af7-bcf0-67b5ca55a532";
				PROVISIONING_PROFILE_SPECIFIER = "match AppStore com.fassko.TartuWeather.TartuWeatherWidget";
				SKIP_INSTALL = YES;
				SWIFT_VERSION = 4.0;
			};
			name = Release;
		};
		635860C91E4767D6006E394D /* Debug */ = {
			isa = XCBuildConfiguration;
			buildSettings = {
				ALWAYS_EMBED_SWIFT_STANDARD_LIBRARIES = NO;
				ASSETCATALOG_COMPILER_APPICON_NAME = AppIconWatch;
				CLANG_ANALYZER_NONNULL = YES;
				CLANG_WARN_DOCUMENTATION_COMMENTS = YES;
				CLANG_WARN_INFINITE_RECURSION = YES;
				CLANG_WARN_SUSPICIOUS_MOVE = YES;
				"CODE_SIGN_IDENTITY[sdk=watchos*]" = "iPhone Developer";
				DEVELOPMENT_TEAM = 3SGNZQGS68;
				IBSC_MODULE = WatchApp_Extension;
				INFOPLIST_FILE = WatchApp/Info.plist;
				PRODUCT_BUNDLE_IDENTIFIER = com.fassko.TartuWeather.watchkitapp;
				PRODUCT_NAME = "$(TARGET_NAME)";
				PROVISIONING_PROFILE = "a2478c99-4a5b-48ee-83fb-a44b7aec2daf";
				PROVISIONING_PROFILE_SPECIFIER = "match Development com.fassko.TartuWeather.watchkitapp";
				SDKROOT = watchos;
				SKIP_INSTALL = YES;
				SWIFT_ACTIVE_COMPILATION_CONDITIONS = DEBUG;
				SWIFT_VERSION = 3.0;
				TARGETED_DEVICE_FAMILY = 4;
				WATCHOS_DEPLOYMENT_TARGET = 3.1;
			};
			name = Debug;
		};
		635860CA1E4767D6006E394D /* Release */ = {
			isa = XCBuildConfiguration;
			buildSettings = {
				ALWAYS_EMBED_SWIFT_STANDARD_LIBRARIES = NO;
				ASSETCATALOG_COMPILER_APPICON_NAME = AppIconWatch;
				CLANG_ANALYZER_NONNULL = YES;
				CLANG_WARN_DOCUMENTATION_COMMENTS = YES;
				CLANG_WARN_INFINITE_RECURSION = YES;
				CLANG_WARN_SUSPICIOUS_MOVE = YES;
				"CODE_SIGN_IDENTITY[sdk=watchos*]" = "iPhone Distribution";
				DEVELOPMENT_TEAM = 3SGNZQGS68;
				IBSC_MODULE = WatchApp_Extension;
				INFOPLIST_FILE = WatchApp/Info.plist;
				PRODUCT_BUNDLE_IDENTIFIER = com.fassko.TartuWeather.watchkitapp;
				PRODUCT_NAME = "$(TARGET_NAME)";
				PROVISIONING_PROFILE = "014910b9-a7a8-4153-b36a-78085c3d8865";
				PROVISIONING_PROFILE_SPECIFIER = "match AppStore com.fassko.TartuWeather.watchkitapp";
				SDKROOT = watchos;
				SKIP_INSTALL = YES;
				SWIFT_OPTIMIZATION_LEVEL = "-Owholemodule";
				SWIFT_VERSION = 3.0;
				TARGETED_DEVICE_FAMILY = 4;
				WATCHOS_DEPLOYMENT_TARGET = 3.1;
			};
			name = Release;
		};
		635860CB1E4767D6006E394D /* Debug */ = {
			isa = XCBuildConfiguration;
			baseConfigurationReference = 9C9CD73F3BA5DCDFB6E994FF /* Pods-WatchApp Extension.debug.xcconfig */;
			buildSettings = {
				ALWAYS_EMBED_SWIFT_STANDARD_LIBRARIES = YES;
				ASSETCATALOG_COMPILER_COMPLICATION_NAME = Complication;
				CLANG_ANALYZER_NONNULL = YES;
				CLANG_WARN_DOCUMENTATION_COMMENTS = YES;
				CLANG_WARN_INFINITE_RECURSION = YES;
				CLANG_WARN_SUSPICIOUS_MOVE = YES;
				"CODE_SIGN_IDENTITY[sdk=watchos*]" = "iPhone Developer";
				DEVELOPMENT_TEAM = 3SGNZQGS68;
				EMBEDDED_CONTENT_CONTAINS_SWIFT = NO;
				INFOPLIST_FILE = "WatchApp Extension/Info.plist";
				LD_RUNPATH_SEARCH_PATHS = "$(inherited) @executable_path/Frameworks @executable_path/../../Frameworks";
				PRODUCT_BUNDLE_IDENTIFIER = com.fassko.TartuWeather.watchkitapp.watchkitextension;
				PRODUCT_NAME = "${TARGET_NAME}";
				PROVISIONING_PROFILE = "421cd319-c132-4202-a24d-23142494f2f9";
				PROVISIONING_PROFILE_SPECIFIER = "match Development com.fassko.TartuWeather.watchkitapp.watchkitextension";
				SDKROOT = watchos;
				SKIP_INSTALL = YES;
				SWIFT_ACTIVE_COMPILATION_CONDITIONS = DEBUG;
				SWIFT_VERSION = 4.0;
				TARGETED_DEVICE_FAMILY = 4;
				WATCHOS_DEPLOYMENT_TARGET = 3.1;
			};
			name = Debug;
		};
		635860CC1E4767D6006E394D /* Release */ = {
			isa = XCBuildConfiguration;
			baseConfigurationReference = 4BBBA1784059F14EFEA9383C /* Pods-WatchApp Extension.release.xcconfig */;
			buildSettings = {
				ALWAYS_EMBED_SWIFT_STANDARD_LIBRARIES = YES;
				ASSETCATALOG_COMPILER_COMPLICATION_NAME = Complication;
				CLANG_ANALYZER_NONNULL = YES;
				CLANG_WARN_DOCUMENTATION_COMMENTS = YES;
				CLANG_WARN_INFINITE_RECURSION = YES;
				CLANG_WARN_SUSPICIOUS_MOVE = YES;
				"CODE_SIGN_IDENTITY[sdk=watchos*]" = "iPhone Distribution";
				DEVELOPMENT_TEAM = 3SGNZQGS68;
				EMBEDDED_CONTENT_CONTAINS_SWIFT = NO;
				INFOPLIST_FILE = "WatchApp Extension/Info.plist";
				LD_RUNPATH_SEARCH_PATHS = "$(inherited) @executable_path/Frameworks @executable_path/../../Frameworks";
				PRODUCT_BUNDLE_IDENTIFIER = com.fassko.TartuWeather.watchkitapp.watchkitextension;
				PRODUCT_NAME = "${TARGET_NAME}";
				PROVISIONING_PROFILE = "11e4f6c6-2d14-40d7-99fb-9dc0acce2a0c";
				PROVISIONING_PROFILE_SPECIFIER = "match AppStore com.fassko.TartuWeather.watchkitapp.watchkitextension";
				SDKROOT = watchos;
				SKIP_INSTALL = YES;
				SWIFT_OPTIMIZATION_LEVEL = "-Owholemodule";
				SWIFT_VERSION = 4.0;
				TARGETED_DEVICE_FAMILY = 4;
				WATCHOS_DEPLOYMENT_TARGET = 3.1;
			};
			name = Release;
		};
		63A8D4021F6EF37D007480CC /* Debug */ = {
			isa = XCBuildConfiguration;
			buildSettings = {
				ALWAYS_EMBED_SWIFT_STANDARD_LIBRARIES = NO;
				CLANG_ANALYZER_NONNULL = YES;
				CLANG_ANALYZER_NUMBER_OBJECT_CONVERSION = YES_AGGRESSIVE;
				CLANG_CXX_LANGUAGE_STANDARD = "gnu++14";
				CLANG_WARN_BLOCK_CAPTURE_AUTORELEASING = YES;
				CLANG_WARN_COMMA = YES;
				CLANG_WARN_DOCUMENTATION_COMMENTS = YES;
				CLANG_WARN_INFINITE_RECURSION = YES;
				CLANG_WARN_NON_LITERAL_NULL_CONVERSION = YES;
				CLANG_WARN_OBJC_LITERAL_CONVERSION = YES;
				CLANG_WARN_RANGE_LOOP_ANALYSIS = YES;
				CLANG_WARN_STRICT_PROTOTYPES = YES;
				CLANG_WARN_SUSPICIOUS_MOVE = YES;
				CLANG_WARN_UNGUARDED_AVAILABILITY = YES_AGGRESSIVE;
				CODE_SIGN_IDENTITY = "iPhone Developer";
				"CODE_SIGN_IDENTITY[sdk=iphoneos*]" = "iPhone Developer";
				CODE_SIGN_STYLE = Manual;
				DEVELOPMENT_TEAM = 3SGNZQGS68;
				EMBEDDED_CONTENT_CONTAINS_SWIFT = NO;
				GCC_C_LANGUAGE_STANDARD = gnu11;
				INFOPLIST_FILE = TartuWeatherShareExtension/Info.plist;
				IPHONEOS_DEPLOYMENT_TARGET = 11.0;
				LD_RUNPATH_SEARCH_PATHS = "$(inherited) @executable_path/Frameworks @executable_path/../../Frameworks";
				PRODUCT_BUNDLE_IDENTIFIER = com.fassko.TartuWeather.TartuWeatherShareExtension;
				PRODUCT_NAME = "$(TARGET_NAME)";
				PROVISIONING_PROFILE = "c8dffd83-0a6c-44da-8d82-c86d7bcafc11";
				PROVISIONING_PROFILE_SPECIFIER = "match Development com.fassko.TartuWeather.TartuWeatherShareExtension";
				SKIP_INSTALL = YES;
				SWIFT_ACTIVE_COMPILATION_CONDITIONS = DEBUG;
				SWIFT_VERSION = 4.0;
				TARGETED_DEVICE_FAMILY = "1,2";
			};
			name = Debug;
		};
		63A8D4031F6EF37D007480CC /* Release */ = {
			isa = XCBuildConfiguration;
			buildSettings = {
				ALWAYS_EMBED_SWIFT_STANDARD_LIBRARIES = NO;
				CLANG_ANALYZER_NONNULL = YES;
				CLANG_ANALYZER_NUMBER_OBJECT_CONVERSION = YES_AGGRESSIVE;
				CLANG_CXX_LANGUAGE_STANDARD = "gnu++14";
				CLANG_WARN_BLOCK_CAPTURE_AUTORELEASING = YES;
				CLANG_WARN_COMMA = YES;
				CLANG_WARN_DOCUMENTATION_COMMENTS = YES;
				CLANG_WARN_INFINITE_RECURSION = YES;
				CLANG_WARN_NON_LITERAL_NULL_CONVERSION = YES;
				CLANG_WARN_OBJC_LITERAL_CONVERSION = YES;
				CLANG_WARN_RANGE_LOOP_ANALYSIS = YES;
				CLANG_WARN_STRICT_PROTOTYPES = YES;
				CLANG_WARN_SUSPICIOUS_MOVE = YES;
				CLANG_WARN_UNGUARDED_AVAILABILITY = YES_AGGRESSIVE;
				CODE_SIGN_IDENTITY = "iPhone Distribution: Kristaps Grinbergs (3SGNZQGS68)";
				"CODE_SIGN_IDENTITY[sdk=iphoneos*]" = "iPhone Distribution: Kristaps Grinbergs (3SGNZQGS68)";
				CODE_SIGN_STYLE = Manual;
				DEVELOPMENT_TEAM = 3SGNZQGS68;
				EMBEDDED_CONTENT_CONTAINS_SWIFT = NO;
				GCC_C_LANGUAGE_STANDARD = gnu11;
				INFOPLIST_FILE = TartuWeatherShareExtension/Info.plist;
				IPHONEOS_DEPLOYMENT_TARGET = 11.0;
				LD_RUNPATH_SEARCH_PATHS = "$(inherited) @executable_path/Frameworks @executable_path/../../Frameworks";
				PRODUCT_BUNDLE_IDENTIFIER = com.fassko.TartuWeather.TartuWeatherShareExtension;
				PRODUCT_NAME = "$(TARGET_NAME)";
				PROVISIONING_PROFILE = "3b7f0acc-35e6-491c-877f-36a062057413";
				PROVISIONING_PROFILE_SPECIFIER = "match AppStore com.fassko.TartuWeather.TartuWeatherShareExtension";
				SKIP_INSTALL = YES;
				SWIFT_OPTIMIZATION_LEVEL = "-Owholemodule";
				SWIFT_VERSION = 4.0;
				TARGETED_DEVICE_FAMILY = "1,2";
			};
			name = Release;
		};
/* End XCBuildConfiguration section */

/* Begin XCConfigurationList section */
		63330EBB1DCF6FC0002194A3 /* Build configuration list for PBXNativeTarget "meteoTartuUITests" */ = {
			isa = XCConfigurationList;
			buildConfigurations = (
				63330EB91DCF6FC0002194A3 /* Debug */,
				63330EBA1DCF6FC0002194A3 /* Release */,
			);
			defaultConfigurationIsVisible = 0;
			defaultConfigurationName = Release;
		};
		6348B1B31C4BF55300199EE5 /* Build configuration list for PBXProject "TartuWeather" */ = {
			isa = XCConfigurationList;
			buildConfigurations = (
				6348B1C81C4BF55300199EE5 /* Debug */,
				6348B1C91C4BF55300199EE5 /* Release */,
			);
			defaultConfigurationIsVisible = 0;
			defaultConfigurationName = Release;
		};
		6348B1CA1C4BF55300199EE5 /* Build configuration list for PBXNativeTarget "TartuWeather" */ = {
			isa = XCConfigurationList;
			buildConfigurations = (
				6348B1CB1C4BF55300199EE5 /* Debug */,
				6348B1CC1C4BF55300199EE5 /* Release */,
			);
			defaultConfigurationIsVisible = 0;
			defaultConfigurationName = Release;
		};
		6348B1E11C4BF6AA00199EE5 /* Build configuration list for PBXNativeTarget "TartuWeatherWidget" */ = {
			isa = XCConfigurationList;
			buildConfigurations = (
				6348B1DF1C4BF6AA00199EE5 /* Debug */,
				6348B1E01C4BF6AA00199EE5 /* Release */,
			);
			defaultConfigurationIsVisible = 0;
			defaultConfigurationName = Release;
		};
		635860CD1E4767D6006E394D /* Build configuration list for PBXNativeTarget "WatchApp Extension" */ = {
			isa = XCConfigurationList;
			buildConfigurations = (
				635860CB1E4767D6006E394D /* Debug */,
				635860CC1E4767D6006E394D /* Release */,
			);
			defaultConfigurationIsVisible = 0;
			defaultConfigurationName = Release;
		};
		635860CF1E4767D6006E394D /* Build configuration list for PBXNativeTarget "WatchApp" */ = {
			isa = XCConfigurationList;
			buildConfigurations = (
				635860C91E4767D6006E394D /* Debug */,
				635860CA1E4767D6006E394D /* Release */,
			);
			defaultConfigurationIsVisible = 0;
			defaultConfigurationName = Release;
		};
		63A8D4011F6EF37D007480CC /* Build configuration list for PBXNativeTarget "TartuWeatherShareExtension" */ = {
			isa = XCConfigurationList;
			buildConfigurations = (
				63A8D4021F6EF37D007480CC /* Debug */,
				63A8D4031F6EF37D007480CC /* Release */,
			);
			defaultConfigurationIsVisible = 0;
			defaultConfigurationName = Release;
		};
/* End XCConfigurationList section */
	};
	rootObject = 6348B1B01C4BF55300199EE5 /* Project object */;
}
