PODS:
  - Alamofire (4.5.0)
  - AlamofireImage (3.2.0):
    - Alamofire (~> 4.1)
  - Crashlytics (3.8.5):
    - Fabric (~> 1.6.3)
  - Fabric (1.6.12)
  - Nimble (7.0.1)
  - NSObject+Rx (2.3.0):
    - RxSwift (~> 3.0)
  - Quick (1.1.0)
  - RxCocoa (3.5.0):
    - RxSwift (~> 3.4)
  - RxSwift (3.5.0)
  - TartuWeatherProvider (0.1.7):
    - Alamofire (~> 4.4)
    - AlamofireImage (~> 3.2)

DEPENDENCIES:
  - Crashlytics
  - Fabric
  - Nimble
  - NSObject+Rx
  - Quick
  - RxCocoa
  - RxSwift
  - TartuWeatherProvider

SPEC CHECKSUMS:
  Alamofire: f28cdffd29de33a7bfa022cbd63ae95a27fae140
  AlamofireImage: 157ed682cc81d3b9db4fb90c1f12180ac552d93b
  Crashlytics: dfbae35ef22ca189240d230ad501feea4ee85d2d
  Fabric: f050464eac45a2ce5a8e6e6a07e977c0df32fe28
  Nimble: 657d000e11df8aebe27cdaf9d244de7f30ed87f7
  NSObject+Rx: 38170f84b948152c05c57260cb853e387a5519d1
  Quick: dafc587e21eed9f4cab3249b9f9015b0b7a7f71d
  RxCocoa: a0a09f45d0e5b48ecb6a4a7b4b4c89c88d3f633f
  RxSwift: 18ee9d78b45edb3b0b7e79916b47a116e6dbc842
  TartuWeatherProvider: 2ace2cad410a26b0f814d299c778e7f6ca8e9962

PODFILE CHECKSUM: 948cc01a078785b9591daad01175079100a46607

COCOAPODS: 1.2.1
