PODS:
  - SwiftSoup (2.2.1)
  - TartuWeatherProvider (0.5.2):
    - SwiftSoup (~> 2.2)

DEPENDENCIES:
  - TartuWeatherProvider

SPEC REPOS:
  trunk:
    - SwiftSoup
    - TartuWeatherProvider

SPEC CHECKSUMS:
  SwiftSoup: a91d3c96ecb6f8f13005552ef60f9075aae4a7f3
  TartuWeatherProvider: 9661171a5c0eb720bb6d41232e4d3050ac8f6122

PODFILE CHECKSUM: fb2a2f1206d7b13afba15ac129eb9244514c5578

COCOAPODS: 1.8.3
